// !$*UTF8*$!
{
	archiveVersion = 1;
	classes = {
	};
	objectVersion = 46;
	objects = {

/* Begin PBXBuildFile section */
		532BF074160A0A6100FC860E /* SPiDLogo.jpg in Resources */ = {isa = PBXBuildFile; fileRef = 532BF073160A0A6100FC860E /* SPiDLogo.jpg */; };
		535AA9B615FF31AD00D9F52B /* SPiDClient.m in Sources */ = {isa = PBXBuildFile; fileRef = 535AA9B515FF31AD00D9F52B /* SPiDClient.m */; };
		537D21F315FF224C000ABCA6 /* Foundation.framework in Frameworks */ = {isa = PBXBuildFile; fileRef = 537D21F215FF224C000ABCA6 /* Foundation.framework */; };
		537D220215FF224C000ABCA6 /* SenTestingKit.framework in Frameworks */ = {isa = PBXBuildFile; fileRef = 537D220115FF224C000ABCA6 /* SenTestingKit.framework */; };
		537D220415FF224C000ABCA6 /* UIKit.framework in Frameworks */ = {isa = PBXBuildFile; fileRef = 537D220315FF224C000ABCA6 /* UIKit.framework */; };
		537D220515FF224C000ABCA6 /* Foundation.framework in Frameworks */ = {isa = PBXBuildFile; fileRef = 537D21F215FF224C000ABCA6 /* Foundation.framework */; };
		537D220815FF224C000ABCA6 /* libSPiDSDK.a in Frameworks */ = {isa = PBXBuildFile; fileRef = 537D21EF15FF224C000ABCA6 /* libSPiDSDK.a */; };
		537D220E15FF224C000ABCA6 /* InfoPlist.strings in Resources */ = {isa = PBXBuildFile; fileRef = 537D220C15FF224C000ABCA6 /* InfoPlist.strings */; };
		537D221115FF224C000ABCA6 /* SPiDSDKTests.m in Sources */ = {isa = PBXBuildFile; fileRef = 537D221015FF224C000ABCA6 /* SPiDSDKTests.m */; };
		537D222015FF2374000ABCA6 /* UIKit.framework in Frameworks */ = {isa = PBXBuildFile; fileRef = 537D220315FF224C000ABCA6 /* UIKit.framework */; };
		537D222115FF2374000ABCA6 /* Foundation.framework in Frameworks */ = {isa = PBXBuildFile; fileRef = 537D21F215FF224C000ABCA6 /* Foundation.framework */; };
		537D222315FF2374000ABCA6 /* CoreGraphics.framework in Frameworks */ = {isa = PBXBuildFile; fileRef = 537D222215FF2374000ABCA6 /* CoreGraphics.framework */; };
		537D222B15FF2374000ABCA6 /* main.m in Sources */ = {isa = PBXBuildFile; fileRef = 537D222A15FF2374000ABCA6 /* main.m */; };
		537D222F15FF2374000ABCA6 /* SPiDExampleAppDelegate.m in Sources */ = {isa = PBXBuildFile; fileRef = 537D222E15FF2374000ABCA6 /* SPiDExampleAppDelegate.m */; };
		537D223615FF2374000ABCA6 /* SenTestingKit.framework in Frameworks */ = {isa = PBXBuildFile; fileRef = 537D220115FF224C000ABCA6 /* SenTestingKit.framework */; };
		537D223715FF2374000ABCA6 /* UIKit.framework in Frameworks */ = {isa = PBXBuildFile; fileRef = 537D220315FF224C000ABCA6 /* UIKit.framework */; };
		537D223815FF2374000ABCA6 /* Foundation.framework in Frameworks */ = {isa = PBXBuildFile; fileRef = 537D21F215FF224C000ABCA6 /* Foundation.framework */; };
		537D224015FF2374000ABCA6 /* InfoPlist.strings in Resources */ = {isa = PBXBuildFile; fileRef = 537D223E15FF2374000ABCA6 /* InfoPlist.strings */; };
		537D224315FF2374000ABCA6 /* SPiDExampleAppTests.m in Sources */ = {isa = PBXBuildFile; fileRef = 537D224215FF2374000ABCA6 /* SPiDExampleAppTests.m */; };
		537D224C15FF23BD000ABCA6 /* SPiDSDKLoginTests.m in Sources */ = {isa = PBXBuildFile; fileRef = 537D224B15FF23BD000ABCA6 /* SPiDSDKLoginTests.m */; };
		53989FBF1607186B00CB1BDD /* SPiDLoginView.xib in Resources */ = {isa = PBXBuildFile; fileRef = 53989FBE1607186B00CB1BDD /* SPiDLoginView.xib */; };
		53989FC31607199A00CB1BDD /* SPiDLoginViewController.m in Sources */ = {isa = PBXBuildFile; fileRef = 53989FC21607199A00CB1BDD /* SPiDLoginViewController.m */; };
		53989FC5160726C900CB1BDD /* SPiDMainView.xib in Resources */ = {isa = PBXBuildFile; fileRef = 53989FC4160726C900CB1BDD /* SPiDMainView.xib */; };
		53A690ED1600B7C700ECFA5E /* SystemConfiguration.framework in Frameworks */ = {isa = PBXBuildFile; fileRef = 53A690EC1600B7C700ECFA5E /* SystemConfiguration.framework */; };
		E304E08A2EC951CAD3D1E5EB /* SPiDResponse.m in Sources */ = {isa = PBXBuildFile; fileRef = E304EDA55B1715BF5E738193 /* SPiDResponse.m */; };
		E304E0AC7DD307B5B65448E4 /* SPiDUtils.h in CopyFiles */ = {isa = PBXBuildFile; fileRef = E304E27376450C44AB802870 /* SPiDUtils.h */; };
		E304E0B5D79EFFA5427E6994 /* SPiDResponse.m in Sources */ = {isa = PBXBuildFile; fileRef = E304EDA55B1715BF5E738193 /* SPiDResponse.m */; };
		E304E0D6037916A5052F883F /* SPiDAccessToken.m in Sources */ = {isa = PBXBuildFile; fileRef = E304E9C449C522B81621B33E /* SPiDAccessToken.m */; };
		E304E1D48E71C9E712131047 /* SPiDRequest.m in Sources */ = {isa = PBXBuildFile; fileRef = E304EB249FB072F13F1947F9 /* SPiDRequest.m */; };
		E304E39CA9CD8D4F4D912D82 /* SPiDAccessToken.m in Sources */ = {isa = PBXBuildFile; fileRef = E304E9C449C522B81621B33E /* SPiDAccessToken.m */; };
		E304E65255E106B7B790EB6F /* SPiDClient.m in Sources */ = {isa = PBXBuildFile; fileRef = 535AA9B515FF31AD00D9F52B /* SPiDClient.m */; };
		E304E6876A41824E1787D0C3 /* SPiDAccessToken.h in CopyFiles */ = {isa = PBXBuildFile; fileRef = E304E84CBC42440BD70D5DE3 /* SPiDAccessToken.h */; };
		E304E6CE390767859B6A31AB /* Security.framework in Frameworks */ = {isa = PBXBuildFile; fileRef = E304ECEC953C2E9C143FD9E2 /* Security.framework */; };
		E304E6DEFC56FB37971BDFC4 /* SPiDUtils.m in Sources */ = {isa = PBXBuildFile; fileRef = E304E682B974C240DE9BC5E1 /* SPiDUtils.m */; };
		E304E7872BB1D45953704EE5 /* SPiDConstants.h in CopyFiles */ = {isa = PBXBuildFile; fileRef = E304EB694A6337B4A97E8779 /* SPiDConstants.h */; };
		E304E8B07F0AB36216D2DCF4 /* SPiDMainViewController.m in Sources */ = {isa = PBXBuildFile; fileRef = E304EA067760998928321774 /* SPiDMainViewController.m */; };
		E304EA1BDEB35A07C930E74D /* SPiDAuthorizationRequest.m in Sources */ = {isa = PBXBuildFile; fileRef = E304EBBE8E785BB3E2CF9D26 /* SPiDAuthorizationRequest.m */; };
		E304EA7F7E97D986311BD8BD /* SPiDResponse.h in CopyFiles */ = {isa = PBXBuildFile; fileRef = E304E74CE552DDD7DA85CADB /* SPiDResponse.h */; };
		E304EB003F1651870D51980A /* SPiDRequest.h in CopyFiles */ = {isa = PBXBuildFile; fileRef = E304E29BE892318CE0CCF648 /* SPiDRequest.h */; };
		E304EC48AB115EA9F88948A4 /* SPiDRequest.m in Sources */ = {isa = PBXBuildFile; fileRef = E304EB249FB072F13F1947F9 /* SPiDRequest.m */; };
		E304ECB0B148F9752A1A638B /* SPiDUtils.m in Sources */ = {isa = PBXBuildFile; fileRef = E304E682B974C240DE9BC5E1 /* SPiDUtils.m */; };
		E304EEA60D8FA9A7D0FC3296 /* SPiDConstants.m in Sources */ = {isa = PBXBuildFile; fileRef = E304E7E1D8AB4EFA3D56000E /* SPiDConstants.m */; };
		E304EF832C7AA71DD356B2E6 /* SPiDAuthorizationRequest.h in CopyFiles */ = {isa = PBXBuildFile; fileRef = E304E6890F6FC039FC1AECCB /* SPiDAuthorizationRequest.h */; };
		E304EFAA285132C8F5AEACFD /* SPiDAuthorizationRequest.m in Sources */ = {isa = PBXBuildFile; fileRef = E304EBBE8E785BB3E2CF9D26 /* SPiDAuthorizationRequest.m */; };
/* End PBXBuildFile section */

/* Begin PBXContainerItemProxy section */
		537D220615FF224C000ABCA6 /* PBXContainerItemProxy */ = {
			isa = PBXContainerItemProxy;
			containerPortal = 537D21E615FF224C000ABCA6 /* Project object */;
			proxyType = 1;
			remoteGlobalIDString = 537D21EE15FF224C000ABCA6;
			remoteInfo = SPiDSDK;
		};
		537D223915FF2374000ABCA6 /* PBXContainerItemProxy */ = {
			isa = PBXContainerItemProxy;
			containerPortal = 537D21E615FF224C000ABCA6 /* Project object */;
			proxyType = 1;
			remoteGlobalIDString = 537D221D15FF2374000ABCA6;
			remoteInfo = SPiDExampleApp;
		};
/* End PBXContainerItemProxy section */

/* Begin PBXCopyFilesBuildPhase section */
		537D21ED15FF224C000ABCA6 /* CopyFiles */ = {
			isa = PBXCopyFilesBuildPhase;
			buildActionMask = 2147483647;
			dstPath = "include/${PRODUCT_NAME}";
			dstSubfolderSpec = 16;
			files = (
				E304E0AC7DD307B5B65448E4 /* SPiDUtils.h in CopyFiles */,
				E304EB003F1651870D51980A /* SPiDRequest.h in CopyFiles */,
				E304EA7F7E97D986311BD8BD /* SPiDResponse.h in CopyFiles */,
				E304E7872BB1D45953704EE5 /* SPiDConstants.h in CopyFiles */,
				E304EF832C7AA71DD356B2E6 /* SPiDAuthorizationRequest.h in CopyFiles */,
				E304E6876A41824E1787D0C3 /* SPiDAccessToken.h in CopyFiles */,
			);
			runOnlyForDeploymentPostprocessing = 0;
		};
/* End PBXCopyFilesBuildPhase section */

/* Begin PBXFileReference section */
		532BF073160A0A6100FC860E /* SPiDLogo.jpg */ = {isa = PBXFileReference; lastKnownFileType = image.jpeg; path = SPiDLogo.jpg; sourceTree = "<group>"; };
		535AA9B415FF31AD00D9F52B /* SPiDClient.h */ = {isa = PBXFileReference; fileEncoding = 4; lastKnownFileType = sourcecode.c.h; path = SPiDClient.h; sourceTree = "<group>"; };
		535AA9B515FF31AD00D9F52B /* SPiDClient.m */ = {isa = PBXFileReference; fileEncoding = 4; lastKnownFileType = sourcecode.c.objc; path = SPiDClient.m; sourceTree = "<group>"; };
		537D21EF15FF224C000ABCA6 /* libSPiDSDK.a */ = {isa = PBXFileReference; explicitFileType = archive.ar; includeInIndex = 0; path = libSPiDSDK.a; sourceTree = BUILT_PRODUCTS_DIR; };
		537D21F215FF224C000ABCA6 /* Foundation.framework */ = {isa = PBXFileReference; lastKnownFileType = wrapper.framework; name = Foundation.framework; path = System/Library/Frameworks/Foundation.framework; sourceTree = SDKROOT; };
		537D21F615FF224C000ABCA6 /* SPiDSDK-Prefix.pch */ = {isa = PBXFileReference; lastKnownFileType = sourcecode.c.h; path = "SPiDSDK-Prefix.pch"; sourceTree = "<group>"; };
		537D220015FF224C000ABCA6 /* SPiDSDKTests.octest */ = {isa = PBXFileReference; explicitFileType = wrapper.cfbundle; includeInIndex = 0; path = SPiDSDKTests.octest; sourceTree = BUILT_PRODUCTS_DIR; };
		537D220115FF224C000ABCA6 /* SenTestingKit.framework */ = {isa = PBXFileReference; lastKnownFileType = wrapper.framework; name = SenTestingKit.framework; path = Library/Frameworks/SenTestingKit.framework; sourceTree = DEVELOPER_DIR; };
		537D220315FF224C000ABCA6 /* UIKit.framework */ = {isa = PBXFileReference; lastKnownFileType = wrapper.framework; name = UIKit.framework; path = Library/Frameworks/UIKit.framework; sourceTree = DEVELOPER_DIR; };
		537D220B15FF224C000ABCA6 /* SPiDSDKTests-Info.plist */ = {isa = PBXFileReference; lastKnownFileType = text.plist.xml; path = "SPiDSDKTests-Info.plist"; sourceTree = "<group>"; };
		537D220D15FF224C000ABCA6 /* en */ = {isa = PBXFileReference; lastKnownFileType = text.plist.strings; name = en; path = en.lproj/InfoPlist.strings; sourceTree = "<group>"; };
		537D220F15FF224C000ABCA6 /* SPiDSDKTests.h */ = {isa = PBXFileReference; lastKnownFileType = sourcecode.c.h; path = SPiDSDKTests.h; sourceTree = "<group>"; };
		537D221015FF224C000ABCA6 /* SPiDSDKTests.m */ = {isa = PBXFileReference; lastKnownFileType = sourcecode.c.objc; path = SPiDSDKTests.m; sourceTree = "<group>"; };
		537D221E15FF2374000ABCA6 /* SPiDExampleApp.app */ = {isa = PBXFileReference; explicitFileType = wrapper.application; includeInIndex = 0; path = SPiDExampleApp.app; sourceTree = BUILT_PRODUCTS_DIR; };
		537D222215FF2374000ABCA6 /* CoreGraphics.framework */ = {isa = PBXFileReference; lastKnownFileType = wrapper.framework; name = CoreGraphics.framework; path = System/Library/Frameworks/CoreGraphics.framework; sourceTree = SDKROOT; };
		537D222615FF2374000ABCA6 /* SPiDExampleApp-Info.plist */ = {isa = PBXFileReference; lastKnownFileType = text.plist.xml; path = "SPiDExampleApp-Info.plist"; sourceTree = "<group>"; };
		537D222A15FF2374000ABCA6 /* main.m */ = {isa = PBXFileReference; lastKnownFileType = sourcecode.c.objc; path = main.m; sourceTree = "<group>"; };
		537D222C15FF2374000ABCA6 /* SPiDExampleApp-Prefix.pch */ = {isa = PBXFileReference; lastKnownFileType = sourcecode.c.h; path = "SPiDExampleApp-Prefix.pch"; sourceTree = "<group>"; };
		537D222D15FF2374000ABCA6 /* SPiDExampleAppDelegate.h */ = {isa = PBXFileReference; lastKnownFileType = sourcecode.c.h; path = SPiDExampleAppDelegate.h; sourceTree = "<group>"; };
		537D222E15FF2374000ABCA6 /* SPiDExampleAppDelegate.m */ = {isa = PBXFileReference; lastKnownFileType = sourcecode.c.objc; path = SPiDExampleAppDelegate.m; sourceTree = "<group>"; };
		537D223515FF2374000ABCA6 /* SPiDExampleAppTests.octest */ = {isa = PBXFileReference; explicitFileType = wrapper.cfbundle; includeInIndex = 0; path = SPiDExampleAppTests.octest; sourceTree = BUILT_PRODUCTS_DIR; };
		537D223D15FF2374000ABCA6 /* SPiDExampleAppTests-Info.plist */ = {isa = PBXFileReference; lastKnownFileType = text.plist.xml; path = "SPiDExampleAppTests-Info.plist"; sourceTree = "<group>"; };
		537D223F15FF2374000ABCA6 /* en */ = {isa = PBXFileReference; lastKnownFileType = text.plist.strings; name = en; path = en.lproj/InfoPlist.strings; sourceTree = "<group>"; };
		537D224115FF2374000ABCA6 /* SPiDExampleAppTests.h */ = {isa = PBXFileReference; lastKnownFileType = sourcecode.c.h; path = SPiDExampleAppTests.h; sourceTree = "<group>"; };
		537D224215FF2374000ABCA6 /* SPiDExampleAppTests.m */ = {isa = PBXFileReference; lastKnownFileType = sourcecode.c.objc; path = SPiDExampleAppTests.m; sourceTree = "<group>"; };
		537D224A15FF23BD000ABCA6 /* SPiDSDKLoginTests.h */ = {isa = PBXFileReference; fileEncoding = 4; lastKnownFileType = sourcecode.c.h; name = SPiDSDKLoginTests.h; path = ../../SPiDSDK_old/SPiDSDKTests/SPiDSDKLoginTests.h; sourceTree = "<group>"; };
		537D224B15FF23BD000ABCA6 /* SPiDSDKLoginTests.m */ = {isa = PBXFileReference; fileEncoding = 4; lastKnownFileType = sourcecode.c.objc; name = SPiDSDKLoginTests.m; path = ../../SPiDSDK_old/SPiDSDKTests/SPiDSDKLoginTests.m; sourceTree = "<group>"; };
		53989FBE1607186B00CB1BDD /* SPiDLoginView.xib */ = {isa = PBXFileReference; fileEncoding = 4; lastKnownFileType = file.xib; path = SPiDLoginView.xib; sourceTree = "<group>"; };
		53989FC11607199A00CB1BDD /* SPiDLoginViewController.h */ = {isa = PBXFileReference; fileEncoding = 4; lastKnownFileType = sourcecode.c.h; path = SPiDLoginViewController.h; sourceTree = "<group>"; };
		53989FC21607199A00CB1BDD /* SPiDLoginViewController.m */ = {isa = PBXFileReference; fileEncoding = 4; lastKnownFileType = sourcecode.c.objc; path = SPiDLoginViewController.m; sourceTree = "<group>"; };
		53989FC4160726C900CB1BDD /* SPiDMainView.xib */ = {isa = PBXFileReference; fileEncoding = 4; lastKnownFileType = file.xib; path = SPiDMainView.xib; sourceTree = "<group>"; };
		53A690EC1600B7C700ECFA5E /* SystemConfiguration.framework */ = {isa = PBXFileReference; lastKnownFileType = wrapper.framework; name = SystemConfiguration.framework; path = System/Library/Frameworks/SystemConfiguration.framework; sourceTree = SDKROOT; };
		E304E27376450C44AB802870 /* SPiDUtils.h */ = {isa = PBXFileReference; fileEncoding = 4; lastKnownFileType = sourcecode.c.h; path = SPiDUtils.h; sourceTree = "<group>"; };
		E304E29BE892318CE0CCF648 /* SPiDRequest.h */ = {isa = PBXFileReference; fileEncoding = 4; lastKnownFileType = sourcecode.c.h; path = SPiDRequest.h; sourceTree = "<group>"; };
		E304E682B974C240DE9BC5E1 /* SPiDUtils.m */ = {isa = PBXFileReference; fileEncoding = 4; lastKnownFileType = sourcecode.c.objc; path = SPiDUtils.m; sourceTree = "<group>"; };
		E304E6890F6FC039FC1AECCB /* SPiDAuthorizationRequest.h */ = {isa = PBXFileReference; fileEncoding = 4; lastKnownFileType = sourcecode.c.h; path = SPiDAuthorizationRequest.h; sourceTree = "<group>"; };
		E304E74CE552DDD7DA85CADB /* SPiDResponse.h */ = {isa = PBXFileReference; fileEncoding = 4; lastKnownFileType = sourcecode.c.h; path = SPiDResponse.h; sourceTree = "<group>"; };
		E304E7E1D8AB4EFA3D56000E /* SPiDConstants.m */ = {isa = PBXFileReference; fileEncoding = 4; lastKnownFileType = sourcecode.c.objc; path = SPiDConstants.m; sourceTree = "<group>"; };
		E304E84CBC42440BD70D5DE3 /* SPiDAccessToken.h */ = {isa = PBXFileReference; fileEncoding = 4; lastKnownFileType = sourcecode.c.h; path = SPiDAccessToken.h; sourceTree = "<group>"; };
		E304E9C449C522B81621B33E /* SPiDAccessToken.m */ = {isa = PBXFileReference; fileEncoding = 4; lastKnownFileType = sourcecode.c.objc; path = SPiDAccessToken.m; sourceTree = "<group>"; };
		E304EA067760998928321774 /* SPiDMainViewController.m */ = {isa = PBXFileReference; fileEncoding = 4; lastKnownFileType = sourcecode.c.objc; path = SPiDMainViewController.m; sourceTree = "<group>"; };
		E304EB249FB072F13F1947F9 /* SPiDRequest.m */ = {isa = PBXFileReference; fileEncoding = 4; lastKnownFileType = sourcecode.c.objc; path = SPiDRequest.m; sourceTree = "<group>"; };
		E304EB694A6337B4A97E8779 /* SPiDConstants.h */ = {isa = PBXFileReference; fileEncoding = 4; lastKnownFileType = sourcecode.c.h; path = SPiDConstants.h; sourceTree = "<group>"; };
		E304EBBE8E785BB3E2CF9D26 /* SPiDAuthorizationRequest.m */ = {isa = PBXFileReference; fileEncoding = 4; lastKnownFileType = sourcecode.c.objc; path = SPiDAuthorizationRequest.m; sourceTree = "<group>"; };
		E304ECEC953C2E9C143FD9E2 /* Security.framework */ = {isa = PBXFileReference; lastKnownFileType = wrapper.framework; name = Security.framework; path = System/Library/Frameworks/Security.framework; sourceTree = SDKROOT; };
		E304EDA55B1715BF5E738193 /* SPiDResponse.m */ = {isa = PBXFileReference; fileEncoding = 4; lastKnownFileType = sourcecode.c.objc; path = SPiDResponse.m; sourceTree = "<group>"; };
		E304EE911E35212A60E66C70 /* SPiDMainViewController.h */ = {isa = PBXFileReference; fileEncoding = 4; lastKnownFileType = sourcecode.c.h; path = SPiDMainViewController.h; sourceTree = "<group>"; };
/* End PBXFileReference section */

/* Begin PBXFrameworksBuildPhase section */
		537D21EC15FF224C000ABCA6 /* Frameworks */ = {
			isa = PBXFrameworksBuildPhase;
			buildActionMask = 2147483647;
			files = (
				537D21F315FF224C000ABCA6 /* Foundation.framework in Frameworks */,
			);
			runOnlyForDeploymentPostprocessing = 0;
		};
		537D21FC15FF224C000ABCA6 /* Frameworks */ = {
			isa = PBXFrameworksBuildPhase;
			buildActionMask = 2147483647;
			files = (
				537D220215FF224C000ABCA6 /* SenTestingKit.framework in Frameworks */,
				537D220415FF224C000ABCA6 /* UIKit.framework in Frameworks */,
				537D220515FF224C000ABCA6 /* Foundation.framework in Frameworks */,
				537D220815FF224C000ABCA6 /* libSPiDSDK.a in Frameworks */,
			);
			runOnlyForDeploymentPostprocessing = 0;
		};
		537D221B15FF2374000ABCA6 /* Frameworks */ = {
			isa = PBXFrameworksBuildPhase;
			buildActionMask = 2147483647;
			files = (
				53A690ED1600B7C700ECFA5E /* SystemConfiguration.framework in Frameworks */,
				537D222015FF2374000ABCA6 /* UIKit.framework in Frameworks */,
				537D222115FF2374000ABCA6 /* Foundation.framework in Frameworks */,
				537D222315FF2374000ABCA6 /* CoreGraphics.framework in Frameworks */,
				E304E6CE390767859B6A31AB /* Security.framework in Frameworks */,
			);
			runOnlyForDeploymentPostprocessing = 0;
		};
		537D223115FF2374000ABCA6 /* Frameworks */ = {
			isa = PBXFrameworksBuildPhase;
			buildActionMask = 2147483647;
			files = (
				537D223615FF2374000ABCA6 /* SenTestingKit.framework in Frameworks */,
				537D223715FF2374000ABCA6 /* UIKit.framework in Frameworks */,
				537D223815FF2374000ABCA6 /* Foundation.framework in Frameworks */,
			);
			runOnlyForDeploymentPostprocessing = 0;
		};
/* End PBXFrameworksBuildPhase section */

/* Begin PBXGroup section */
		537D21E415FF224C000ABCA6 = {
			isa = PBXGroup;
			children = (
				537D21F415FF224C000ABCA6 /* SPiDSDK */,
				537D220915FF224C000ABCA6 /* SPiDSDKTests */,
				537D222415FF2374000ABCA6 /* SPiDExampleApp */,
				537D223B15FF2374000ABCA6 /* SPiDExampleAppTests */,
				537D21F115FF224C000ABCA6 /* Frameworks */,
				537D21F015FF224C000ABCA6 /* Products */,
			);
			sourceTree = "<group>";
		};
		537D21F015FF224C000ABCA6 /* Products */ = {
			isa = PBXGroup;
			children = (
				537D21EF15FF224C000ABCA6 /* libSPiDSDK.a */,
				537D220015FF224C000ABCA6 /* SPiDSDKTests.octest */,
				537D221E15FF2374000ABCA6 /* SPiDExampleApp.app */,
				537D223515FF2374000ABCA6 /* SPiDExampleAppTests.octest */,
			);
			name = Products;
			sourceTree = "<group>";
		};
		537D21F115FF224C000ABCA6 /* Frameworks */ = {
			isa = PBXGroup;
			children = (
				E304ECEC953C2E9C143FD9E2 /* Security.framework */,
				53A690EC1600B7C700ECFA5E /* SystemConfiguration.framework */,
				537D21F215FF224C000ABCA6 /* Foundation.framework */,
				537D220115FF224C000ABCA6 /* SenTestingKit.framework */,
				537D220315FF224C000ABCA6 /* UIKit.framework */,
				537D222215FF2374000ABCA6 /* CoreGraphics.framework */,
			);
			name = Frameworks;
			sourceTree = "<group>";
		};
		537D21F415FF224C000ABCA6 /* SPiDSDK */ = {
			isa = PBXGroup;
			children = (
				E304E84CBC42440BD70D5DE3 /* SPiDAccessToken.h */,
				E304E9C449C522B81621B33E /* SPiDAccessToken.m */,
				E304E6890F6FC039FC1AECCB /* SPiDAuthorizationRequest.h */,
				E304EBBE8E785BB3E2CF9D26 /* SPiDAuthorizationRequest.m */,
				E304EB694A6337B4A97E8779 /* SPiDConstants.h */,
				E304E7E1D8AB4EFA3D56000E /* SPiDConstants.m */,
				E304EDA55B1715BF5E738193 /* SPiDResponse.m */,
				E304E74CE552DDD7DA85CADB /* SPiDResponse.h */,
				E304E29BE892318CE0CCF648 /* SPiDRequest.h */,
				E304EB249FB072F13F1947F9 /* SPiDRequest.m */,
				E304E27376450C44AB802870 /* SPiDUtils.h */,
				E304E682B974C240DE9BC5E1 /* SPiDUtils.m */,
				537D21F515FF224C000ABCA6 /* Supporting Files */,
				535AA9B415FF31AD00D9F52B /* SPiDClient.h */,
				535AA9B515FF31AD00D9F52B /* SPiDClient.m */,
			);
			path = SPiDSDK;
			sourceTree = "<group>";
		};
		537D21F515FF224C000ABCA6 /* Supporting Files */ = {
			isa = PBXGroup;
			children = (
				537D21F615FF224C000ABCA6 /* SPiDSDK-Prefix.pch */,
			);
			name = "Supporting Files";
			sourceTree = "<group>";
		};
		537D220915FF224C000ABCA6 /* SPiDSDKTests */ = {
			isa = PBXGroup;
			children = (
				537D220A15FF224C000ABCA6 /* Supporting Files */,
				537D220F15FF224C000ABCA6 /* SPiDSDKTests.h */,
				537D221015FF224C000ABCA6 /* SPiDSDKTests.m */,
				537D224A15FF23BD000ABCA6 /* SPiDSDKLoginTests.h */,
				537D224B15FF23BD000ABCA6 /* SPiDSDKLoginTests.m */,
			);
			path = SPiDSDKTests;
			sourceTree = "<group>";
		};
		537D220A15FF224C000ABCA6 /* Supporting Files */ = {
			isa = PBXGroup;
			children = (
				537D220B15FF224C000ABCA6 /* SPiDSDKTests-Info.plist */,
				537D220C15FF224C000ABCA6 /* InfoPlist.strings */,
			);
			name = "Supporting Files";
			sourceTree = "<group>";
		};
		537D222415FF2374000ABCA6 /* SPiDExampleApp */ = {
			isa = PBXGroup;
			children = (
				537D222515FF2374000ABCA6 /* Supporting Files */,
				E304EE911E35212A60E66C70 /* SPiDMainViewController.h */,
				E304EA067760998928321774 /* SPiDMainViewController.m */,
				537D222D15FF2374000ABCA6 /* SPiDExampleAppDelegate.h */,
				537D222E15FF2374000ABCA6 /* SPiDExampleAppDelegate.m */,
				53989FC11607199A00CB1BDD /* SPiDLoginViewController.h */,
				53989FC21607199A00CB1BDD /* SPiDLoginViewController.m */,
			);
			path = SPiDExampleApp;
			sourceTree = "<group>";
		};
		537D222515FF2374000ABCA6 /* Supporting Files */ = {
			isa = PBXGroup;
			children = (
				532BF073160A0A6100FC860E /* SPiDLogo.jpg */,
				537D222615FF2374000ABCA6 /* SPiDExampleApp-Info.plist */,
				537D222A15FF2374000ABCA6 /* main.m */,
				537D222C15FF2374000ABCA6 /* SPiDExampleApp-Prefix.pch */,
				53989FBE1607186B00CB1BDD /* SPiDLoginView.xib */,
				53989FC4160726C900CB1BDD /* SPiDMainView.xib */,
			);
			name = "Supporting Files";
			sourceTree = "<group>";
		};
		537D223B15FF2374000ABCA6 /* SPiDExampleAppTests */ = {
			isa = PBXGroup;
			children = (
				537D224115FF2374000ABCA6 /* SPiDExampleAppTests.h */,
				537D224215FF2374000ABCA6 /* SPiDExampleAppTests.m */,
				537D223C15FF2374000ABCA6 /* Supporting Files */,
			);
			path = SPiDExampleAppTests;
			sourceTree = "<group>";
		};
		537D223C15FF2374000ABCA6 /* Supporting Files */ = {
			isa = PBXGroup;
			children = (
				537D223D15FF2374000ABCA6 /* SPiDExampleAppTests-Info.plist */,
				537D223E15FF2374000ABCA6 /* InfoPlist.strings */,
			);
			name = "Supporting Files";
			sourceTree = "<group>";
		};
/* End PBXGroup section */

/* Begin PBXNativeTarget section */
		537D21EE15FF224C000ABCA6 /* SPiDSDK */ = {
			isa = PBXNativeTarget;
			buildConfigurationList = 537D221415FF224C000ABCA6 /* Build configuration list for PBXNativeTarget "SPiDSDK" */;
			buildPhases = (
				537D21EB15FF224C000ABCA6 /* Sources */,
				537D21EC15FF224C000ABCA6 /* Frameworks */,
				537D21ED15FF224C000ABCA6 /* CopyFiles */,
			);
			buildRules = (
			);
			dependencies = (
			);
			name = SPiDSDK;
			productName = SPiDSDK;
			productReference = 537D21EF15FF224C000ABCA6 /* libSPiDSDK.a */;
			productType = "com.apple.product-type.library.static";
		};
		537D21FF15FF224C000ABCA6 /* SPiDSDKTests */ = {
			isa = PBXNativeTarget;
			buildConfigurationList = 537D221715FF224C000ABCA6 /* Build configuration list for PBXNativeTarget "SPiDSDKTests" */;
			buildPhases = (
				537D21FB15FF224C000ABCA6 /* Sources */,
				537D21FC15FF224C000ABCA6 /* Frameworks */,
				537D21FD15FF224C000ABCA6 /* Resources */,
				537D21FE15FF224C000ABCA6 /* ShellScript */,
			);
			buildRules = (
			);
			dependencies = (
				537D220715FF224C000ABCA6 /* PBXTargetDependency */,
			);
			name = SPiDSDKTests;
			productName = SPiDSDKTests;
			productReference = 537D220015FF224C000ABCA6 /* SPiDSDKTests.octest */;
			productType = "com.apple.product-type.bundle";
		};
		537D221D15FF2374000ABCA6 /* SPiDExampleApp */ = {
			isa = PBXNativeTarget;
			buildConfigurationList = 537D224415FF2374000ABCA6 /* Build configuration list for PBXNativeTarget "SPiDExampleApp" */;
			buildPhases = (
				537D221A15FF2374000ABCA6 /* Sources */,
				537D221B15FF2374000ABCA6 /* Frameworks */,
				537D221C15FF2374000ABCA6 /* Resources */,
			);
			buildRules = (
			);
			dependencies = (
			);
			name = SPiDExampleApp;
			productName = SPiDExampleApp;
			productReference = 537D221E15FF2374000ABCA6 /* SPiDExampleApp.app */;
			productType = "com.apple.product-type.application";
		};
		537D223415FF2374000ABCA6 /* SPiDExampleAppTests */ = {
			isa = PBXNativeTarget;
			buildConfigurationList = 537D224715FF2374000ABCA6 /* Build configuration list for PBXNativeTarget "SPiDExampleAppTests" */;
			buildPhases = (
				537D223015FF2374000ABCA6 /* Sources */,
				537D223115FF2374000ABCA6 /* Frameworks */,
				537D223215FF2374000ABCA6 /* Resources */,
				537D223315FF2374000ABCA6 /* ShellScript */,
			);
			buildRules = (
			);
			dependencies = (
				537D223A15FF2374000ABCA6 /* PBXTargetDependency */,
			);
			name = SPiDExampleAppTests;
			productName = SPiDExampleAppTests;
			productReference = 537D223515FF2374000ABCA6 /* SPiDExampleAppTests.octest */;
			productType = "com.apple.product-type.bundle";
		};
/* End PBXNativeTarget section */

/* Begin PBXProject section */
		537D21E615FF224C000ABCA6 /* Project object */ = {
			isa = PBXProject;
			attributes = {
				LastUpgradeCheck = 0440;
				ORGANIZATIONNAME = "Mikael Lindström";
			};
			buildConfigurationList = 537D21E915FF224C000ABCA6 /* Build configuration list for PBXProject "SPiDSDK" */;
			compatibilityVersion = "Xcode 3.2";
			developmentRegion = English;
			hasScannedForEncodings = 0;
			knownRegions = (
				en,
			);
			mainGroup = 537D21E415FF224C000ABCA6;
			productRefGroup = 537D21F015FF224C000ABCA6 /* Products */;
			projectDirPath = "";
			projectRoot = "";
			targets = (
				537D21EE15FF224C000ABCA6 /* SPiDSDK */,
				537D21FF15FF224C000ABCA6 /* SPiDSDKTests */,
				537D221D15FF2374000ABCA6 /* SPiDExampleApp */,
				537D223415FF2374000ABCA6 /* SPiDExampleAppTests */,
			);
		};
/* End PBXProject section */

/* Begin PBXResourcesBuildPhase section */
		537D21FD15FF224C000ABCA6 /* Resources */ = {
			isa = PBXResourcesBuildPhase;
			buildActionMask = 2147483647;
			files = (
				537D220E15FF224C000ABCA6 /* InfoPlist.strings in Resources */,
			);
			runOnlyForDeploymentPostprocessing = 0;
		};
		537D221C15FF2374000ABCA6 /* Resources */ = {
			isa = PBXResourcesBuildPhase;
			buildActionMask = 2147483647;
			files = (
				53989FBF1607186B00CB1BDD /* SPiDLoginView.xib in Resources */,
				53989FC5160726C900CB1BDD /* SPiDMainView.xib in Resources */,
				532BF074160A0A6100FC860E /* SPiDLogo.jpg in Resources */,
			);
			runOnlyForDeploymentPostprocessing = 0;
		};
		537D223215FF2374000ABCA6 /* Resources */ = {
			isa = PBXResourcesBuildPhase;
			buildActionMask = 2147483647;
			files = (
				537D224015FF2374000ABCA6 /* InfoPlist.strings in Resources */,
			);
			runOnlyForDeploymentPostprocessing = 0;
		};
/* End PBXResourcesBuildPhase section */

/* Begin PBXShellScriptBuildPhase section */
		537D21FE15FF224C000ABCA6 /* ShellScript */ = {
			isa = PBXShellScriptBuildPhase;
			buildActionMask = 2147483647;
			files = (
			);
			inputPaths = (
			);
			outputPaths = (
			);
			runOnlyForDeploymentPostprocessing = 0;
			shellPath = /bin/sh;
			shellScript = "# Run the unit tests in this test bundle.\n\"${SYSTEM_DEVELOPER_DIR}/Tools/RunUnitTests\"\n";
		};
		537D223315FF2374000ABCA6 /* ShellScript */ = {
			isa = PBXShellScriptBuildPhase;
			buildActionMask = 2147483647;
			files = (
			);
			inputPaths = (
			);
			outputPaths = (
			);
			runOnlyForDeploymentPostprocessing = 0;
			shellPath = /bin/sh;
			shellScript = "# Run the unit tests in this test bundle.\n\"${SYSTEM_DEVELOPER_DIR}/Tools/RunUnitTests\"\n";
		};
/* End PBXShellScriptBuildPhase section */

/* Begin PBXSourcesBuildPhase section */
		537D21EB15FF224C000ABCA6 /* Sources */ = {
			isa = PBXSourcesBuildPhase;
			buildActionMask = 2147483647;
			files = (
				535AA9B615FF31AD00D9F52B /* SPiDClient.m in Sources */,
				E304ECB0B148F9752A1A638B /* SPiDUtils.m in Sources */,
				E304EC48AB115EA9F88948A4 /* SPiDRequest.m in Sources */,
				E304E08A2EC951CAD3D1E5EB /* SPiDResponse.m in Sources */,
				E304EEA60D8FA9A7D0FC3296 /* SPiDConstants.m in Sources */,
				E304EFAA285132C8F5AEACFD /* SPiDAuthorizationRequest.m in Sources */,
				E304E0D6037916A5052F883F /* SPiDAccessToken.m in Sources */,
			);
			runOnlyForDeploymentPostprocessing = 0;
		};
		537D21FB15FF224C000ABCA6 /* Sources */ = {
			isa = PBXSourcesBuildPhase;
			buildActionMask = 2147483647;
			files = (
				537D221115FF224C000ABCA6 /* SPiDSDKTests.m in Sources */,
				537D224C15FF23BD000ABCA6 /* SPiDSDKLoginTests.m in Sources */,
			);
			runOnlyForDeploymentPostprocessing = 0;
		};
		537D221A15FF2374000ABCA6 /* Sources */ = {
			isa = PBXSourcesBuildPhase;
			buildActionMask = 2147483647;
			files = (
				537D222B15FF2374000ABCA6 /* main.m in Sources */,
				537D222F15FF2374000ABCA6 /* SPiDExampleAppDelegate.m in Sources */,
				E304E65255E106B7B790EB6F /* SPiDClient.m in Sources */,
				E304E6DEFC56FB37971BDFC4 /* SPiDUtils.m in Sources */,
				E304E1D48E71C9E712131047 /* SPiDRequest.m in Sources */,
				53989FC31607199A00CB1BDD /* SPiDLoginViewController.m in Sources */,
				E304E8B07F0AB36216D2DCF4 /* SPiDMainViewController.m in Sources */,
				E304EA1BDEB35A07C930E74D /* SPiDAuthorizationRequest.m in Sources */,
				E304E39CA9CD8D4F4D912D82 /* SPiDAccessToken.m in Sources */,
				E304E0B5D79EFFA5427E6994 /* SPiDResponse.m in Sources */,
			);
			runOnlyForDeploymentPostprocessing = 0;
		};
		537D223015FF2374000ABCA6 /* Sources */ = {
			isa = PBXSourcesBuildPhase;
			buildActionMask = 2147483647;
			files = (
				537D224315FF2374000ABCA6 /* SPiDExampleAppTests.m in Sources */,
			);
			runOnlyForDeploymentPostprocessing = 0;
		};
/* End PBXSourcesBuildPhase section */

/* Begin PBXTargetDependency section */
		537D220715FF224C000ABCA6 /* PBXTargetDependency */ = {
			isa = PBXTargetDependency;
			target = 537D21EE15FF224C000ABCA6 /* SPiDSDK */;
			targetProxy = 537D220615FF224C000ABCA6 /* PBXContainerItemProxy */;
		};
		537D223A15FF2374000ABCA6 /* PBXTargetDependency */ = {
			isa = PBXTargetDependency;
			target = 537D221D15FF2374000ABCA6 /* SPiDExampleApp */;
			targetProxy = 537D223915FF2374000ABCA6 /* PBXContainerItemProxy */;
		};
/* End PBXTargetDependency section */

/* Begin PBXVariantGroup section */
		537D220C15FF224C000ABCA6 /* InfoPlist.strings */ = {
			isa = PBXVariantGroup;
			children = (
				537D220D15FF224C000ABCA6 /* en */,
			);
			name = InfoPlist.strings;
			sourceTree = "<group>";
		};
		537D223E15FF2374000ABCA6 /* InfoPlist.strings */ = {
			isa = PBXVariantGroup;
			children = (
				537D223F15FF2374000ABCA6 /* en */,
			);
			name = InfoPlist.strings;
			sourceTree = "<group>";
		};
/* End PBXVariantGroup section */

/* Begin XCBuildConfiguration section */
		537D221215FF224C000ABCA6 /* Debug */ = {
			isa = XCBuildConfiguration;
			buildSettings = {
				ALWAYS_SEARCH_USER_PATHS = NO;
				ARCHS = "$(ARCHS_STANDARD_32_BIT)";
				CLANG_CXX_LANGUAGE_STANDARD = "gnu++0x";
				CLANG_ENABLE_OBJC_ARC = YES;
				CLANG_WARN__DUPLICATE_METHOD_MATCH = YES;
				CODE_SIGN_IDENTITY = "";
				CONFIGURATION_BUILD_DIR = "$(SRCROOT)/builds/$(CONFIGURATION)$(EFFECTIVE_PLATFORM_NAME)";
				COPY_PHASE_STRIP = NO;
				GCC_C_LANGUAGE_STANDARD = gnu99;
				GCC_DYNAMIC_NO_PIC = NO;
				GCC_OPTIMIZATION_LEVEL = 0;
				GCC_PREPROCESSOR_DEFINITIONS = (
					"DEBUG=1",
					"$(inherited)",
				);
				GCC_SYMBOLS_PRIVATE_EXTERN = NO;
				GCC_VERSION = com.apple.compilers.llvm.clang.1_0;
				GCC_WARN_ABOUT_RETURN_TYPE = YES;
				GCC_WARN_UNINITIALIZED_AUTOS = YES;
				GCC_WARN_UNUSED_VARIABLE = YES;
				IPHONEOS_DEPLOYMENT_TARGET = 5.1;
				SCAN_ALL_SOURCE_FILES_FOR_INCLUDES = YES;
				SDKROOT = iphoneos;
			};
			name = Debug;
		};
		537D221315FF224C000ABCA6 /* Release */ = {
			isa = XCBuildConfiguration;
			buildSettings = {
				ALWAYS_SEARCH_USER_PATHS = NO;
				ARCHS = "$(ARCHS_STANDARD_32_BIT)";
				CLANG_CXX_LANGUAGE_STANDARD = "gnu++0x";
				CLANG_ENABLE_OBJC_ARC = YES;
				CLANG_WARN__DUPLICATE_METHOD_MATCH = YES;
				CODE_SIGN_IDENTITY = "";
				CONFIGURATION_BUILD_DIR = "$(SRCROOT)/builds/$(CONFIGURATION)$(EFFECTIVE_PLATFORM_NAME)";
				COPY_PHASE_STRIP = YES;
				GCC_C_LANGUAGE_STANDARD = gnu99;
				GCC_VERSION = com.apple.compilers.llvm.clang.1_0;
				GCC_WARN_ABOUT_RETURN_TYPE = YES;
				GCC_WARN_UNINITIALIZED_AUTOS = YES;
				GCC_WARN_UNUSED_VARIABLE = YES;
				IPHONEOS_DEPLOYMENT_TARGET = 5.1;
				SCAN_ALL_SOURCE_FILES_FOR_INCLUDES = YES;
				SDKROOT = iphoneos;
				VALIDATE_PRODUCT = YES;
			};
			name = Release;
		};
		537D221515FF224C000ABCA6 /* Debug */ = {
			isa = XCBuildConfiguration;
			buildSettings = {
				DSTROOT = /tmp/SPiDSDK.dst;
				GCC_PRECOMPILE_PREFIX_HEADER = YES;
				GCC_PREFIX_HEADER = "SPiDSDK/SPiDSDK-Prefix.pch";
				OTHER_LDFLAGS = "-ObjC";
				PRODUCT_NAME = "$(TARGET_NAME)";
				SKIP_INSTALL = YES;
			};
			name = Debug;
		};
		537D221615FF224C000ABCA6 /* Release */ = {
			isa = XCBuildConfiguration;
			buildSettings = {
				DSTROOT = /tmp/SPiDSDK.dst;
				GCC_PRECOMPILE_PREFIX_HEADER = YES;
				GCC_PREFIX_HEADER = "SPiDSDK/SPiDSDK-Prefix.pch";
				OTHER_LDFLAGS = "-ObjC";
				PRODUCT_NAME = "$(TARGET_NAME)";
				SKIP_INSTALL = YES;
			};
			name = Release;
		};
		537D221815FF224C000ABCA6 /* Debug */ = {
			isa = XCBuildConfiguration;
			buildSettings = {
				FRAMEWORK_SEARCH_PATHS = (
					"\"$(SDKROOT)/Developer/Library/Frameworks\"",
					"\"$(DEVELOPER_LIBRARY_DIR)/Frameworks\"",
				);
				GCC_PRECOMPILE_PREFIX_HEADER = YES;
				GCC_PREFIX_HEADER = "SPiDSDK/SPiDSDK-Prefix.pch";
				INFOPLIST_FILE = "SPiDSDKTests/SPiDSDKTests-Info.plist";
				PRODUCT_NAME = "$(TARGET_NAME)";
				WRAPPER_EXTENSION = octest;
			};
			name = Debug;
		};
		537D221915FF224C000ABCA6 /* Release */ = {
			isa = XCBuildConfiguration;
			buildSettings = {
				FRAMEWORK_SEARCH_PATHS = (
					"\"$(SDKROOT)/Developer/Library/Frameworks\"",
					"\"$(DEVELOPER_LIBRARY_DIR)/Frameworks\"",
				);
				GCC_PRECOMPILE_PREFIX_HEADER = YES;
				GCC_PREFIX_HEADER = "SPiDSDK/SPiDSDK-Prefix.pch";
				INFOPLIST_FILE = "SPiDSDKTests/SPiDSDKTests-Info.plist";
				PRODUCT_NAME = "$(TARGET_NAME)";
				WRAPPER_EXTENSION = octest;
			};
			name = Release;
		};
		537D224515FF2374000ABCA6 /* Debug */ = {
			isa = XCBuildConfiguration;
			buildSettings = {
				CODE_SIGN_IDENTITY = "iPhone Developer: Mikael LindstrÃu0083Æu0092Ãu0086âu0080u0099Ãu0083âu0080u009AÃu0082Â¶m (UFA57ULUU6)";
				"CODE_SIGN_IDENTITY[sdk=iphoneos*]" = "iPhone Developer: Mikael LindstrÃu0083Æu0092Ãu0086âu0080u0099Ãu0083âu0080u009AÃu0082Â¶m (UFA57ULUU6)";
				FRAMEWORK_SEARCH_PATHS = (
					"$(inherited)",
					"\"$(SYSTEM_APPS_DIR)/Xcode.app/Contents/Developer/Library/Frameworks\"",
				);
				GCC_PRECOMPILE_PREFIX_HEADER = YES;
				GCC_PREFIX_HEADER = "SPiDExampleApp/SPiDExampleApp-Prefix.pch";
				INFOPLIST_FILE = "SPiDExampleApp/SPiDExampleApp-Info.plist";
				IPHONEOS_DEPLOYMENT_TARGET = 5.1;
				PRODUCT_NAME = "$(TARGET_NAME)";
				PROVISIONING_PROFILE = "37C30565-8BA5-4F35-9C74-9D1C7C911AA6";
				"PROVISIONING_PROFILE[sdk=iphoneos*]" = "37C30565-8BA5-4F35-9C74-9D1C7C911AA6";
				TARGETED_DEVICE_FAMILY = 1;
				WRAPPER_EXTENSION = app;
			};
			name = Debug;
		};
		537D224615FF2374000ABCA6 /* Release */ = {
			isa = XCBuildConfiguration;
			buildSettings = {
				CODE_SIGN_IDENTITY = "iPhone Developer: Mikael LindstrÃu0083Æu0092Ãu0086âu0080u0099Ãu0083âu0080u009AÃu0082Â¶m (UFA57ULUU6)";
				"CODE_SIGN_IDENTITY[sdk=iphoneos*]" = "iPhone Developer: Mikael LindstrÃu0083Æu0092Ãu0086âu0080u0099Ãu0083âu0080u009AÃu0082Â¶m (UFA57ULUU6)";
				FRAMEWORK_SEARCH_PATHS = (
					"$(inherited)",
					"\"$(SYSTEM_APPS_DIR)/Xcode.app/Contents/Developer/Library/Frameworks\"",
				);
				GCC_PRECOMPILE_PREFIX_HEADER = YES;
				GCC_PREFIX_HEADER = "SPiDExampleApp/SPiDExampleApp-Prefix.pch";
				INFOPLIST_FILE = "SPiDExampleApp/SPiDExampleApp-Info.plist";
				IPHONEOS_DEPLOYMENT_TARGET = 5.1;
				OTHER_CFLAGS = "-DNS_BLOCK_ASSERTIONS=1";
				PRODUCT_NAME = "$(TARGET_NAME)";
				PROVISIONING_PROFILE = "37C30565-8BA5-4F35-9C74-9D1C7C911AA6";
				"PROVISIONING_PROFILE[sdk=iphoneos*]" = "37C30565-8BA5-4F35-9C74-9D1C7C911AA6";
				TARGETED_DEVICE_FAMILY = 1;
				WRAPPER_EXTENSION = app;
			};
			name = Release;
		};
		537D224815FF2374000ABCA6 /* Debug */ = {
			isa = XCBuildConfiguration;
			buildSettings = {
				BUNDLE_LOADER = "$(BUILT_PRODUCTS_DIR)/SPiDExampleApp.app/SPiDExampleApp";
				FRAMEWORK_SEARCH_PATHS = (
					"\"$(SDKROOT)/Developer/Library/Frameworks\"",
					"\"$(DEVELOPER_LIBRARY_DIR)/Frameworks\"",
				);
				GCC_PRECOMPILE_PREFIX_HEADER = YES;
				GCC_PREFIX_HEADER = "SPiDExampleApp/SPiDExampleApp-Prefix.pch";
				INFOPLIST_FILE = "SPiDExampleAppTests/SPiDExampleAppTests-Info.plist";
				PRODUCT_NAME = "$(TARGET_NAME)";
				TEST_HOST = "$(BUNDLE_LOADER)";
				WRAPPER_EXTENSION = octest;
			};
			name = Debug;
		};
		537D224915FF2374000ABCA6 /* Release */ = {
			isa = XCBuildConfiguration;
			buildSettings = {
				BUNDLE_LOADER = "$(BUILT_PRODUCTS_DIR)/SPiDExampleApp.app/SPiDExampleApp";
				FRAMEWORK_SEARCH_PATHS = (
					"\"$(SDKROOT)/Developer/Library/Frameworks\"",
					"\"$(DEVELOPER_LIBRARY_DIR)/Frameworks\"",
				);
				GCC_PRECOMPILE_PREFIX_HEADER = YES;
				GCC_PREFIX_HEADER = "SPiDExampleApp/SPiDExampleApp-Prefix.pch";
				INFOPLIST_FILE = "SPiDExampleAppTests/SPiDExampleAppTests-Info.plist";
				PRODUCT_NAME = "$(TARGET_NAME)";
				TEST_HOST = "$(BUNDLE_LOADER)";
				WRAPPER_EXTENSION = octest;
			};
			name = Release;
		};
/* End XCBuildConfiguration section */

/* Begin XCConfigurationList section */
		537D21E915FF224C000ABCA6 /* Build configuration list for PBXProject "SPiDSDK" */ = {
			isa = XCConfigurationList;
			buildConfigurations = (
				537D221215FF224C000ABCA6 /* Debug */,
				537D221315FF224C000ABCA6 /* Release */,
			);
			defaultConfigurationIsVisible = 0;
			defaultConfigurationName = Release;
		};
		537D221415FF224C000ABCA6 /* Build configuration list for PBXNativeTarget "SPiDSDK" */ = {
			isa = XCConfigurationList;
			buildConfigurations = (
				537D221515FF224C000ABCA6 /* Debug */,
				537D221615FF224C000ABCA6 /* Release */,
			);
			defaultConfigurationIsVisible = 0;
			defaultConfigurationName = Release;
		};
		537D221715FF224C000ABCA6 /* Build configuration list for PBXNativeTarget "SPiDSDKTests" */ = {
			isa = XCConfigurationList;
			buildConfigurations = (
				537D221815FF224C000ABCA6 /* Debug */,
				537D221915FF224C000ABCA6 /* Release */,
			);
			defaultConfigurationIsVisible = 0;
			defaultConfigurationName = Release;
		};
		537D224415FF2374000ABCA6 /* Build configuration list for PBXNativeTarget "SPiDExampleApp" */ = {
			isa = XCConfigurationList;
			buildConfigurations = (
				537D224515FF2374000ABCA6 /* Debug */,
				537D224615FF2374000ABCA6 /* Release */,
			);
			defaultConfigurationIsVisible = 0;
			defaultConfigurationName = Release;
		};
		537D224715FF2374000ABCA6 /* Build configuration list for PBXNativeTarget "SPiDExampleAppTests" */ = {
			isa = XCConfigurationList;
			buildConfigurations = (
				537D224815FF2374000ABCA6 /* Debug */,
				537D224915FF2374000ABCA6 /* Release */,
			);
			defaultConfigurationIsVisible = 0;
			defaultConfigurationName = Release;
		};
/* End XCConfigurationList section */
	};
	rootObject = 537D21E615FF224C000ABCA6 /* Project object */;
}
