// !$*UTF8*$!
{
	archiveVersion = 1;
	classes = {
	};
	objectVersion = 46;
	objects = {

/* Begin PBXAggregateTarget section */
		5365DB2E1615E9B1000AA6BB /* Documentation */ = {
			isa = PBXAggregateTarget;
			buildConfigurationList = 5365DB2F1615E9B1000AA6BB /* Build configuration list for PBXAggregateTarget "Documentation" */;
			buildPhases = (
				5365DB321615E9C1000AA6BB /* ShellScript */,
			);
			dependencies = (
			);
			name = Documentation;
			productName = Documentation;
		};
/* End PBXAggregateTarget section */

/* Begin PBXBuildFile section */
		5306208816C10B12001B2A08 /* libSPiDSDK.a in Frameworks */ = {isa = PBXBuildFile; fileRef = 537D21EF15FF224C000ABCA6 /* libSPiDSDK.a */; };
		5306208B16C12440001B2A08 /* Security.framework in Frameworks */ = {isa = PBXBuildFile; fileRef = E304ECEC953C2E9C143FD9E2 /* Security.framework */; };
		5306208D16C13288001B2A08 /* FacebookSDK.framework in Frameworks */ = {isa = PBXBuildFile; fileRef = 5306208C16C13288001B2A08 /* FacebookSDK.framework */; };
		5306208E16C13374001B2A08 /* FacebookSDK.framework in Frameworks */ = {isa = PBXBuildFile; fileRef = 5306208C16C13288001B2A08 /* FacebookSDK.framework */; };
		5306209016C13650001B2A08 /* FacebookSDKResources.bundle in Resources */ = {isa = PBXBuildFile; fileRef = 5306208F16C13650001B2A08 /* FacebookSDKResources.bundle */; };
		5306209516C1372F001B2A08 /* FacebookSDKResources.bundle in Resources */ = {isa = PBXBuildFile; fileRef = 5306208F16C13650001B2A08 /* FacebookSDKResources.bundle */; };
		5306209716C1375D001B2A08 /* Social.framework in Frameworks */ = {isa = PBXBuildFile; fileRef = 5306209616C1375D001B2A08 /* Social.framework */; settings = {ATTRIBUTES = (Weak, ); }; };
		5306209916C13764001B2A08 /* AdSupport.framework in Frameworks */ = {isa = PBXBuildFile; fileRef = 5306209816C13764001B2A08 /* AdSupport.framework */; settings = {ATTRIBUTES = (Weak, ); }; };
		5306209B16C1376F001B2A08 /* Accounts.framework in Frameworks */ = {isa = PBXBuildFile; fileRef = 5306209A16C1376F001B2A08 /* Accounts.framework */; settings = {ATTRIBUTES = (Weak, ); }; };
		53220F2816BFB13300332D65 /* CoreText.framework in Frameworks */ = {isa = PBXBuildFile; fileRef = 53220F2716BFB13300332D65 /* CoreText.framework */; };
		532B21B516AD5737000DBA55 /* UIKit.framework in Frameworks */ = {isa = PBXBuildFile; fileRef = 539B8468162FF8E60066EB89 /* UIKit.framework */; };
		532B21B616AD5737000DBA55 /* Foundation.framework in Frameworks */ = {isa = PBXBuildFile; fileRef = 537D21F215FF224C000ABCA6 /* Foundation.framework */; };
		532B21B716AD5737000DBA55 /* CoreGraphics.framework in Frameworks */ = {isa = PBXBuildFile; fileRef = 537D222215FF2374000ABCA6 /* CoreGraphics.framework */; };
		532B21BD16AD5737000DBA55 /* InfoPlist.strings in Resources */ = {isa = PBXBuildFile; fileRef = 532B21BB16AD5737000DBA55 /* InfoPlist.strings */; };
		532B21BF16AD5737000DBA55 /* main.m in Sources */ = {isa = PBXBuildFile; fileRef = 532B21BE16AD5737000DBA55 /* main.m */; };
		532B21C316AD5737000DBA55 /* SPiDFacebookAppDelegate.m in Sources */ = {isa = PBXBuildFile; fileRef = 532B21C216AD5737000DBA55 /* SPiDFacebookAppDelegate.m */; };
		532B21C516AD5737000DBA55 /* Default.png in Resources */ = {isa = PBXBuildFile; fileRef = 532B21C416AD5737000DBA55 /* Default.png */; };
		532B21C716AD5737000DBA55 /* Default@2x.png in Resources */ = {isa = PBXBuildFile; fileRef = 532B21C616AD5737000DBA55 /* Default@2x.png */; };
		532B21C916AD5737000DBA55 /* Default-568h@2x.png in Resources */ = {isa = PBXBuildFile; fileRef = 532B21C816AD5737000DBA55 /* Default-568h@2x.png */; };
		532B21D016AD5737000DBA55 /* SenTestingKit.framework in Frameworks */ = {isa = PBXBuildFile; fileRef = 537D220115FF224C000ABCA6 /* SenTestingKit.framework */; };
		532B21D116AD5737000DBA55 /* UIKit.framework in Frameworks */ = {isa = PBXBuildFile; fileRef = 539B8468162FF8E60066EB89 /* UIKit.framework */; };
		532B21D216AD5737000DBA55 /* Foundation.framework in Frameworks */ = {isa = PBXBuildFile; fileRef = 537D21F215FF224C000ABCA6 /* Foundation.framework */; };
		532B21DA16AD5737000DBA55 /* InfoPlist.strings in Resources */ = {isa = PBXBuildFile; fileRef = 532B21D816AD5737000DBA55 /* InfoPlist.strings */; };
		532B21DD16AD5737000DBA55 /* SPiDFacebookAppTests.m in Sources */ = {isa = PBXBuildFile; fileRef = 532B21DC16AD5737000DBA55 /* SPiDFacebookAppTests.m */; };
		532B21EA16AD5786000DBA55 /* UIKit.framework in Frameworks */ = {isa = PBXBuildFile; fileRef = 539B8468162FF8E60066EB89 /* UIKit.framework */; };
		532B21EB16AD5786000DBA55 /* Foundation.framework in Frameworks */ = {isa = PBXBuildFile; fileRef = 537D21F215FF224C000ABCA6 /* Foundation.framework */; };
		532B21EC16AD5786000DBA55 /* CoreGraphics.framework in Frameworks */ = {isa = PBXBuildFile; fileRef = 537D222215FF2374000ABCA6 /* CoreGraphics.framework */; };
		532B21F216AD5786000DBA55 /* InfoPlist.strings in Resources */ = {isa = PBXBuildFile; fileRef = 532B21F016AD5786000DBA55 /* InfoPlist.strings */; };
		532B21F416AD5786000DBA55 /* main.m in Sources */ = {isa = PBXBuildFile; fileRef = 532B21F316AD5786000DBA55 /* main.m */; };
		532B21F816AD5786000DBA55 /* SPiDNativeAppDelegate.m in Sources */ = {isa = PBXBuildFile; fileRef = 532B21F716AD5786000DBA55 /* SPiDNativeAppDelegate.m */; };
		532B21FA16AD5786000DBA55 /* Default.png in Resources */ = {isa = PBXBuildFile; fileRef = 532B21F916AD5786000DBA55 /* Default.png */; };
		532B21FC16AD5786000DBA55 /* Default@2x.png in Resources */ = {isa = PBXBuildFile; fileRef = 532B21FB16AD5786000DBA55 /* Default@2x.png */; };
		532B21FE16AD5786000DBA55 /* Default-568h@2x.png in Resources */ = {isa = PBXBuildFile; fileRef = 532B21FD16AD5786000DBA55 /* Default-568h@2x.png */; };
		532B220516AD5786000DBA55 /* SenTestingKit.framework in Frameworks */ = {isa = PBXBuildFile; fileRef = 537D220115FF224C000ABCA6 /* SenTestingKit.framework */; };
		532B220616AD5786000DBA55 /* UIKit.framework in Frameworks */ = {isa = PBXBuildFile; fileRef = 539B8468162FF8E60066EB89 /* UIKit.framework */; };
		532B220716AD5786000DBA55 /* Foundation.framework in Frameworks */ = {isa = PBXBuildFile; fileRef = 537D21F215FF224C000ABCA6 /* Foundation.framework */; };
		532B220F16AD5787000DBA55 /* InfoPlist.strings in Resources */ = {isa = PBXBuildFile; fileRef = 532B220D16AD5787000DBA55 /* InfoPlist.strings */; };
		532B221216AD5787000DBA55 /* SPiDNativeAppTests.m in Sources */ = {isa = PBXBuildFile; fileRef = 532B221116AD5787000DBA55 /* SPiDNativeAppTests.m */; };
		532BF074160A0A6100FC860E /* SPiDLogo.jpg in Resources */ = {isa = PBXBuildFile; fileRef = 532BF073160A0A6100FC860E /* SPiDLogo.jpg */; };
		534D652016AD896600088B3D /* libSPiDSDK.a in Frameworks */ = {isa = PBXBuildFile; fileRef = 537D21EF15FF224C000ABCA6 /* libSPiDSDK.a */; };
		534D652116AD937F00088B3D /* Security.framework in Frameworks */ = {isa = PBXBuildFile; fileRef = E304ECEC953C2E9C143FD9E2 /* Security.framework */; };
		534D652816AD942400088B3D /* Security.framework in Frameworks */ = {isa = PBXBuildFile; fileRef = E304ECEC953C2E9C143FD9E2 /* Security.framework */; };
		535AA9B615FF31AD00D9F52B /* SPiDClient.m in Sources */ = {isa = PBXBuildFile; fileRef = 535AA9B515FF31AD00D9F52B /* SPiDClient.m */; };
		537D21F315FF224C000ABCA6 /* Foundation.framework in Frameworks */ = {isa = PBXBuildFile; fileRef = 537D21F215FF224C000ABCA6 /* Foundation.framework */; };
		537D220215FF224C000ABCA6 /* SenTestingKit.framework in Frameworks */ = {isa = PBXBuildFile; fileRef = 537D220115FF224C000ABCA6 /* SenTestingKit.framework */; };
		537D220515FF224C000ABCA6 /* Foundation.framework in Frameworks */ = {isa = PBXBuildFile; fileRef = 537D21F215FF224C000ABCA6 /* Foundation.framework */; };
		537D220815FF224C000ABCA6 /* libSPiDSDK.a in Frameworks */ = {isa = PBXBuildFile; fileRef = 537D21EF15FF224C000ABCA6 /* libSPiDSDK.a */; };
		537D220E15FF224C000ABCA6 /* InfoPlist.strings in Resources */ = {isa = PBXBuildFile; fileRef = 537D220C15FF224C000ABCA6 /* InfoPlist.strings */; };
		537D221115FF224C000ABCA6 /* SPiDSDKTests.m in Sources */ = {isa = PBXBuildFile; fileRef = 537D221015FF224C000ABCA6 /* SPiDSDKTests.m */; };
		537D222115FF2374000ABCA6 /* Foundation.framework in Frameworks */ = {isa = PBXBuildFile; fileRef = 537D21F215FF224C000ABCA6 /* Foundation.framework */; };
		537D222315FF2374000ABCA6 /* CoreGraphics.framework in Frameworks */ = {isa = PBXBuildFile; fileRef = 537D222215FF2374000ABCA6 /* CoreGraphics.framework */; };
		537D222B15FF2374000ABCA6 /* main.m in Sources */ = {isa = PBXBuildFile; fileRef = 537D222A15FF2374000ABCA6 /* main.m */; };
		537D222F15FF2374000ABCA6 /* SPiDExampleAppDelegate.m in Sources */ = {isa = PBXBuildFile; fileRef = 537D222E15FF2374000ABCA6 /* SPiDExampleAppDelegate.m */; };
		537D223615FF2374000ABCA6 /* SenTestingKit.framework in Frameworks */ = {isa = PBXBuildFile; fileRef = 537D220115FF224C000ABCA6 /* SenTestingKit.framework */; };
		537D223815FF2374000ABCA6 /* Foundation.framework in Frameworks */ = {isa = PBXBuildFile; fileRef = 537D21F215FF224C000ABCA6 /* Foundation.framework */; };
		537D224015FF2374000ABCA6 /* InfoPlist.strings in Resources */ = {isa = PBXBuildFile; fileRef = 537D223E15FF2374000ABCA6 /* InfoPlist.strings */; };
		537D224315FF2374000ABCA6 /* SPiDExampleAppTests.m in Sources */ = {isa = PBXBuildFile; fileRef = 537D224215FF2374000ABCA6 /* SPiDExampleAppTests.m */; };
		537D224C15FF23BD000ABCA6 /* SPiDSDKLoginTests.m in Sources */ = {isa = PBXBuildFile; fileRef = 537D224B15FF23BD000ABCA6 /* SPiDSDKLoginTests.m */; };
		537EFFD116B6A888008069DC /* libSPiDSDK.a in Frameworks */ = {isa = PBXBuildFile; fileRef = 537D21EF15FF224C000ABCA6 /* libSPiDSDK.a */; };
		537EFFD216B6A912008069DC /* UIKit.framework in Frameworks */ = {isa = PBXBuildFile; fileRef = 539B8468162FF8E60066EB89 /* UIKit.framework */; };
		538E694416313AA4006890C1 /* icon.png in Resources */ = {isa = PBXBuildFile; fileRef = 538E694216313AA4006890C1 /* icon.png */; };
		538E694516313AA4006890C1 /* icon-retina.png in Resources */ = {isa = PBXBuildFile; fileRef = 538E694316313AA4006890C1 /* icon-retina.png */; };
		53989FBF1607186B00CB1BDD /* SPiDLoginView.xib in Resources */ = {isa = PBXBuildFile; fileRef = 53989FBE1607186B00CB1BDD /* SPiDLoginView.xib */; };
		53989FC31607199A00CB1BDD /* SPiDLoginViewController.m in Sources */ = {isa = PBXBuildFile; fileRef = 53989FC21607199A00CB1BDD /* SPiDLoginViewController.m */; };
		53989FC5160726C900CB1BDD /* SPiDMainView.xib in Resources */ = {isa = PBXBuildFile; fileRef = 53989FC4160726C900CB1BDD /* SPiDMainView.xib */; };
		539B8469162FF8E60066EB89 /* UIKit.framework in Frameworks */ = {isa = PBXBuildFile; fileRef = 539B8468162FF8E60066EB89 /* UIKit.framework */; };
		53A690ED1600B7C700ECFA5E /* SystemConfiguration.framework in Frameworks */ = {isa = PBXBuildFile; fileRef = 53A690EC1600B7C700ECFA5E /* SystemConfiguration.framework */; };
		E304E08A2EC951CAD3D1E5EB /* SPiDResponse.m in Sources */ = {isa = PBXBuildFile; fileRef = E304EDA55B1715BF5E738193 /* SPiDResponse.m */; };
		E304E0AC7DD307B5B65448E4 /* SPiDUtils.h in CopyFiles */ = {isa = PBXBuildFile; fileRef = E304E27376450C44AB802870 /* SPiDUtils.h */; };
		E304E0AE6047B3934ABC68A6 /* FacebookLoginViewController.m in Sources */ = {isa = PBXBuildFile; fileRef = E304E5B7F36284D3BBC4AD3D /* FacebookLoginViewController.m */; };
		E304E0D6037916A5052F883F /* SPiDAccessToken.m in Sources */ = {isa = PBXBuildFile; fileRef = E304E9C449C522B81621B33E /* SPiDAccessToken.m */; };
		E304E0E494A6B5F312B0C981 /* NSData+Base64.h in CopyFiles */ = {isa = PBXBuildFile; fileRef = E304EFE5D26F7D58C09687E6 /* NSData+Base64.h */; };
		E304E1B6830AA2DC9E0934BB /* NSData+Base64.m in Sources */ = {isa = PBXBuildFile; fileRef = E304E61B34D176733C911367 /* NSData+Base64.m */; };
		E304E1EEBBDC204D1E3AB80A /* facebook-login-button-small@2x.png in Resources */ = {isa = PBXBuildFile; fileRef = E304E16FAB2E2242CB775D79 /* facebook-login-button-small@2x.png */; };
		E304E31BE819293D63E28557 /* facebook-login-button-small-pressed.png in Resources */ = {isa = PBXBuildFile; fileRef = E304E3BCC47DB5D09ED73E01 /* facebook-login-button-small-pressed.png */; };
		E304E44AB90F3FCE432BB08D /* Default@2x.png in Resources */ = {isa = PBXBuildFile; fileRef = E304E9BAD5499EEFE7846D26 /* Default@2x.png */; };
		E304E452044155187E8DB9B7 /* MainViewController.m in Sources */ = {isa = PBXBuildFile; fileRef = E304EE605678587B7175FCB0 /* MainViewController.m */; };
		E304E52F3203DA6CB5061FAA /* NSString+Crypto.h in CopyFiles */ = {isa = PBXBuildFile; fileRef = E304E3A27E565B0BF8A5D1C2 /* NSString+Crypto.h */; };
		E304E541F1BE6AC6573A7BC0 /* red_button@2x.png in Resources */ = {isa = PBXBuildFile; fileRef = E304EC34E54EE6F302C3BE2A /* red_button@2x.png */; };
		E304E5886D575207EE4574AD /* LoginViewController.m in Sources */ = {isa = PBXBuildFile; fileRef = E304E7EE2A65B25A228D8133 /* LoginViewController.m */; };
		E304E5A5DE23A7C2E2ED5363 /* SPiDTokenRequest.h in CopyFiles */ = {isa = PBXBuildFile; fileRef = E304EEEC8E2D4142778A0E10 /* SPiDTokenRequest.h */; };
		E304E5C0409AACEABCFE6A9D /* NSError+SPiDError.m in Sources */ = {isa = PBXBuildFile; fileRef = E304E24883200DCA88A4E70C /* NSError+SPiDError.m */; };
		E304E5E647CEE9ECDCD6ACED /* NSError+SPiDError.h in CopyFiles */ = {isa = PBXBuildFile; fileRef = E304E4D3494537377633CA3E /* NSError+SPiDError.h */; };
		E304E62AC86C9650891094B6 /* red_button.png in Resources */ = {isa = PBXBuildFile; fileRef = E304E4602FCA00B6130BF009 /* red_button.png */; };
		E304E6640827CCA423BA6D78 /* facebook-login-button-small.png in Resources */ = {isa = PBXBuildFile; fileRef = E304E78AD685949E4766960F /* facebook-login-button-small.png */; };
		E304E6876A41824E1787D0C3 /* SPiDAccessToken.h in CopyFiles */ = {isa = PBXBuildFile; fileRef = E304E84CBC42440BD70D5DE3 /* SPiDAccessToken.h */; };
		E304E6C8D41DFF94D38EB78B /* SignUpViewController.m in Sources */ = {isa = PBXBuildFile; fileRef = E304E28946789A36FF358EC0 /* SignUpViewController.m */; };
		E304E6CE390767859B6A31AB /* Security.framework in Frameworks */ = {isa = PBXBuildFile; fileRef = E304ECEC953C2E9C143FD9E2 /* Security.framework */; };
		E304E721E11E58542E6AA266 /* SPiDJwt.m in Sources */ = {isa = PBXBuildFile; fileRef = E304E1D5F9987092B6438572 /* SPiDJwt.m */; };
		E304E729715A2E316DA6D29C /* MainViewController.m in Sources */ = {isa = PBXBuildFile; fileRef = E304E809BD21771F4972CA71 /* MainViewController.m */; };
		E304E7AE251C3D4C8DC110D9 /* red_button.png in Resources */ = {isa = PBXBuildFile; fileRef = E304E719EC65DE9788499BD0 /* red_button.png */; };
		E304E80825F19C5AA6726F94 /* SPiDKeychainWrapper.h in CopyFiles */ = {isa = PBXBuildFile; fileRef = E304EF216D40E5A826067322 /* SPiDKeychainWrapper.h */; };
		E304E8380C41C1C4EED2F62F /* TermsViewController.m in Sources */ = {isa = PBXBuildFile; fileRef = E304E7CA07B5345E3D5632D9 /* TermsViewController.m */; };
		E304E8B07F0AB36216D2DCF4 /* SPiDMainViewController.m in Sources */ = {isa = PBXBuildFile; fileRef = E304EA067760998928321774 /* SPiDMainViewController.m */; };
		E304E945CCFF8AF17A52C9DD /* SPiDTokenRequest.m in Sources */ = {isa = PBXBuildFile; fileRef = E304E3E1E2B498D92CBE1882 /* SPiDTokenRequest.m */; };
		E304E9D1EC52036778DAA55D /* Default-568h@2x.png in Resources */ = {isa = PBXBuildFile; fileRef = E304E28E9E0B4E40E2DBED48 /* Default-568h@2x.png */; };
		E304E9ECCDD994BB72DD543D /* SPiDJwt.h in CopyFiles */ = {isa = PBXBuildFile; fileRef = E304E028433CF8954B044781 /* SPiDJwt.h */; };
		E304EA4A8D3C359B6AB32E1D /* SPiDKeychainWrapper.m in Sources */ = {isa = PBXBuildFile; fileRef = E304E86B163571BA2FDCE5BD /* SPiDKeychainWrapper.m */; };
		E304EA7F7E97D986311BD8BD /* SPiDResponse.h in CopyFiles */ = {isa = PBXBuildFile; fileRef = E304E74CE552DDD7DA85CADB /* SPiDResponse.h */; };
		E304EAD8A6D8219C8A7C5CD3 /* Default.png in Resources */ = {isa = PBXBuildFile; fileRef = E304EF927327F5217C9FBBD0 /* Default.png */; };
		E304EB003F1651870D51980A /* SPiDRequest.h in CopyFiles */ = {isa = PBXBuildFile; fileRef = E304E29BE892318CE0CCF648 /* SPiDRequest.h */; };
		E304EB38611381AF6653FCE4 /* SignUpViewController.h in CopyFiles */ = {isa = PBXBuildFile; fileRef = E304ED5327F4289586BCF80C /* SignUpViewController.h */; };
		E304EB3AAAA9C94117D0934D /* SPiDUser.h in CopyFiles */ = {isa = PBXBuildFile; fileRef = E304E8EE461D81FA4D084AC8 /* SPiDUser.h */; };
		E304EBD0A10A44BCB90DB07B /* facebook-login-button-small-pressed@2x.png in Resources */ = {isa = PBXBuildFile; fileRef = E304EF0069F03FFE596FC8B1 /* facebook-login-button-small-pressed@2x.png */; };
		E304EC48AB115EA9F88948A4 /* SPiDRequest.m in Sources */ = {isa = PBXBuildFile; fileRef = E304EB249FB072F13F1947F9 /* SPiDRequest.m */; };
		E304ECB0B148F9752A1A638B /* SPiDUtils.m in Sources */ = {isa = PBXBuildFile; fileRef = E304E682B974C240DE9BC5E1 /* SPiDUtils.m */; };
		E304ECD70A207DA0F4170D05 /* red_button@2x.png in Resources */ = {isa = PBXBuildFile; fileRef = E304E99B5C79CF60749D65AE /* red_button@2x.png */; };
		E304EE6DA23B3914F1207D76 /* NSString+Crypto.m in Sources */ = {isa = PBXBuildFile; fileRef = E304E82E31EF2B3A2975D93C /* NSString+Crypto.m */; };
		E304EF832C7AA71DD356B2E6 /* SPiDAuthorizationRequest.h in CopyFiles */ = {isa = PBXBuildFile; fileRef = E304E6890F6FC039FC1AECCB /* SPiDAuthorizationRequest.h */; };
		E304EFAA285132C8F5AEACFD /* SPiDAuthorizationRequest.m in Sources */ = {isa = PBXBuildFile; fileRef = E304EBBE8E785BB3E2CF9D26 /* SPiDAuthorizationRequest.m */; };
		E304EFDA1BBFBD96DA46233F /* SPiDUser.m in Sources */ = {isa = PBXBuildFile; fileRef = E304E93DD2773BD78706B78C /* SPiDUser.m */; };
/* End PBXBuildFile section */

/* Begin PBXContainerItemProxy section */
		5306208916C123E1001B2A08 /* PBXContainerItemProxy */ = {
			isa = PBXContainerItemProxy;
			containerPortal = 537D21E615FF224C000ABCA6 /* Project object */;
			proxyType = 1;
			remoteGlobalIDString = 537D21EE15FF224C000ABCA6;
			remoteInfo = SPiDSDK;
		};
		532B21D316AD5737000DBA55 /* PBXContainerItemProxy */ = {
			isa = PBXContainerItemProxy;
			containerPortal = 537D21E615FF224C000ABCA6 /* Project object */;
			proxyType = 1;
			remoteGlobalIDString = 532B21B216AD5737000DBA55;
			remoteInfo = SPiDFacebookApp;
		};
		532B220816AD5786000DBA55 /* PBXContainerItemProxy */ = {
			isa = PBXContainerItemProxy;
			containerPortal = 537D21E615FF224C000ABCA6 /* Project object */;
			proxyType = 1;
			remoteGlobalIDString = 532B21E716AD5786000DBA55;
			remoteInfo = SPiDNativeApp;
		};
		532B223D16AD88C3000DBA55 /* PBXContainerItemProxy */ = {
			isa = PBXContainerItemProxy;
			containerPortal = 537D21E615FF224C000ABCA6 /* Project object */;
			proxyType = 1;
			remoteGlobalIDString = 537D21EE15FF224C000ABCA6;
			remoteInfo = SPiDSDK;
		};
		534D651D16AD893000088B3D /* PBXContainerItemProxy */ = {
			isa = PBXContainerItemProxy;
			containerPortal = 537D21E615FF224C000ABCA6 /* Project object */;
			proxyType = 1;
			remoteGlobalIDString = 537D21EE15FF224C000ABCA6;
			remoteInfo = SPiDSDK;
		};
		537D220615FF224C000ABCA6 /* PBXContainerItemProxy */ = {
			isa = PBXContainerItemProxy;
			containerPortal = 537D21E615FF224C000ABCA6 /* Project object */;
			proxyType = 1;
			remoteGlobalIDString = 537D21EE15FF224C000ABCA6;
			remoteInfo = SPiDSDK;
		};
		537D223915FF2374000ABCA6 /* PBXContainerItemProxy */ = {
			isa = PBXContainerItemProxy;
			containerPortal = 537D21E615FF224C000ABCA6 /* Project object */;
			proxyType = 1;
			remoteGlobalIDString = 537D221D15FF2374000ABCA6;
			remoteInfo = SPiDExampleApp;
		};
/* End PBXContainerItemProxy section */

/* Begin PBXCopyFilesBuildPhase section */
		537D21ED15FF224C000ABCA6 /* CopyFiles */ = {
			isa = PBXCopyFilesBuildPhase;
			buildActionMask = 2147483647;
			dstPath = "include/${PRODUCT_NAME}";
			dstSubfolderSpec = 16;
			files = (
				E304E0AC7DD307B5B65448E4 /* SPiDUtils.h in CopyFiles */,
				E304EB003F1651870D51980A /* SPiDRequest.h in CopyFiles */,
				E304EA7F7E97D986311BD8BD /* SPiDResponse.h in CopyFiles */,
				E304EF832C7AA71DD356B2E6 /* SPiDAuthorizationRequest.h in CopyFiles */,
				E304E6876A41824E1787D0C3 /* SPiDAccessToken.h in CopyFiles */,
				E304E80825F19C5AA6726F94 /* SPiDKeychainWrapper.h in CopyFiles */,
				E304E5E647CEE9ECDCD6ACED /* NSError+SPiDError.h in CopyFiles */,
				E304E0E494A6B5F312B0C981 /* NSData+Base64.h in CopyFiles */,
				E304E5A5DE23A7C2E2ED5363 /* SPiDTokenRequest.h in CopyFiles */,
				E304E9ECCDD994BB72DD543D /* SPiDJwt.h in CopyFiles */,
				E304E52F3203DA6CB5061FAA /* NSString+Crypto.h in CopyFiles */,
				E304EB38611381AF6653FCE4 /* SignUpViewController.h in CopyFiles */,
				E304EB3AAAA9C94117D0934D /* SPiDUser.h in CopyFiles */,
			);
			runOnlyForDeploymentPostprocessing = 0;
		};
/* End PBXCopyFilesBuildPhase section */

/* Begin PBXFileReference section */
		5306208716C082B8001B2A08 /* MainViewController.h */ = {isa = PBXFileReference; fileEncoding = 4; lastKnownFileType = sourcecode.c.h; path = MainViewController.h; sourceTree = "<group>"; };
		5306208C16C13288001B2A08 /* FacebookSDK.framework */ = {isa = PBXFileReference; lastKnownFileType = wrapper.framework; path = FacebookSDK.framework; sourceTree = "<group>"; };
		5306208F16C13650001B2A08 /* FacebookSDKResources.bundle */ = {isa = PBXFileReference; lastKnownFileType = "wrapper.plug-in"; path = FacebookSDKResources.bundle; sourceTree = "<group>"; };
		5306209616C1375D001B2A08 /* Social.framework */ = {isa = PBXFileReference; lastKnownFileType = wrapper.framework; name = Social.framework; path = System/Library/Frameworks/Social.framework; sourceTree = SDKROOT; };
		5306209816C13764001B2A08 /* AdSupport.framework */ = {isa = PBXFileReference; lastKnownFileType = wrapper.framework; name = AdSupport.framework; path = System/Library/Frameworks/AdSupport.framework; sourceTree = SDKROOT; };
		5306209A16C1376F001B2A08 /* Accounts.framework */ = {isa = PBXFileReference; lastKnownFileType = wrapper.framework; name = Accounts.framework; path = System/Library/Frameworks/Accounts.framework; sourceTree = SDKROOT; };
		53220F2716BFB13300332D65 /* CoreText.framework */ = {isa = PBXFileReference; lastKnownFileType = wrapper.framework; name = CoreText.framework; path = System/Library/Frameworks/CoreText.framework; sourceTree = SDKROOT; };
		532B21B316AD5737000DBA55 /* SPiDFacebookApp.app */ = {isa = PBXFileReference; explicitFileType = wrapper.application; includeInIndex = 0; path = SPiDFacebookApp.app; sourceTree = BUILT_PRODUCTS_DIR; };
		532B21BA16AD5737000DBA55 /* SPiDFacebookApp-Info.plist */ = {isa = PBXFileReference; lastKnownFileType = text.plist.xml; path = "SPiDFacebookApp-Info.plist"; sourceTree = "<group>"; };
		532B21BC16AD5737000DBA55 /* en */ = {isa = PBXFileReference; lastKnownFileType = text.plist.strings; name = en; path = en.lproj/InfoPlist.strings; sourceTree = "<group>"; };
		532B21BE16AD5737000DBA55 /* main.m */ = {isa = PBXFileReference; lastKnownFileType = sourcecode.c.objc; path = main.m; sourceTree = "<group>"; };
		532B21C016AD5737000DBA55 /* SPiDFacebookApp-Prefix.pch */ = {isa = PBXFileReference; lastKnownFileType = sourcecode.c.h; path = "SPiDFacebookApp-Prefix.pch"; sourceTree = "<group>"; };
		532B21C116AD5737000DBA55 /* SPiDFacebookAppDelegate.h */ = {isa = PBXFileReference; lastKnownFileType = sourcecode.c.h; path = SPiDFacebookAppDelegate.h; sourceTree = "<group>"; };
		532B21C216AD5737000DBA55 /* SPiDFacebookAppDelegate.m */ = {isa = PBXFileReference; lastKnownFileType = sourcecode.c.objc; path = SPiDFacebookAppDelegate.m; sourceTree = "<group>"; };
		532B21C416AD5737000DBA55 /* Default.png */ = {isa = PBXFileReference; lastKnownFileType = image.png; path = Default.png; sourceTree = "<group>"; };
		532B21C616AD5737000DBA55 /* Default@2x.png */ = {isa = PBXFileReference; lastKnownFileType = image.png; path = "Default@2x.png"; sourceTree = "<group>"; };
		532B21C816AD5737000DBA55 /* Default-568h@2x.png */ = {isa = PBXFileReference; lastKnownFileType = image.png; path = "Default-568h@2x.png"; sourceTree = "<group>"; };
		532B21CF16AD5737000DBA55 /* SPiDFacebookAppTests.octest */ = {isa = PBXFileReference; explicitFileType = wrapper.cfbundle; includeInIndex = 0; path = SPiDFacebookAppTests.octest; sourceTree = BUILT_PRODUCTS_DIR; };
		532B21D716AD5737000DBA55 /* SPiDFacebookAppTests-Info.plist */ = {isa = PBXFileReference; lastKnownFileType = text.plist.xml; path = "SPiDFacebookAppTests-Info.plist"; sourceTree = "<group>"; };
		532B21D916AD5737000DBA55 /* en */ = {isa = PBXFileReference; lastKnownFileType = text.plist.strings; name = en; path = en.lproj/InfoPlist.strings; sourceTree = "<group>"; };
		532B21DB16AD5737000DBA55 /* SPiDFacebookAppTests.h */ = {isa = PBXFileReference; lastKnownFileType = sourcecode.c.h; path = SPiDFacebookAppTests.h; sourceTree = "<group>"; };
		532B21DC16AD5737000DBA55 /* SPiDFacebookAppTests.m */ = {isa = PBXFileReference; lastKnownFileType = sourcecode.c.objc; path = SPiDFacebookAppTests.m; sourceTree = "<group>"; };
		532B21E816AD5786000DBA55 /* SPiDNativeApp.app */ = {isa = PBXFileReference; explicitFileType = wrapper.application; includeInIndex = 0; path = SPiDNativeApp.app; sourceTree = BUILT_PRODUCTS_DIR; };
		532B21EF16AD5786000DBA55 /* SPiDNativeApp-Info.plist */ = {isa = PBXFileReference; lastKnownFileType = text.plist.xml; path = "SPiDNativeApp-Info.plist"; sourceTree = "<group>"; };
		532B21F116AD5786000DBA55 /* en */ = {isa = PBXFileReference; lastKnownFileType = text.plist.strings; name = en; path = en.lproj/InfoPlist.strings; sourceTree = "<group>"; };
		532B21F316AD5786000DBA55 /* main.m */ = {isa = PBXFileReference; lastKnownFileType = sourcecode.c.objc; path = main.m; sourceTree = "<group>"; };
		532B21F516AD5786000DBA55 /* SPiDNativeApp-Prefix.pch */ = {isa = PBXFileReference; lastKnownFileType = sourcecode.c.h; path = "SPiDNativeApp-Prefix.pch"; sourceTree = "<group>"; };
		532B21F616AD5786000DBA55 /* SPiDNativeAppDelegate.h */ = {isa = PBXFileReference; lastKnownFileType = sourcecode.c.h; path = SPiDNativeAppDelegate.h; sourceTree = "<group>"; };
		532B21F716AD5786000DBA55 /* SPiDNativeAppDelegate.m */ = {isa = PBXFileReference; lastKnownFileType = sourcecode.c.objc; path = SPiDNativeAppDelegate.m; sourceTree = "<group>"; };
		532B21F916AD5786000DBA55 /* Default.png */ = {isa = PBXFileReference; lastKnownFileType = image.png; path = Default.png; sourceTree = "<group>"; };
		532B21FB16AD5786000DBA55 /* Default@2x.png */ = {isa = PBXFileReference; lastKnownFileType = image.png; path = "Default@2x.png"; sourceTree = "<group>"; };
		532B21FD16AD5786000DBA55 /* Default-568h@2x.png */ = {isa = PBXFileReference; lastKnownFileType = image.png; path = "Default-568h@2x.png"; sourceTree = "<group>"; };
		532B220416AD5786000DBA55 /* SPiDNativeAppTests.octest */ = {isa = PBXFileReference; explicitFileType = wrapper.cfbundle; includeInIndex = 0; path = SPiDNativeAppTests.octest; sourceTree = BUILT_PRODUCTS_DIR; };
		532B220C16AD5787000DBA55 /* SPiDNativeAppTests-Info.plist */ = {isa = PBXFileReference; lastKnownFileType = text.plist.xml; path = "SPiDNativeAppTests-Info.plist"; sourceTree = "<group>"; };
		532B220E16AD5787000DBA55 /* en */ = {isa = PBXFileReference; lastKnownFileType = text.plist.strings; name = en; path = en.lproj/InfoPlist.strings; sourceTree = "<group>"; };
		532B221016AD5787000DBA55 /* SPiDNativeAppTests.h */ = {isa = PBXFileReference; lastKnownFileType = sourcecode.c.h; path = SPiDNativeAppTests.h; sourceTree = "<group>"; };
		532B221116AD5787000DBA55 /* SPiDNativeAppTests.m */ = {isa = PBXFileReference; lastKnownFileType = sourcecode.c.objc; path = SPiDNativeAppTests.m; sourceTree = "<group>"; };
		532BF073160A0A6100FC860E /* SPiDLogo.jpg */ = {isa = PBXFileReference; lastKnownFileType = image.jpeg; path = SPiDLogo.jpg; sourceTree = "<group>"; };
		5340F74516197A6700B990C4 /* AppledocSettings.plist */ = {isa = PBXFileReference; fileEncoding = 4; lastKnownFileType = text.plist.xml; path = AppledocSettings.plist; sourceTree = "<group>"; };
		535AA9B415FF31AD00D9F52B /* SPiDClient.h */ = {isa = PBXFileReference; fileEncoding = 4; lastKnownFileType = sourcecode.c.h; path = SPiDClient.h; sourceTree = "<group>"; };
		535AA9B515FF31AD00D9F52B /* SPiDClient.m */ = {isa = PBXFileReference; fileEncoding = 4; lastKnownFileType = sourcecode.c.objc; path = SPiDClient.m; sourceTree = "<group>"; };
		537D21EF15FF224C000ABCA6 /* libSPiDSDK.a */ = {isa = PBXFileReference; explicitFileType = archive.ar; includeInIndex = 0; path = libSPiDSDK.a; sourceTree = BUILT_PRODUCTS_DIR; };
		537D21F215FF224C000ABCA6 /* Foundation.framework */ = {isa = PBXFileReference; lastKnownFileType = wrapper.framework; name = Foundation.framework; path = System/Library/Frameworks/Foundation.framework; sourceTree = SDKROOT; };
		537D21F615FF224C000ABCA6 /* SPiDSDK-Prefix.pch */ = {isa = PBXFileReference; lastKnownFileType = sourcecode.c.h; path = "SPiDSDK-Prefix.pch"; sourceTree = "<group>"; };
		537D220015FF224C000ABCA6 /* SPiDSDKTests.octest */ = {isa = PBXFileReference; explicitFileType = wrapper.cfbundle; includeInIndex = 0; path = SPiDSDKTests.octest; sourceTree = BUILT_PRODUCTS_DIR; };
		537D220115FF224C000ABCA6 /* SenTestingKit.framework */ = {isa = PBXFileReference; lastKnownFileType = wrapper.framework; name = SenTestingKit.framework; path = Library/Frameworks/SenTestingKit.framework; sourceTree = DEVELOPER_DIR; };
		537D220B15FF224C000ABCA6 /* SPiDSDKTests-Info.plist */ = {isa = PBXFileReference; lastKnownFileType = text.plist.xml; path = "SPiDSDKTests-Info.plist"; sourceTree = "<group>"; };
		537D220D15FF224C000ABCA6 /* en */ = {isa = PBXFileReference; lastKnownFileType = text.plist.strings; name = en; path = en.lproj/InfoPlist.strings; sourceTree = "<group>"; };
		537D220F15FF224C000ABCA6 /* SPiDSDKTests.h */ = {isa = PBXFileReference; lastKnownFileType = sourcecode.c.h; path = SPiDSDKTests.h; sourceTree = "<group>"; };
		537D221015FF224C000ABCA6 /* SPiDSDKTests.m */ = {isa = PBXFileReference; lastKnownFileType = sourcecode.c.objc; path = SPiDSDKTests.m; sourceTree = "<group>"; };
		537D221E15FF2374000ABCA6 /* SPiDExampleApp.app */ = {isa = PBXFileReference; explicitFileType = wrapper.application; includeInIndex = 0; path = SPiDExampleApp.app; sourceTree = BUILT_PRODUCTS_DIR; };
		537D222215FF2374000ABCA6 /* CoreGraphics.framework */ = {isa = PBXFileReference; lastKnownFileType = wrapper.framework; name = CoreGraphics.framework; path = System/Library/Frameworks/CoreGraphics.framework; sourceTree = SDKROOT; };
		537D222615FF2374000ABCA6 /* SPiDExampleApp-Info.plist */ = {isa = PBXFileReference; lastKnownFileType = text.plist.xml; path = "SPiDExampleApp-Info.plist"; sourceTree = "<group>"; };
		537D222A15FF2374000ABCA6 /* main.m */ = {isa = PBXFileReference; lastKnownFileType = sourcecode.c.objc; path = main.m; sourceTree = "<group>"; };
		537D222C15FF2374000ABCA6 /* SPiDExampleApp-Prefix.pch */ = {isa = PBXFileReference; lastKnownFileType = sourcecode.c.h; path = "SPiDExampleApp-Prefix.pch"; sourceTree = "<group>"; };
		537D222D15FF2374000ABCA6 /* SPiDExampleAppDelegate.h */ = {isa = PBXFileReference; lastKnownFileType = sourcecode.c.h; path = SPiDExampleAppDelegate.h; sourceTree = "<group>"; };
		537D222E15FF2374000ABCA6 /* SPiDExampleAppDelegate.m */ = {isa = PBXFileReference; lastKnownFileType = sourcecode.c.objc; path = SPiDExampleAppDelegate.m; sourceTree = "<group>"; };
		537D223515FF2374000ABCA6 /* SPiDExampleAppTests.octest */ = {isa = PBXFileReference; explicitFileType = wrapper.cfbundle; includeInIndex = 0; path = SPiDExampleAppTests.octest; sourceTree = BUILT_PRODUCTS_DIR; };
		537D223D15FF2374000ABCA6 /* SPiDExampleAppTests-Info.plist */ = {isa = PBXFileReference; lastKnownFileType = text.plist.xml; path = "SPiDExampleAppTests-Info.plist"; sourceTree = "<group>"; };
		537D223F15FF2374000ABCA6 /* en */ = {isa = PBXFileReference; lastKnownFileType = text.plist.strings; name = en; path = en.lproj/InfoPlist.strings; sourceTree = "<group>"; };
		537D224115FF2374000ABCA6 /* SPiDExampleAppTests.h */ = {isa = PBXFileReference; lastKnownFileType = sourcecode.c.h; path = SPiDExampleAppTests.h; sourceTree = "<group>"; };
		537D224215FF2374000ABCA6 /* SPiDExampleAppTests.m */ = {isa = PBXFileReference; lastKnownFileType = sourcecode.c.objc; path = SPiDExampleAppTests.m; sourceTree = "<group>"; };
		537D224A15FF23BD000ABCA6 /* SPiDSDKLoginTests.h */ = {isa = PBXFileReference; fileEncoding = 4; lastKnownFileType = sourcecode.c.h; name = SPiDSDKLoginTests.h; path = ../../SPiDSDK_old/SPiDSDKTests/SPiDSDKLoginTests.h; sourceTree = "<group>"; };
		537D224B15FF23BD000ABCA6 /* SPiDSDKLoginTests.m */ = {isa = PBXFileReference; fileEncoding = 4; lastKnownFileType = sourcecode.c.objc; name = SPiDSDKLoginTests.m; path = ../../SPiDSDK_old/SPiDSDKTests/SPiDSDKLoginTests.m; sourceTree = "<group>"; };
		538E694216313AA4006890C1 /* icon.png */ = {isa = PBXFileReference; lastKnownFileType = image.png; path = icon.png; sourceTree = "<group>"; };
		538E694316313AA4006890C1 /* icon-retina.png */ = {isa = PBXFileReference; lastKnownFileType = image.png; path = "icon-retina.png"; sourceTree = "<group>"; };
		53989FBE1607186B00CB1BDD /* SPiDLoginView.xib */ = {isa = PBXFileReference; fileEncoding = 4; lastKnownFileType = file.xib; path = SPiDLoginView.xib; sourceTree = "<group>"; };
		53989FC11607199A00CB1BDD /* SPiDLoginViewController.h */ = {isa = PBXFileReference; fileEncoding = 4; lastKnownFileType = sourcecode.c.h; path = SPiDLoginViewController.h; sourceTree = "<group>"; };
		53989FC21607199A00CB1BDD /* SPiDLoginViewController.m */ = {isa = PBXFileReference; fileEncoding = 4; lastKnownFileType = sourcecode.c.objc; path = SPiDLoginViewController.m; sourceTree = "<group>"; };
		53989FC4160726C900CB1BDD /* SPiDMainView.xib */ = {isa = PBXFileReference; fileEncoding = 4; lastKnownFileType = file.xib; path = SPiDMainView.xib; sourceTree = "<group>"; };
		539B8468162FF8E60066EB89 /* UIKit.framework */ = {isa = PBXFileReference; lastKnownFileType = wrapper.framework; name = UIKit.framework; path = System/Library/Frameworks/UIKit.framework; sourceTree = SDKROOT; };
		53A690EC1600B7C700ECFA5E /* SystemConfiguration.framework */ = {isa = PBXFileReference; lastKnownFileType = wrapper.framework; name = SystemConfiguration.framework; path = System/Library/Frameworks/SystemConfiguration.framework; sourceTree = SDKROOT; };
		E304E028433CF8954B044781 /* SPiDJwt.h */ = {isa = PBXFileReference; fileEncoding = 4; lastKnownFileType = sourcecode.c.h; path = SPiDJwt.h; sourceTree = "<group>"; };
		E304E16FAB2E2242CB775D79 /* facebook-login-button-small@2x.png */ = {isa = PBXFileReference; lastKnownFileType = image.png; path = "facebook-login-button-small@2x.png"; sourceTree = "<group>"; };
		E304E18838B69AB7C22D2017 /* LoginViewController.h */ = {isa = PBXFileReference; fileEncoding = 4; lastKnownFileType = sourcecode.c.h; path = LoginViewController.h; sourceTree = "<group>"; };
		E304E189CF307C539E49A2A1 /* README.markdown */ = {isa = PBXFileReference; lastKnownFileType = text; path = README.markdown; sourceTree = "<group>"; };
		E304E1D5F9987092B6438572 /* SPiDJwt.m */ = {isa = PBXFileReference; fileEncoding = 4; lastKnownFileType = sourcecode.c.objc; path = SPiDJwt.m; sourceTree = "<group>"; };
		E304E24883200DCA88A4E70C /* NSError+SPiDError.m */ = {isa = PBXFileReference; fileEncoding = 4; lastKnownFileType = sourcecode.c.objc; path = "NSError+SPiDError.m"; sourceTree = "<group>"; };
		E304E27376450C44AB802870 /* SPiDUtils.h */ = {isa = PBXFileReference; fileEncoding = 4; lastKnownFileType = sourcecode.c.h; path = SPiDUtils.h; sourceTree = "<group>"; };
		E304E28946789A36FF358EC0 /* SignUpViewController.m */ = {isa = PBXFileReference; fileEncoding = 4; lastKnownFileType = sourcecode.c.objc; path = SignUpViewController.m; sourceTree = "<group>"; };
		E304E28E9E0B4E40E2DBED48 /* Default-568h@2x.png */ = {isa = PBXFileReference; lastKnownFileType = image.png; path = "Default-568h@2x.png"; sourceTree = "<group>"; };
		E304E29BE892318CE0CCF648 /* SPiDRequest.h */ = {isa = PBXFileReference; fileEncoding = 4; lastKnownFileType = sourcecode.c.h; path = SPiDRequest.h; sourceTree = "<group>"; };
		E304E3A27E565B0BF8A5D1C2 /* NSString+Crypto.h */ = {isa = PBXFileReference; fileEncoding = 4; lastKnownFileType = sourcecode.c.h; path = "NSString+Crypto.h"; sourceTree = "<group>"; };
		E304E3BCC47DB5D09ED73E01 /* facebook-login-button-small-pressed.png */ = {isa = PBXFileReference; lastKnownFileType = image.png; path = "facebook-login-button-small-pressed.png"; sourceTree = "<group>"; };
		E304E3E1E2B498D92CBE1882 /* SPiDTokenRequest.m */ = {isa = PBXFileReference; fileEncoding = 4; lastKnownFileType = sourcecode.c.objc; path = SPiDTokenRequest.m; sourceTree = "<group>"; };
		E304E4602FCA00B6130BF009 /* red_button.png */ = {isa = PBXFileReference; lastKnownFileType = image.png; path = red_button.png; sourceTree = "<group>"; };
		E304E4D3494537377633CA3E /* NSError+SPiDError.h */ = {isa = PBXFileReference; fileEncoding = 4; lastKnownFileType = sourcecode.c.h; path = "NSError+SPiDError.h"; sourceTree = "<group>"; };
		E304E562CF026A8519F40E75 /* FacebookLoginViewController.h */ = {isa = PBXFileReference; fileEncoding = 4; lastKnownFileType = sourcecode.c.h; path = FacebookLoginViewController.h; sourceTree = "<group>"; };
		E304E5B7F36284D3BBC4AD3D /* FacebookLoginViewController.m */ = {isa = PBXFileReference; fileEncoding = 4; lastKnownFileType = sourcecode.c.objc; path = FacebookLoginViewController.m; sourceTree = "<group>"; };
		E304E61B34D176733C911367 /* NSData+Base64.m */ = {isa = PBXFileReference; fileEncoding = 4; lastKnownFileType = sourcecode.c.objc; path = "NSData+Base64.m"; sourceTree = "<group>"; };
		E304E682B974C240DE9BC5E1 /* SPiDUtils.m */ = {isa = PBXFileReference; fileEncoding = 4; lastKnownFileType = sourcecode.c.objc; path = SPiDUtils.m; sourceTree = "<group>"; };
		E304E6890F6FC039FC1AECCB /* SPiDAuthorizationRequest.h */ = {isa = PBXFileReference; fileEncoding = 4; lastKnownFileType = sourcecode.c.h; path = SPiDAuthorizationRequest.h; sourceTree = "<group>"; };
		E304E719EC65DE9788499BD0 /* red_button.png */ = {isa = PBXFileReference; lastKnownFileType = image.png; path = red_button.png; sourceTree = "<group>"; };
		E304E74CE552DDD7DA85CADB /* SPiDResponse.h */ = {isa = PBXFileReference; fileEncoding = 4; lastKnownFileType = sourcecode.c.h; path = SPiDResponse.h; sourceTree = "<group>"; };
		E304E78AD685949E4766960F /* facebook-login-button-small.png */ = {isa = PBXFileReference; lastKnownFileType = image.png; path = "facebook-login-button-small.png"; sourceTree = "<group>"; };
		E304E7CA07B5345E3D5632D9 /* TermsViewController.m */ = {isa = PBXFileReference; fileEncoding = 4; lastKnownFileType = sourcecode.c.objc; path = TermsViewController.m; sourceTree = "<group>"; };
		E304E7EE2A65B25A228D8133 /* LoginViewController.m */ = {isa = PBXFileReference; fileEncoding = 4; lastKnownFileType = sourcecode.c.objc; path = LoginViewController.m; sourceTree = "<group>"; };
		E304E809BD21771F4972CA71 /* MainViewController.m */ = {isa = PBXFileReference; fileEncoding = 4; lastKnownFileType = sourcecode.c.objc; path = MainViewController.m; sourceTree = "<group>"; };
		E304E82E31EF2B3A2975D93C /* NSString+Crypto.m */ = {isa = PBXFileReference; fileEncoding = 4; lastKnownFileType = sourcecode.c.objc; path = "NSString+Crypto.m"; sourceTree = "<group>"; };
		E304E84CBC42440BD70D5DE3 /* SPiDAccessToken.h */ = {isa = PBXFileReference; fileEncoding = 4; lastKnownFileType = sourcecode.c.h; path = SPiDAccessToken.h; sourceTree = "<group>"; };
		E304E86B163571BA2FDCE5BD /* SPiDKeychainWrapper.m */ = {isa = PBXFileReference; fileEncoding = 4; lastKnownFileType = sourcecode.c.objc; path = SPiDKeychainWrapper.m; sourceTree = "<group>"; };
		E304E8EE461D81FA4D084AC8 /* SPiDUser.h */ = {isa = PBXFileReference; fileEncoding = 4; lastKnownFileType = sourcecode.c.h; path = SPiDUser.h; sourceTree = "<group>"; };
		E304E93DD2773BD78706B78C /* SPiDUser.m */ = {isa = PBXFileReference; fileEncoding = 4; lastKnownFileType = sourcecode.c.objc; path = SPiDUser.m; sourceTree = "<group>"; };
		E304E99B5C79CF60749D65AE /* red_button@2x.png */ = {isa = PBXFileReference; lastKnownFileType = image.png; path = "red_button@2x.png"; sourceTree = "<group>"; };
		E304E9BAD5499EEFE7846D26 /* Default@2x.png */ = {isa = PBXFileReference; lastKnownFileType = image.png; path = "Default@2x.png"; sourceTree = "<group>"; };
		E304E9C449C522B81621B33E /* SPiDAccessToken.m */ = {isa = PBXFileReference; fileEncoding = 4; lastKnownFileType = sourcecode.c.objc; path = SPiDAccessToken.m; sourceTree = "<group>"; };
		E304EA067760998928321774 /* SPiDMainViewController.m */ = {isa = PBXFileReference; fileEncoding = 4; lastKnownFileType = sourcecode.c.objc; path = SPiDMainViewController.m; sourceTree = "<group>"; };
		E304EB249FB072F13F1947F9 /* SPiDRequest.m */ = {isa = PBXFileReference; fileEncoding = 4; lastKnownFileType = sourcecode.c.objc; path = SPiDRequest.m; sourceTree = "<group>"; };
		E304EBBE8E785BB3E2CF9D26 /* SPiDAuthorizationRequest.m */ = {isa = PBXFileReference; fileEncoding = 4; lastKnownFileType = sourcecode.c.objc; path = SPiDAuthorizationRequest.m; sourceTree = "<group>"; };
		E304EC34E54EE6F302C3BE2A /* red_button@2x.png */ = {isa = PBXFileReference; lastKnownFileType = image.png; path = "red_button@2x.png"; sourceTree = "<group>"; };
		E304EC3BEEF375752E9E16CE /* MainViewController.h */ = {isa = PBXFileReference; fileEncoding = 4; lastKnownFileType = sourcecode.c.h; path = MainViewController.h; sourceTree = "<group>"; };
		E304ECEC953C2E9C143FD9E2 /* Security.framework */ = {isa = PBXFileReference; lastKnownFileType = wrapper.framework; name = Security.framework; path = System/Library/Frameworks/Security.framework; sourceTree = SDKROOT; };
		E304ED5327F4289586BCF80C /* SignUpViewController.h */ = {isa = PBXFileReference; fileEncoding = 4; lastKnownFileType = sourcecode.c.h; path = SignUpViewController.h; sourceTree = "<group>"; };
		E304EDA55B1715BF5E738193 /* SPiDResponse.m */ = {isa = PBXFileReference; fileEncoding = 4; lastKnownFileType = sourcecode.c.objc; path = SPiDResponse.m; sourceTree = "<group>"; };
		E304EE605678587B7175FCB0 /* MainViewController.m */ = {isa = PBXFileReference; fileEncoding = 4; lastKnownFileType = sourcecode.c.objc; path = MainViewController.m; sourceTree = "<group>"; };
		E304EE911E35212A60E66C70 /* SPiDMainViewController.h */ = {isa = PBXFileReference; fileEncoding = 4; lastKnownFileType = sourcecode.c.h; path = SPiDMainViewController.h; sourceTree = "<group>"; };
		E304EEEC8E2D4142778A0E10 /* SPiDTokenRequest.h */ = {isa = PBXFileReference; fileEncoding = 4; lastKnownFileType = sourcecode.c.h; path = SPiDTokenRequest.h; sourceTree = "<group>"; };
		E304EF0069F03FFE596FC8B1 /* facebook-login-button-small-pressed@2x.png */ = {isa = PBXFileReference; lastKnownFileType = image.png; path = "facebook-login-button-small-pressed@2x.png"; sourceTree = "<group>"; };
		E304EF216D40E5A826067322 /* SPiDKeychainWrapper.h */ = {isa = PBXFileReference; fileEncoding = 4; lastKnownFileType = sourcecode.c.h; path = SPiDKeychainWrapper.h; sourceTree = "<group>"; };
		E304EF927327F5217C9FBBD0 /* Default.png */ = {isa = PBXFileReference; lastKnownFileType = image.png; path = Default.png; sourceTree = "<group>"; };
		E304EFCE17629039E0973340 /* TermsViewController.h */ = {isa = PBXFileReference; fileEncoding = 4; lastKnownFileType = sourcecode.c.h; path = TermsViewController.h; sourceTree = "<group>"; };
		E304EFE5D26F7D58C09687E6 /* NSData+Base64.h */ = {isa = PBXFileReference; fileEncoding = 4; lastKnownFileType = sourcecode.c.h; path = "NSData+Base64.h"; sourceTree = "<group>"; };
/* End PBXFileReference section */

/* Begin PBXFrameworksBuildPhase section */
		532B21B016AD5737000DBA55 /* Frameworks */ = {
			isa = PBXFrameworksBuildPhase;
			buildActionMask = 2147483647;
			files = (
				5306209B16C1376F001B2A08 /* Accounts.framework in Frameworks */,
				5306209916C13764001B2A08 /* AdSupport.framework in Frameworks */,
				5306209716C1375D001B2A08 /* Social.framework in Frameworks */,
				5306208B16C12440001B2A08 /* Security.framework in Frameworks */,
				5306208816C10B12001B2A08 /* libSPiDSDK.a in Frameworks */,
				532B21B516AD5737000DBA55 /* UIKit.framework in Frameworks */,
				532B21B616AD5737000DBA55 /* Foundation.framework in Frameworks */,
				532B21B716AD5737000DBA55 /* CoreGraphics.framework in Frameworks */,
				5306208E16C13374001B2A08 /* FacebookSDK.framework in Frameworks */,
			);
			runOnlyForDeploymentPostprocessing = 0;
		};
		532B21CB16AD5737000DBA55 /* Frameworks */ = {
			isa = PBXFrameworksBuildPhase;
			buildActionMask = 2147483647;
			files = (
				532B21D016AD5737000DBA55 /* SenTestingKit.framework in Frameworks */,
				532B21D116AD5737000DBA55 /* UIKit.framework in Frameworks */,
				532B21D216AD5737000DBA55 /* Foundation.framework in Frameworks */,
			);
			runOnlyForDeploymentPostprocessing = 0;
		};
		532B21E516AD5786000DBA55 /* Frameworks */ = {
			isa = PBXFrameworksBuildPhase;
			buildActionMask = 2147483647;
			files = (
				53220F2816BFB13300332D65 /* CoreText.framework in Frameworks */,
				534D652816AD942400088B3D /* Security.framework in Frameworks */,
				534D652016AD896600088B3D /* libSPiDSDK.a in Frameworks */,
				532B21EA16AD5786000DBA55 /* UIKit.framework in Frameworks */,
				532B21EB16AD5786000DBA55 /* Foundation.framework in Frameworks */,
				532B21EC16AD5786000DBA55 /* CoreGraphics.framework in Frameworks */,
			);
			runOnlyForDeploymentPostprocessing = 0;
		};
		532B220016AD5786000DBA55 /* Frameworks */ = {
			isa = PBXFrameworksBuildPhase;
			buildActionMask = 2147483647;
			files = (
				532B220516AD5786000DBA55 /* SenTestingKit.framework in Frameworks */,
				532B220616AD5786000DBA55 /* UIKit.framework in Frameworks */,
				532B220716AD5786000DBA55 /* Foundation.framework in Frameworks */,
			);
			runOnlyForDeploymentPostprocessing = 0;
		};
		537D21EC15FF224C000ABCA6 /* Frameworks */ = {
			isa = PBXFrameworksBuildPhase;
			buildActionMask = 2147483647;
			files = (
				534D652116AD937F00088B3D /* Security.framework in Frameworks */,
				539B8469162FF8E60066EB89 /* UIKit.framework in Frameworks */,
				537D21F315FF224C000ABCA6 /* Foundation.framework in Frameworks */,
				5306208D16C13288001B2A08 /* FacebookSDK.framework in Frameworks */,
			);
			runOnlyForDeploymentPostprocessing = 0;
		};
		537D21FC15FF224C000ABCA6 /* Frameworks */ = {
			isa = PBXFrameworksBuildPhase;
			buildActionMask = 2147483647;
			files = (
				537D220215FF224C000ABCA6 /* SenTestingKit.framework in Frameworks */,
				537D220515FF224C000ABCA6 /* Foundation.framework in Frameworks */,
				537D220815FF224C000ABCA6 /* libSPiDSDK.a in Frameworks */,
			);
			runOnlyForDeploymentPostprocessing = 0;
		};
		537D221B15FF2374000ABCA6 /* Frameworks */ = {
			isa = PBXFrameworksBuildPhase;
			buildActionMask = 2147483647;
			files = (
				537EFFD216B6A912008069DC /* UIKit.framework in Frameworks */,
				537EFFD116B6A888008069DC /* libSPiDSDK.a in Frameworks */,
				53A690ED1600B7C700ECFA5E /* SystemConfiguration.framework in Frameworks */,
				537D222115FF2374000ABCA6 /* Foundation.framework in Frameworks */,
				537D222315FF2374000ABCA6 /* CoreGraphics.framework in Frameworks */,
				E304E6CE390767859B6A31AB /* Security.framework in Frameworks */,
			);
			runOnlyForDeploymentPostprocessing = 0;
		};
		537D223115FF2374000ABCA6 /* Frameworks */ = {
			isa = PBXFrameworksBuildPhase;
			buildActionMask = 2147483647;
			files = (
				537D223615FF2374000ABCA6 /* SenTestingKit.framework in Frameworks */,
				537D223815FF2374000ABCA6 /* Foundation.framework in Frameworks */,
			);
			runOnlyForDeploymentPostprocessing = 0;
		};
/* End PBXFrameworksBuildPhase section */

/* Begin PBXGroup section */
		532B21B816AD5737000DBA55 /* SPiDFacebookApp */ = {
			isa = PBXGroup;
			children = (
				532B21C116AD5737000DBA55 /* SPiDFacebookAppDelegate.h */,
				532B21C216AD5737000DBA55 /* SPiDFacebookAppDelegate.m */,
				532B21B916AD5737000DBA55 /* Supporting Files */,
				E304EE605678587B7175FCB0 /* MainViewController.m */,
				E304EC3BEEF375752E9E16CE /* MainViewController.h */,
				E304E5B7F36284D3BBC4AD3D /* FacebookLoginViewController.m */,
				E304E562CF026A8519F40E75 /* FacebookLoginViewController.h */,
			);
			path = SPiDFacebookApp;
			sourceTree = "<group>";
		};
		532B21B916AD5737000DBA55 /* Supporting Files */ = {
			isa = PBXGroup;
			children = (
				532B21BA16AD5737000DBA55 /* SPiDFacebookApp-Info.plist */,
				532B21BB16AD5737000DBA55 /* InfoPlist.strings */,
				532B21BE16AD5737000DBA55 /* main.m */,
				532B21C016AD5737000DBA55 /* SPiDFacebookApp-Prefix.pch */,
				532B21C416AD5737000DBA55 /* Default.png */,
				532B21C616AD5737000DBA55 /* Default@2x.png */,
				532B21C816AD5737000DBA55 /* Default-568h@2x.png */,
				E304E3BCC47DB5D09ED73E01 /* facebook-login-button-small-pressed.png */,
				E304EF0069F03FFE596FC8B1 /* facebook-login-button-small-pressed@2x.png */,
				E304E78AD685949E4766960F /* facebook-login-button-small.png */,
				E304E16FAB2E2242CB775D79 /* facebook-login-button-small@2x.png */,
				E304E719EC65DE9788499BD0 /* red_button.png */,
				E304E99B5C79CF60749D65AE /* red_button@2x.png */,
			);
			name = "Supporting Files";
			sourceTree = "<group>";
		};
		532B21D516AD5737000DBA55 /* SPiDFacebookAppTests */ = {
			isa = PBXGroup;
			children = (
				532B21DB16AD5737000DBA55 /* SPiDFacebookAppTests.h */,
				532B21DC16AD5737000DBA55 /* SPiDFacebookAppTests.m */,
				532B21D616AD5737000DBA55 /* Supporting Files */,
			);
			path = SPiDFacebookAppTests;
			sourceTree = "<group>";
		};
		532B21D616AD5737000DBA55 /* Supporting Files */ = {
			isa = PBXGroup;
			children = (
				532B21D716AD5737000DBA55 /* SPiDFacebookAppTests-Info.plist */,
				532B21D816AD5737000DBA55 /* InfoPlist.strings */,
			);
			name = "Supporting Files";
			sourceTree = "<group>";
		};
		532B21ED16AD5786000DBA55 /* SPiDNativeApp */ = {
			isa = PBXGroup;
			children = (
				532B21F616AD5786000DBA55 /* SPiDNativeAppDelegate.h */,
				532B21F716AD5786000DBA55 /* SPiDNativeAppDelegate.m */,
				532B21EE16AD5786000DBA55 /* Supporting Files */,
				E304E7EE2A65B25A228D8133 /* LoginViewController.m */,
				E304E18838B69AB7C22D2017 /* LoginViewController.h */,
				E304E28946789A36FF358EC0 /* SignUpViewController.m */,
				E304ED5327F4289586BCF80C /* SignUpViewController.h */,
				E304E809BD21771F4972CA71 /* MainViewController.m */,
				5306208716C082B8001B2A08 /* MainViewController.h */,
				E304E7CA07B5345E3D5632D9 /* TermsViewController.m */,
				E304EFCE17629039E0973340 /* TermsViewController.h */,
			);
			path = SPiDNativeApp;
			sourceTree = "<group>";
		};
		532B21EE16AD5786000DBA55 /* Supporting Files */ = {
			isa = PBXGroup;
			children = (
				532B21EF16AD5786000DBA55 /* SPiDNativeApp-Info.plist */,
				532B21F016AD5786000DBA55 /* InfoPlist.strings */,
				532B21F316AD5786000DBA55 /* main.m */,
				532B21F516AD5786000DBA55 /* SPiDNativeApp-Prefix.pch */,
				532B21F916AD5786000DBA55 /* Default.png */,
				532B21FB16AD5786000DBA55 /* Default@2x.png */,
				532B21FD16AD5786000DBA55 /* Default-568h@2x.png */,
				E304E4602FCA00B6130BF009 /* red_button.png */,
				E304EC34E54EE6F302C3BE2A /* red_button@2x.png */,
			);
			name = "Supporting Files";
			sourceTree = "<group>";
		};
		532B220A16AD5786000DBA55 /* SPiDNativeAppTests */ = {
			isa = PBXGroup;
			children = (
				532B221016AD5787000DBA55 /* SPiDNativeAppTests.h */,
				532B221116AD5787000DBA55 /* SPiDNativeAppTests.m */,
				532B220B16AD5787000DBA55 /* Supporting Files */,
			);
			path = SPiDNativeAppTests;
			sourceTree = "<group>";
		};
		532B220B16AD5787000DBA55 /* Supporting Files */ = {
			isa = PBXGroup;
			children = (
				532B220C16AD5787000DBA55 /* SPiDNativeAppTests-Info.plist */,
				532B220D16AD5787000DBA55 /* InfoPlist.strings */,
			);
			name = "Supporting Files";
			sourceTree = "<group>";
		};
		537D21E415FF224C000ABCA6 = {
			isa = PBXGroup;
			children = (
				5306209A16C1376F001B2A08 /* Accounts.framework */,
				5306209816C13764001B2A08 /* AdSupport.framework */,
				5306209616C1375D001B2A08 /* Social.framework */,
				537D21F415FF224C000ABCA6 /* SPiDSDK */,
				537D220915FF224C000ABCA6 /* SPiDSDKTests */,
				537D222415FF2374000ABCA6 /* SPiDExampleApp */,
				537D223B15FF2374000ABCA6 /* SPiDExampleAppTests */,
				532B21B816AD5737000DBA55 /* SPiDFacebookApp */,
				532B21D516AD5737000DBA55 /* SPiDFacebookAppTests */,
				532B21ED16AD5786000DBA55 /* SPiDNativeApp */,
				532B220A16AD5786000DBA55 /* SPiDNativeAppTests */,
				537D21F115FF224C000ABCA6 /* Frameworks */,
				537D21F015FF224C000ABCA6 /* Products */,
				5340F74516197A6700B990C4 /* AppledocSettings.plist */,
				E304E189CF307C539E49A2A1 /* README.markdown */,
			);
			sourceTree = "<group>";
		};
		537D21F015FF224C000ABCA6 /* Products */ = {
			isa = PBXGroup;
			children = (
				537D21EF15FF224C000ABCA6 /* libSPiDSDK.a */,
				537D220015FF224C000ABCA6 /* SPiDSDKTests.octest */,
				537D221E15FF2374000ABCA6 /* SPiDExampleApp.app */,
				537D223515FF2374000ABCA6 /* SPiDExampleAppTests.octest */,
				532B21B316AD5737000DBA55 /* SPiDFacebookApp.app */,
				532B21CF16AD5737000DBA55 /* SPiDFacebookAppTests.octest */,
				532B21E816AD5786000DBA55 /* SPiDNativeApp.app */,
				532B220416AD5786000DBA55 /* SPiDNativeAppTests.octest */,
			);
			name = Products;
			sourceTree = "<group>";
		};
		537D21F115FF224C000ABCA6 /* Frameworks */ = {
			isa = PBXGroup;
			children = (
				5306208F16C13650001B2A08 /* FacebookSDKResources.bundle */,
				5306208C16C13288001B2A08 /* FacebookSDK.framework */,
				53220F2716BFB13300332D65 /* CoreText.framework */,
				539B8468162FF8E60066EB89 /* UIKit.framework */,
				E304ECEC953C2E9C143FD9E2 /* Security.framework */,
				53A690EC1600B7C700ECFA5E /* SystemConfiguration.framework */,
				537D21F215FF224C000ABCA6 /* Foundation.framework */,
				537D220115FF224C000ABCA6 /* SenTestingKit.framework */,
				537D222215FF2374000ABCA6 /* CoreGraphics.framework */,
			);
			name = Frameworks;
			sourceTree = "<group>";
		};
		537D21F415FF224C000ABCA6 /* SPiDSDK */ = {
			isa = PBXGroup;
			children = (
				E304E4D3494537377633CA3E /* NSError+SPiDError.h */,
				E304E24883200DCA88A4E70C /* NSError+SPiDError.m */,
				E304EF216D40E5A826067322 /* SPiDKeychainWrapper.h */,
				E304E86B163571BA2FDCE5BD /* SPiDKeychainWrapper.m */,
				E304E84CBC42440BD70D5DE3 /* SPiDAccessToken.h */,
				E304E9C449C522B81621B33E /* SPiDAccessToken.m */,
				E304E6890F6FC039FC1AECCB /* SPiDAuthorizationRequest.h */,
				E304EBBE8E785BB3E2CF9D26 /* SPiDAuthorizationRequest.m */,
				E304EDA55B1715BF5E738193 /* SPiDResponse.m */,
				E304E74CE552DDD7DA85CADB /* SPiDResponse.h */,
				E304E29BE892318CE0CCF648 /* SPiDRequest.h */,
				E304EB249FB072F13F1947F9 /* SPiDRequest.m */,
				E304E27376450C44AB802870 /* SPiDUtils.h */,
				E304E682B974C240DE9BC5E1 /* SPiDUtils.m */,
				537D21F515FF224C000ABCA6 /* Supporting Files */,
				535AA9B415FF31AD00D9F52B /* SPiDClient.h */,
				535AA9B515FF31AD00D9F52B /* SPiDClient.m */,
				E304E61B34D176733C911367 /* NSData+Base64.m */,
				E304EFE5D26F7D58C09687E6 /* NSData+Base64.h */,
				E304E3E1E2B498D92CBE1882 /* SPiDTokenRequest.m */,
				E304EEEC8E2D4142778A0E10 /* SPiDTokenRequest.h */,
				E304E1D5F9987092B6438572 /* SPiDJwt.m */,
				E304E028433CF8954B044781 /* SPiDJwt.h */,
				E304E82E31EF2B3A2975D93C /* NSString+Crypto.m */,
				E304E3A27E565B0BF8A5D1C2 /* NSString+Crypto.h */,
				E304E93DD2773BD78706B78C /* SPiDUser.m */,
				E304E8EE461D81FA4D084AC8 /* SPiDUser.h */,
			);
			path = SPiDSDK;
			sourceTree = "<group>";
		};
		537D21F515FF224C000ABCA6 /* Supporting Files */ = {
			isa = PBXGroup;
			children = (
				537D21F615FF224C000ABCA6 /* SPiDSDK-Prefix.pch */,
			);
			name = "Supporting Files";
			sourceTree = "<group>";
		};
		537D220915FF224C000ABCA6 /* SPiDSDKTests */ = {
			isa = PBXGroup;
			children = (
				537D220A15FF224C000ABCA6 /* Supporting Files */,
				537D220F15FF224C000ABCA6 /* SPiDSDKTests.h */,
				537D221015FF224C000ABCA6 /* SPiDSDKTests.m */,
				537D224A15FF23BD000ABCA6 /* SPiDSDKLoginTests.h */,
				537D224B15FF23BD000ABCA6 /* SPiDSDKLoginTests.m */,
			);
			path = SPiDSDKTests;
			sourceTree = "<group>";
		};
		537D220A15FF224C000ABCA6 /* Supporting Files */ = {
			isa = PBXGroup;
			children = (
				537D220B15FF224C000ABCA6 /* SPiDSDKTests-Info.plist */,
				537D220C15FF224C000ABCA6 /* InfoPlist.strings */,
			);
			name = "Supporting Files";
			sourceTree = "<group>";
		};
		537D222415FF2374000ABCA6 /* SPiDExampleApp */ = {
			isa = PBXGroup;
			children = (
				537D222515FF2374000ABCA6 /* Supporting Files */,
				E304EE911E35212A60E66C70 /* SPiDMainViewController.h */,
				E304EA067760998928321774 /* SPiDMainViewController.m */,
				537D222D15FF2374000ABCA6 /* SPiDExampleAppDelegate.h */,
				537D222E15FF2374000ABCA6 /* SPiDExampleAppDelegate.m */,
				53989FC11607199A00CB1BDD /* SPiDLoginViewController.h */,
				53989FC21607199A00CB1BDD /* SPiDLoginViewController.m */,
			);
			path = SPiDExampleApp;
			sourceTree = "<group>";
		};
		537D222515FF2374000ABCA6 /* Supporting Files */ = {
			isa = PBXGroup;
			children = (
				538E694216313AA4006890C1 /* icon.png */,
				538E694316313AA4006890C1 /* icon-retina.png */,
				532BF073160A0A6100FC860E /* SPiDLogo.jpg */,
				537D222615FF2374000ABCA6 /* SPiDExampleApp-Info.plist */,
				537D222A15FF2374000ABCA6 /* main.m */,
				537D222C15FF2374000ABCA6 /* SPiDExampleApp-Prefix.pch */,
				53989FBE1607186B00CB1BDD /* SPiDLoginView.xib */,
				53989FC4160726C900CB1BDD /* SPiDMainView.xib */,
				E304E28E9E0B4E40E2DBED48 /* Default-568h@2x.png */,
				E304EF927327F5217C9FBBD0 /* Default.png */,
				E304E9BAD5499EEFE7846D26 /* Default@2x.png */,
			);
			name = "Supporting Files";
			sourceTree = "<group>";
		};
		537D223B15FF2374000ABCA6 /* SPiDExampleAppTests */ = {
			isa = PBXGroup;
			children = (
				537D224115FF2374000ABCA6 /* SPiDExampleAppTests.h */,
				537D224215FF2374000ABCA6 /* SPiDExampleAppTests.m */,
				537D223C15FF2374000ABCA6 /* Supporting Files */,
			);
			path = SPiDExampleAppTests;
			sourceTree = "<group>";
		};
		537D223C15FF2374000ABCA6 /* Supporting Files */ = {
			isa = PBXGroup;
			children = (
				537D223D15FF2374000ABCA6 /* SPiDExampleAppTests-Info.plist */,
				537D223E15FF2374000ABCA6 /* InfoPlist.strings */,
			);
			name = "Supporting Files";
			sourceTree = "<group>";
		};
/* End PBXGroup section */

/* Begin PBXNativeTarget section */
		532B21B216AD5737000DBA55 /* SPiDFacebookApp */ = {
			isa = PBXNativeTarget;
			buildConfigurationList = 532B21DE16AD5737000DBA55 /* Build configuration list for PBXNativeTarget "SPiDFacebookApp" */;
			buildPhases = (
				532B21AF16AD5737000DBA55 /* Sources */,
				532B21B016AD5737000DBA55 /* Frameworks */,
				532B21B116AD5737000DBA55 /* Resources */,
			);
			buildRules = (
			);
			dependencies = (
				5306208A16C123E1001B2A08 /* PBXTargetDependency */,
			);
			name = SPiDFacebookApp;
			productName = SPiDFacebookApp;
			productReference = 532B21B316AD5737000DBA55 /* SPiDFacebookApp.app */;
			productType = "com.apple.product-type.application";
		};
		532B21CE16AD5737000DBA55 /* SPiDFacebookAppTests */ = {
			isa = PBXNativeTarget;
			buildConfigurationList = 532B21E116AD5737000DBA55 /* Build configuration list for PBXNativeTarget "SPiDFacebookAppTests" */;
			buildPhases = (
				532B21CA16AD5737000DBA55 /* Sources */,
				532B21CB16AD5737000DBA55 /* Frameworks */,
				532B21CC16AD5737000DBA55 /* Resources */,
				532B21CD16AD5737000DBA55 /* ShellScript */,
			);
			buildRules = (
			);
			dependencies = (
				532B21D416AD5737000DBA55 /* PBXTargetDependency */,
			);
			name = SPiDFacebookAppTests;
			productName = SPiDFacebookAppTests;
			productReference = 532B21CF16AD5737000DBA55 /* SPiDFacebookAppTests.octest */;
			productType = "com.apple.product-type.bundle";
		};
		532B21E716AD5786000DBA55 /* SPiDNativeApp */ = {
			isa = PBXNativeTarget;
			buildConfigurationList = 532B221316AD5787000DBA55 /* Build configuration list for PBXNativeTarget "SPiDNativeApp" */;
			buildPhases = (
				532B21E416AD5786000DBA55 /* Sources */,
				532B21E516AD5786000DBA55 /* Frameworks */,
				532B21E616AD5786000DBA55 /* Resources */,
			);
			buildRules = (
			);
			dependencies = (
				532B223E16AD88C3000DBA55 /* PBXTargetDependency */,
			);
			name = SPiDNativeApp;
			productName = SPiDNativeApp;
			productReference = 532B21E816AD5786000DBA55 /* SPiDNativeApp.app */;
			productType = "com.apple.product-type.application";
		};
		532B220316AD5786000DBA55 /* SPiDNativeAppTests */ = {
			isa = PBXNativeTarget;
			buildConfigurationList = 532B221616AD5787000DBA55 /* Build configuration list for PBXNativeTarget "SPiDNativeAppTests" */;
			buildPhases = (
				532B21FF16AD5786000DBA55 /* Sources */,
				532B220016AD5786000DBA55 /* Frameworks */,
				532B220116AD5786000DBA55 /* Resources */,
				532B220216AD5786000DBA55 /* ShellScript */,
			);
			buildRules = (
			);
			dependencies = (
				532B220916AD5786000DBA55 /* PBXTargetDependency */,
			);
			name = SPiDNativeAppTests;
			productName = SPiDNativeAppTests;
			productReference = 532B220416AD5786000DBA55 /* SPiDNativeAppTests.octest */;
			productType = "com.apple.product-type.bundle";
		};
		537D21EE15FF224C000ABCA6 /* SPiDSDK */ = {
			isa = PBXNativeTarget;
			buildConfigurationList = 537D221415FF224C000ABCA6 /* Build configuration list for PBXNativeTarget "SPiDSDK" */;
			buildPhases = (
				537D21EB15FF224C000ABCA6 /* Sources */,
				537D21EC15FF224C000ABCA6 /* Frameworks */,
				537D21ED15FF224C000ABCA6 /* CopyFiles */,
			);
			buildRules = (
			);
			dependencies = (
			);
			name = SPiDSDK;
			productName = SPiDSDK;
			productReference = 537D21EF15FF224C000ABCA6 /* libSPiDSDK.a */;
			productType = "com.apple.product-type.library.static";
		};
		537D21FF15FF224C000ABCA6 /* SPiDSDKTests */ = {
			isa = PBXNativeTarget;
			buildConfigurationList = 537D221715FF224C000ABCA6 /* Build configuration list for PBXNativeTarget "SPiDSDKTests" */;
			buildPhases = (
				537D21FB15FF224C000ABCA6 /* Sources */,
				537D21FC15FF224C000ABCA6 /* Frameworks */,
				537D21FD15FF224C000ABCA6 /* Resources */,
				537D21FE15FF224C000ABCA6 /* ShellScript */,
			);
			buildRules = (
			);
			dependencies = (
				537D220715FF224C000ABCA6 /* PBXTargetDependency */,
			);
			name = SPiDSDKTests;
			productName = SPiDSDKTests;
			productReference = 537D220015FF224C000ABCA6 /* SPiDSDKTests.octest */;
			productType = "com.apple.product-type.bundle";
		};
		537D221D15FF2374000ABCA6 /* SPiDExampleApp */ = {
			isa = PBXNativeTarget;
			buildConfigurationList = 537D224415FF2374000ABCA6 /* Build configuration list for PBXNativeTarget "SPiDExampleApp" */;
			buildPhases = (
				537D221A15FF2374000ABCA6 /* Sources */,
				537D221B15FF2374000ABCA6 /* Frameworks */,
				537D221C15FF2374000ABCA6 /* Resources */,
			);
			buildRules = (
			);
			dependencies = (
				534D651E16AD893000088B3D /* PBXTargetDependency */,
			);
			name = SPiDExampleApp;
			productName = SPiDExampleApp;
			productReference = 537D221E15FF2374000ABCA6 /* SPiDExampleApp.app */;
			productType = "com.apple.product-type.application";
		};
		537D223415FF2374000ABCA6 /* SPiDExampleAppTests */ = {
			isa = PBXNativeTarget;
			buildConfigurationList = 537D224715FF2374000ABCA6 /* Build configuration list for PBXNativeTarget "SPiDExampleAppTests" */;
			buildPhases = (
				537D223015FF2374000ABCA6 /* Sources */,
				537D223115FF2374000ABCA6 /* Frameworks */,
				537D223215FF2374000ABCA6 /* Resources */,
				537D223315FF2374000ABCA6 /* ShellScript */,
			);
			buildRules = (
			);
			dependencies = (
				537D223A15FF2374000ABCA6 /* PBXTargetDependency */,
			);
			name = SPiDExampleAppTests;
			productName = SPiDExampleAppTests;
			productReference = 537D223515FF2374000ABCA6 /* SPiDExampleAppTests.octest */;
			productType = "com.apple.product-type.bundle";
		};
/* End PBXNativeTarget section */

/* Begin PBXProject section */
		537D21E615FF224C000ABCA6 /* Project object */ = {
			isa = PBXProject;
			attributes = {
				LastUpgradeCheck = 0460;
				ORGANIZATIONNAME = "Mikael Lindström";
			};
			buildConfigurationList = 537D21E915FF224C000ABCA6 /* Build configuration list for PBXProject "SPiDSDK" */;
			compatibilityVersion = "Xcode 3.2";
			developmentRegion = English;
			hasScannedForEncodings = 0;
			knownRegions = (
				en,
			);
			mainGroup = 537D21E415FF224C000ABCA6;
			productRefGroup = 537D21F015FF224C000ABCA6 /* Products */;
			projectDirPath = "";
			projectRoot = "";
			targets = (
				537D21EE15FF224C000ABCA6 /* SPiDSDK */,
				537D21FF15FF224C000ABCA6 /* SPiDSDKTests */,
				537D221D15FF2374000ABCA6 /* SPiDExampleApp */,
				537D223415FF2374000ABCA6 /* SPiDExampleAppTests */,
				532B21B216AD5737000DBA55 /* SPiDFacebookApp */,
				532B21CE16AD5737000DBA55 /* SPiDFacebookAppTests */,
				532B21E716AD5786000DBA55 /* SPiDNativeApp */,
				532B220316AD5786000DBA55 /* SPiDNativeAppTests */,
				5365DB2E1615E9B1000AA6BB /* Documentation */,
			);
		};
/* End PBXProject section */

/* Begin PBXResourcesBuildPhase section */
		532B21B116AD5737000DBA55 /* Resources */ = {
			isa = PBXResourcesBuildPhase;
			buildActionMask = 2147483647;
			files = (
				532B21BD16AD5737000DBA55 /* InfoPlist.strings in Resources */,
				532B21C516AD5737000DBA55 /* Default.png in Resources */,
				532B21C716AD5737000DBA55 /* Default@2x.png in Resources */,
				532B21C916AD5737000DBA55 /* Default-568h@2x.png in Resources */,
				E304E31BE819293D63E28557 /* facebook-login-button-small-pressed.png in Resources */,
				E304EBD0A10A44BCB90DB07B /* facebook-login-button-small-pressed@2x.png in Resources */,
				E304E6640827CCA423BA6D78 /* facebook-login-button-small.png in Resources */,
				E304E1EEBBDC204D1E3AB80A /* facebook-login-button-small@2x.png in Resources */,
				5306209516C1372F001B2A08 /* FacebookSDKResources.bundle in Resources */,
				E304E7AE251C3D4C8DC110D9 /* red_button.png in Resources */,
				E304ECD70A207DA0F4170D05 /* red_button@2x.png in Resources */,
			);
			runOnlyForDeploymentPostprocessing = 0;
		};
		532B21CC16AD5737000DBA55 /* Resources */ = {
			isa = PBXResourcesBuildPhase;
			buildActionMask = 2147483647;
			files = (
				532B21DA16AD5737000DBA55 /* InfoPlist.strings in Resources */,
				5306209016C13650001B2A08 /* FacebookSDKResources.bundle in Resources */,
			);
			runOnlyForDeploymentPostprocessing = 0;
		};
		532B21E616AD5786000DBA55 /* Resources */ = {
			isa = PBXResourcesBuildPhase;
			buildActionMask = 2147483647;
			files = (
				532B21F216AD5786000DBA55 /* InfoPlist.strings in Resources */,
				532B21FA16AD5786000DBA55 /* Default.png in Resources */,
				532B21FC16AD5786000DBA55 /* Default@2x.png in Resources */,
				532B21FE16AD5786000DBA55 /* Default-568h@2x.png in Resources */,
				E304E62AC86C9650891094B6 /* red_button.png in Resources */,
				E304E541F1BE6AC6573A7BC0 /* red_button@2x.png in Resources */,
			);
			runOnlyForDeploymentPostprocessing = 0;
		};
		532B220116AD5786000DBA55 /* Resources */ = {
			isa = PBXResourcesBuildPhase;
			buildActionMask = 2147483647;
			files = (
				532B220F16AD5787000DBA55 /* InfoPlist.strings in Resources */,
			);
			runOnlyForDeploymentPostprocessing = 0;
		};
		537D21FD15FF224C000ABCA6 /* Resources */ = {
			isa = PBXResourcesBuildPhase;
			buildActionMask = 2147483647;
			files = (
				537D220E15FF224C000ABCA6 /* InfoPlist.strings in Resources */,
			);
			runOnlyForDeploymentPostprocessing = 0;
		};
		537D221C15FF2374000ABCA6 /* Resources */ = {
			isa = PBXResourcesBuildPhase;
			buildActionMask = 2147483647;
			files = (
				53989FBF1607186B00CB1BDD /* SPiDLoginView.xib in Resources */,
				53989FC5160726C900CB1BDD /* SPiDMainView.xib in Resources */,
				532BF074160A0A6100FC860E /* SPiDLogo.jpg in Resources */,
				E304E9D1EC52036778DAA55D /* Default-568h@2x.png in Resources */,
				E304EAD8A6D8219C8A7C5CD3 /* Default.png in Resources */,
				E304E44AB90F3FCE432BB08D /* Default@2x.png in Resources */,
				538E694416313AA4006890C1 /* icon.png in Resources */,
				538E694516313AA4006890C1 /* icon-retina.png in Resources */,
			);
			runOnlyForDeploymentPostprocessing = 0;
		};
		537D223215FF2374000ABCA6 /* Resources */ = {
			isa = PBXResourcesBuildPhase;
			buildActionMask = 2147483647;
			files = (
				537D224015FF2374000ABCA6 /* InfoPlist.strings in Resources */,
			);
			runOnlyForDeploymentPostprocessing = 0;
		};
/* End PBXResourcesBuildPhase section */

/* Begin PBXShellScriptBuildPhase section */
		532B21CD16AD5737000DBA55 /* ShellScript */ = {
			isa = PBXShellScriptBuildPhase;
			buildActionMask = 2147483647;
			files = (
			);
			inputPaths = (
			);
			outputPaths = (
			);
			runOnlyForDeploymentPostprocessing = 0;
			shellPath = /bin/sh;
			shellScript = "# Run the unit tests in this test bundle.\n\"${SYSTEM_DEVELOPER_DIR}/Tools/RunUnitTests\"\n";
		};
		532B220216AD5786000DBA55 /* ShellScript */ = {
			isa = PBXShellScriptBuildPhase;
			buildActionMask = 2147483647;
			files = (
			);
			inputPaths = (
			);
			outputPaths = (
			);
			runOnlyForDeploymentPostprocessing = 0;
			shellPath = /bin/sh;
			shellScript = "# Run the unit tests in this test bundle.\n\"${SYSTEM_DEVELOPER_DIR}/Tools/RunUnitTests\"\n";
		};
		5365DB321615E9C1000AA6BB /* ShellScript */ = {
			isa = PBXShellScriptBuildPhase;
			buildActionMask = 2147483647;
			files = (
			);
			inputPaths = (
			);
			outputPaths = (
			);
			runOnlyForDeploymentPostprocessing = 0;
			shellPath = /bin/sh;
			shellScript = "/usr/local/bin/appledoc $SOURCE_ROOT/AppledocSettings.plist $SOURCE_ROOT/SPiDSDK";
		};
		537D21FE15FF224C000ABCA6 /* ShellScript */ = {
			isa = PBXShellScriptBuildPhase;
			buildActionMask = 2147483647;
			files = (
			);
			inputPaths = (
			);
			outputPaths = (
			);
			runOnlyForDeploymentPostprocessing = 0;
			shellPath = /bin/sh;
			shellScript = "# Run the unit tests in this test bundle.\n\"${SYSTEM_DEVELOPER_DIR}/Tools/RunUnitTests\"\n";
		};
		537D223315FF2374000ABCA6 /* ShellScript */ = {
			isa = PBXShellScriptBuildPhase;
			buildActionMask = 2147483647;
			files = (
			);
			inputPaths = (
			);
			outputPaths = (
			);
			runOnlyForDeploymentPostprocessing = 0;
			shellPath = /bin/sh;
			shellScript = "# Run the unit tests in this test bundle.\n\"${SYSTEM_DEVELOPER_DIR}/Tools/RunUnitTests\"\n";
		};
/* End PBXShellScriptBuildPhase section */

/* Begin PBXSourcesBuildPhase section */
		532B21AF16AD5737000DBA55 /* Sources */ = {
			isa = PBXSourcesBuildPhase;
			buildActionMask = 2147483647;
			files = (
				532B21BF16AD5737000DBA55 /* main.m in Sources */,
				532B21C316AD5737000DBA55 /* SPiDFacebookAppDelegate.m in Sources */,
				E304E452044155187E8DB9B7 /* MainViewController.m in Sources */,
				E304E0AE6047B3934ABC68A6 /* FacebookLoginViewController.m in Sources */,
			);
			runOnlyForDeploymentPostprocessing = 0;
		};
		532B21CA16AD5737000DBA55 /* Sources */ = {
			isa = PBXSourcesBuildPhase;
			buildActionMask = 2147483647;
			files = (
				532B21DD16AD5737000DBA55 /* SPiDFacebookAppTests.m in Sources */,
			);
			runOnlyForDeploymentPostprocessing = 0;
		};
		532B21E416AD5786000DBA55 /* Sources */ = {
			isa = PBXSourcesBuildPhase;
			buildActionMask = 2147483647;
			files = (
				532B21F416AD5786000DBA55 /* main.m in Sources */,
				532B21F816AD5786000DBA55 /* SPiDNativeAppDelegate.m in Sources */,
				E304E5886D575207EE4574AD /* LoginViewController.m in Sources */,
				E304E6C8D41DFF94D38EB78B /* SignUpViewController.m in Sources */,
				E304E729715A2E316DA6D29C /* MainViewController.m in Sources */,
				E304E8380C41C1C4EED2F62F /* TermsViewController.m in Sources */,
			);
			runOnlyForDeploymentPostprocessing = 0;
		};
		532B21FF16AD5786000DBA55 /* Sources */ = {
			isa = PBXSourcesBuildPhase;
			buildActionMask = 2147483647;
			files = (
				532B221216AD5787000DBA55 /* SPiDNativeAppTests.m in Sources */,
			);
			runOnlyForDeploymentPostprocessing = 0;
		};
		537D21EB15FF224C000ABCA6 /* Sources */ = {
			isa = PBXSourcesBuildPhase;
			buildActionMask = 2147483647;
			files = (
				535AA9B615FF31AD00D9F52B /* SPiDClient.m in Sources */,
				E304ECB0B148F9752A1A638B /* SPiDUtils.m in Sources */,
				E304EC48AB115EA9F88948A4 /* SPiDRequest.m in Sources */,
				E304E08A2EC951CAD3D1E5EB /* SPiDResponse.m in Sources */,
				E304EFAA285132C8F5AEACFD /* SPiDAuthorizationRequest.m in Sources */,
				E304E0D6037916A5052F883F /* SPiDAccessToken.m in Sources */,
				E304EA4A8D3C359B6AB32E1D /* SPiDKeychainWrapper.m in Sources */,
				E304E5C0409AACEABCFE6A9D /* NSError+SPiDError.m in Sources */,
				E304E1B6830AA2DC9E0934BB /* NSData+Base64.m in Sources */,
				E304E945CCFF8AF17A52C9DD /* SPiDTokenRequest.m in Sources */,
				E304E721E11E58542E6AA266 /* SPiDJwt.m in Sources */,
				E304EE6DA23B3914F1207D76 /* NSString+Crypto.m in Sources */,
				E304EFDA1BBFBD96DA46233F /* SPiDUser.m in Sources */,
			);
			runOnlyForDeploymentPostprocessing = 0;
		};
		537D21FB15FF224C000ABCA6 /* Sources */ = {
			isa = PBXSourcesBuildPhase;
			buildActionMask = 2147483647;
			files = (
				537D221115FF224C000ABCA6 /* SPiDSDKTests.m in Sources */,
				537D224C15FF23BD000ABCA6 /* SPiDSDKLoginTests.m in Sources */,
			);
			runOnlyForDeploymentPostprocessing = 0;
		};
		537D221A15FF2374000ABCA6 /* Sources */ = {
			isa = PBXSourcesBuildPhase;
			buildActionMask = 2147483647;
			files = (
				537D222B15FF2374000ABCA6 /* main.m in Sources */,
				537D222F15FF2374000ABCA6 /* SPiDExampleAppDelegate.m in Sources */,
				53989FC31607199A00CB1BDD /* SPiDLoginViewController.m in Sources */,
				E304E8B07F0AB36216D2DCF4 /* SPiDMainViewController.m in Sources */,
			);
			runOnlyForDeploymentPostprocessing = 0;
		};
		537D223015FF2374000ABCA6 /* Sources */ = {
			isa = PBXSourcesBuildPhase;
			buildActionMask = 2147483647;
			files = (
				537D224315FF2374000ABCA6 /* SPiDExampleAppTests.m in Sources */,
			);
			runOnlyForDeploymentPostprocessing = 0;
		};
/* End PBXSourcesBuildPhase section */

/* Begin PBXTargetDependency section */
		5306208A16C123E1001B2A08 /* PBXTargetDependency */ = {
			isa = PBXTargetDependency;
			target = 537D21EE15FF224C000ABCA6 /* SPiDSDK */;
			targetProxy = 5306208916C123E1001B2A08 /* PBXContainerItemProxy */;
		};
		532B21D416AD5737000DBA55 /* PBXTargetDependency */ = {
			isa = PBXTargetDependency;
			target = 532B21B216AD5737000DBA55 /* SPiDFacebookApp */;
			targetProxy = 532B21D316AD5737000DBA55 /* PBXContainerItemProxy */;
		};
		532B220916AD5786000DBA55 /* PBXTargetDependency */ = {
			isa = PBXTargetDependency;
			target = 532B21E716AD5786000DBA55 /* SPiDNativeApp */;
			targetProxy = 532B220816AD5786000DBA55 /* PBXContainerItemProxy */;
		};
		532B223E16AD88C3000DBA55 /* PBXTargetDependency */ = {
			isa = PBXTargetDependency;
			target = 537D21EE15FF224C000ABCA6 /* SPiDSDK */;
			targetProxy = 532B223D16AD88C3000DBA55 /* PBXContainerItemProxy */;
		};
		534D651E16AD893000088B3D /* PBXTargetDependency */ = {
			isa = PBXTargetDependency;
			target = 537D21EE15FF224C000ABCA6 /* SPiDSDK */;
			targetProxy = 534D651D16AD893000088B3D /* PBXContainerItemProxy */;
		};
		537D220715FF224C000ABCA6 /* PBXTargetDependency */ = {
			isa = PBXTargetDependency;
			target = 537D21EE15FF224C000ABCA6 /* SPiDSDK */;
			targetProxy = 537D220615FF224C000ABCA6 /* PBXContainerItemProxy */;
		};
		537D223A15FF2374000ABCA6 /* PBXTargetDependency */ = {
			isa = PBXTargetDependency;
			target = 537D221D15FF2374000ABCA6 /* SPiDExampleApp */;
			targetProxy = 537D223915FF2374000ABCA6 /* PBXContainerItemProxy */;
		};
/* End PBXTargetDependency section */

/* Begin PBXVariantGroup section */
		532B21BB16AD5737000DBA55 /* InfoPlist.strings */ = {
			isa = PBXVariantGroup;
			children = (
				532B21BC16AD5737000DBA55 /* en */,
			);
			name = InfoPlist.strings;
			sourceTree = "<group>";
		};
		532B21D816AD5737000DBA55 /* InfoPlist.strings */ = {
			isa = PBXVariantGroup;
			children = (
				532B21D916AD5737000DBA55 /* en */,
			);
			name = InfoPlist.strings;
			sourceTree = "<group>";
		};
		532B21F016AD5786000DBA55 /* InfoPlist.strings */ = {
			isa = PBXVariantGroup;
			children = (
				532B21F116AD5786000DBA55 /* en */,
			);
			name = InfoPlist.strings;
			sourceTree = "<group>";
		};
		532B220D16AD5787000DBA55 /* InfoPlist.strings */ = {
			isa = PBXVariantGroup;
			children = (
				532B220E16AD5787000DBA55 /* en */,
			);
			name = InfoPlist.strings;
			sourceTree = "<group>";
		};
		537D220C15FF224C000ABCA6 /* InfoPlist.strings */ = {
			isa = PBXVariantGroup;
			children = (
				537D220D15FF224C000ABCA6 /* en */,
			);
			name = InfoPlist.strings;
			sourceTree = "<group>";
		};
		537D223E15FF2374000ABCA6 /* InfoPlist.strings */ = {
			isa = PBXVariantGroup;
			children = (
				537D223F15FF2374000ABCA6 /* en */,
			);
			name = InfoPlist.strings;
			sourceTree = "<group>";
		};
/* End PBXVariantGroup section */

/* Begin XCBuildConfiguration section */
		532B21DF16AD5737000DBA55 /* Debug */ = {
			isa = XCBuildConfiguration;
			buildSettings = {
				CLANG_CXX_LIBRARY = "libc++";
				CLANG_WARN_EMPTY_BODY = YES;
				"CODE_SIGN_IDENTITY[sdk=iphoneos*]" = "iPhone Developer";
				FRAMEWORK_SEARCH_PATHS = (
					"$(inherited)",
					"\"$(SRCROOT)\"",
				);
				GCC_PRECOMPILE_PREFIX_HEADER = YES;
				GCC_PREFIX_HEADER = "SPiDFacebookApp/SPiDFacebookApp-Prefix.pch";
				INFOPLIST_FILE = "SPiDFacebookApp/SPiDFacebookApp-Info.plist";
				IPHONEOS_DEPLOYMENT_TARGET = 6.0;
				ONLY_ACTIVE_ARCH = YES;
				OTHER_LDFLAGS = (
					"-lsqlite3.0",
					"-ObjC",
				);
				PRODUCT_NAME = "$(TARGET_NAME)";
				TARGETED_DEVICE_FAMILY = "1,2";
				WRAPPER_EXTENSION = app;
			};
			name = Debug;
		};
		532B21E016AD5737000DBA55 /* Release */ = {
			isa = XCBuildConfiguration;
			buildSettings = {
				CLANG_CXX_LIBRARY = "libc++";
				CLANG_WARN_EMPTY_BODY = YES;
				"CODE_SIGN_IDENTITY[sdk=iphoneos*]" = "iPhone Developer";
				FRAMEWORK_SEARCH_PATHS = (
					"$(inherited)",
					"\"$(SRCROOT)\"",
				);
				GCC_PRECOMPILE_PREFIX_HEADER = YES;
				GCC_PREFIX_HEADER = "SPiDFacebookApp/SPiDFacebookApp-Prefix.pch";
				INFOPLIST_FILE = "SPiDFacebookApp/SPiDFacebookApp-Info.plist";
				IPHONEOS_DEPLOYMENT_TARGET = 6.0;
				OTHER_CFLAGS = "-DNS_BLOCK_ASSERTIONS=1";
				OTHER_LDFLAGS = (
					"-lsqlite3.0",
					"-ObjC",
				);
				PRODUCT_NAME = "$(TARGET_NAME)";
				TARGETED_DEVICE_FAMILY = "1,2";
				WRAPPER_EXTENSION = app;
			};
			name = Release;
		};
		532B21E216AD5737000DBA55 /* Debug */ = {
			isa = XCBuildConfiguration;
			buildSettings = {
				BUNDLE_LOADER = "$(BUILT_PRODUCTS_DIR)/SPiDFacebookApp.app/SPiDFacebookApp";
				CLANG_CXX_LIBRARY = "libc++";
				CLANG_WARN_EMPTY_BODY = YES;
				FRAMEWORK_SEARCH_PATHS = (
					"\"$(SDKROOT)/Developer/Library/Frameworks\"",
					"\"$(DEVELOPER_LIBRARY_DIR)/Frameworks\"",
				);
				GCC_PRECOMPILE_PREFIX_HEADER = YES;
				GCC_PREFIX_HEADER = "SPiDFacebookApp/SPiDFacebookApp-Prefix.pch";
				INFOPLIST_FILE = "SPiDFacebookAppTests/SPiDFacebookAppTests-Info.plist";
				IPHONEOS_DEPLOYMENT_TARGET = 6.0;
				ONLY_ACTIVE_ARCH = YES;
				PRODUCT_NAME = "$(TARGET_NAME)";
				TEST_HOST = "$(BUNDLE_LOADER)";
				WRAPPER_EXTENSION = octest;
			};
			name = Debug;
		};
		532B21E316AD5737000DBA55 /* Release */ = {
			isa = XCBuildConfiguration;
			buildSettings = {
				BUNDLE_LOADER = "$(BUILT_PRODUCTS_DIR)/SPiDFacebookApp.app/SPiDFacebookApp";
				CLANG_CXX_LIBRARY = "libc++";
				CLANG_WARN_EMPTY_BODY = YES;
				FRAMEWORK_SEARCH_PATHS = (
					"\"$(SDKROOT)/Developer/Library/Frameworks\"",
					"\"$(DEVELOPER_LIBRARY_DIR)/Frameworks\"",
				);
				GCC_PRECOMPILE_PREFIX_HEADER = YES;
				GCC_PREFIX_HEADER = "SPiDFacebookApp/SPiDFacebookApp-Prefix.pch";
				INFOPLIST_FILE = "SPiDFacebookAppTests/SPiDFacebookAppTests-Info.plist";
				IPHONEOS_DEPLOYMENT_TARGET = 6.0;
				PRODUCT_NAME = "$(TARGET_NAME)";
				TEST_HOST = "$(BUNDLE_LOADER)";
				WRAPPER_EXTENSION = octest;
			};
			name = Release;
		};
		532B221416AD5787000DBA55 /* Debug */ = {
			isa = XCBuildConfiguration;
			buildSettings = {
				CLANG_CXX_LIBRARY = "libc++";
				CLANG_WARN_EMPTY_BODY = YES;
				"CODE_SIGN_IDENTITY[sdk=iphoneos*]" = "iPhone Developer";
				GCC_PRECOMPILE_PREFIX_HEADER = YES;
				GCC_PREFIX_HEADER = "SPiDNativeApp/SPiDNativeApp-Prefix.pch";
				INFOPLIST_FILE = "SPiDNativeApp/SPiDNativeApp-Info.plist";
				IPHONEOS_DEPLOYMENT_TARGET = 6.0;
				ONLY_ACTIVE_ARCH = YES;
				OTHER_LDFLAGS = "-ObjC";
				PRODUCT_NAME = "$(TARGET_NAME)";
				TARGETED_DEVICE_FAMILY = "1,2";
				WRAPPER_EXTENSION = app;
			};
			name = Debug;
		};
		532B221516AD5787000DBA55 /* Release */ = {
			isa = XCBuildConfiguration;
			buildSettings = {
				CLANG_CXX_LIBRARY = "libc++";
				CLANG_WARN_EMPTY_BODY = YES;
				"CODE_SIGN_IDENTITY[sdk=iphoneos*]" = "iPhone Developer";
				GCC_PRECOMPILE_PREFIX_HEADER = YES;
				GCC_PREFIX_HEADER = "SPiDNativeApp/SPiDNativeApp-Prefix.pch";
				INFOPLIST_FILE = "SPiDNativeApp/SPiDNativeApp-Info.plist";
				IPHONEOS_DEPLOYMENT_TARGET = 6.0;
				OTHER_CFLAGS = "-DNS_BLOCK_ASSERTIONS=1";
				OTHER_LDFLAGS = "-ObjC";
				PRODUCT_NAME = "$(TARGET_NAME)";
				TARGETED_DEVICE_FAMILY = "1,2";
				WRAPPER_EXTENSION = app;
			};
			name = Release;
		};
		532B221716AD5787000DBA55 /* Debug */ = {
			isa = XCBuildConfiguration;
			buildSettings = {
				BUNDLE_LOADER = "$(BUILT_PRODUCTS_DIR)/SPiDNativeApp.app/SPiDNativeApp";
				CLANG_CXX_LIBRARY = "libc++";
				CLANG_WARN_EMPTY_BODY = YES;
				FRAMEWORK_SEARCH_PATHS = (
					"\"$(SDKROOT)/Developer/Library/Frameworks\"",
					"\"$(DEVELOPER_LIBRARY_DIR)/Frameworks\"",
				);
				GCC_PRECOMPILE_PREFIX_HEADER = YES;
				GCC_PREFIX_HEADER = "SPiDNativeApp/SPiDNativeApp-Prefix.pch";
				INFOPLIST_FILE = "SPiDNativeAppTests/SPiDNativeAppTests-Info.plist";
				IPHONEOS_DEPLOYMENT_TARGET = 6.0;
				ONLY_ACTIVE_ARCH = YES;
				PRODUCT_NAME = "$(TARGET_NAME)";
				TEST_HOST = "$(BUNDLE_LOADER)";
				WRAPPER_EXTENSION = octest;
			};
			name = Debug;
		};
		532B221816AD5787000DBA55 /* Release */ = {
			isa = XCBuildConfiguration;
			buildSettings = {
				BUNDLE_LOADER = "$(BUILT_PRODUCTS_DIR)/SPiDNativeApp.app/SPiDNativeApp";
				CLANG_CXX_LIBRARY = "libc++";
				CLANG_WARN_EMPTY_BODY = YES;
				FRAMEWORK_SEARCH_PATHS = (
					"\"$(SDKROOT)/Developer/Library/Frameworks\"",
					"\"$(DEVELOPER_LIBRARY_DIR)/Frameworks\"",
				);
				GCC_PRECOMPILE_PREFIX_HEADER = YES;
				GCC_PREFIX_HEADER = "SPiDNativeApp/SPiDNativeApp-Prefix.pch";
				INFOPLIST_FILE = "SPiDNativeAppTests/SPiDNativeAppTests-Info.plist";
				IPHONEOS_DEPLOYMENT_TARGET = 6.0;
				PRODUCT_NAME = "$(TARGET_NAME)";
				TEST_HOST = "$(BUNDLE_LOADER)";
				WRAPPER_EXTENSION = octest;
			};
			name = Release;
		};
		5365DB301615E9B1000AA6BB /* Debug */ = {
			isa = XCBuildConfiguration;
			buildSettings = {
				PRODUCT_NAME = "$(TARGET_NAME)";
			};
			name = Debug;
		};
		5365DB311615E9B1000AA6BB /* Release */ = {
			isa = XCBuildConfiguration;
			buildSettings = {
				PRODUCT_NAME = "$(TARGET_NAME)";
			};
			name = Release;
		};
		537D221215FF224C000ABCA6 /* Debug */ = {
			isa = XCBuildConfiguration;
			buildSettings = {
				ALWAYS_SEARCH_USER_PATHS = NO;
				ARCHS = "$(ARCHS_STANDARD_32_BIT)";
				CLANG_CXX_LANGUAGE_STANDARD = "gnu++0x";
				CLANG_ENABLE_OBJC_ARC = YES;
				CLANG_WARN_CONSTANT_CONVERSION = YES;
				CLANG_WARN_ENUM_CONVERSION = YES;
				CLANG_WARN_INT_CONVERSION = YES;
				CLANG_WARN__DUPLICATE_METHOD_MATCH = YES;
				CODE_SIGN_IDENTITY = "";
				CONFIGURATION_BUILD_DIR = "$(SRCROOT)/builds/$(CONFIGURATION)$(EFFECTIVE_PLATFORM_NAME)";
				COPY_PHASE_STRIP = NO;
				GCC_C_LANGUAGE_STANDARD = gnu99;
				GCC_DYNAMIC_NO_PIC = NO;
				GCC_OPTIMIZATION_LEVEL = 0;
				GCC_PREPROCESSOR_DEFINITIONS = (
					"DEBUG=1",
					"$(inherited)",
				);
				GCC_SYMBOLS_PRIVATE_EXTERN = NO;
				GCC_VERSION = com.apple.compilers.llvm.clang.1_0;
				GCC_WARN_ABOUT_RETURN_TYPE = YES;
				GCC_WARN_UNINITIALIZED_AUTOS = YES;
				GCC_WARN_UNUSED_VARIABLE = YES;
				IPHONEOS_DEPLOYMENT_TARGET = 5.1;
				SCAN_ALL_SOURCE_FILES_FOR_INCLUDES = YES;
				SDKROOT = iphoneos;
			};
			name = Debug;
		};
		537D221315FF224C000ABCA6 /* Release */ = {
			isa = XCBuildConfiguration;
			buildSettings = {
				ALWAYS_SEARCH_USER_PATHS = NO;
				ARCHS = "$(ARCHS_STANDARD_32_BIT)";
				CLANG_CXX_LANGUAGE_STANDARD = "gnu++0x";
				CLANG_ENABLE_OBJC_ARC = YES;
				CLANG_WARN_CONSTANT_CONVERSION = YES;
				CLANG_WARN_ENUM_CONVERSION = YES;
				CLANG_WARN_INT_CONVERSION = YES;
				CLANG_WARN__DUPLICATE_METHOD_MATCH = YES;
				CODE_SIGN_IDENTITY = "";
				CONFIGURATION_BUILD_DIR = "$(SRCROOT)/builds/$(CONFIGURATION)$(EFFECTIVE_PLATFORM_NAME)";
				COPY_PHASE_STRIP = YES;
				GCC_C_LANGUAGE_STANDARD = gnu99;
				GCC_VERSION = com.apple.compilers.llvm.clang.1_0;
				GCC_WARN_ABOUT_RETURN_TYPE = YES;
				GCC_WARN_UNINITIALIZED_AUTOS = YES;
				GCC_WARN_UNUSED_VARIABLE = YES;
				IPHONEOS_DEPLOYMENT_TARGET = 5.1;
				SCAN_ALL_SOURCE_FILES_FOR_INCLUDES = YES;
				SDKROOT = iphoneos;
				VALIDATE_PRODUCT = YES;
			};
			name = Release;
		};
		537D221515FF224C000ABCA6 /* Debug */ = {
			isa = XCBuildConfiguration;
			buildSettings = {
				DSTROOT = /tmp/SPiDSDK.dst;
				FRAMEWORK_SEARCH_PATHS = (
					"$(inherited)",
					"\"$(SRCROOT)\"",
				);
				GCC_PRECOMPILE_PREFIX_HEADER = YES;
				GCC_PREFIX_HEADER = "SPiDSDK/SPiDSDK-Prefix.pch";
				OTHER_LDFLAGS = "";
				PRODUCT_NAME = "$(TARGET_NAME)";
				SKIP_INSTALL = YES;
			};
			name = Debug;
		};
		537D221615FF224C000ABCA6 /* Release */ = {
			isa = XCBuildConfiguration;
			buildSettings = {
				DSTROOT = /tmp/SPiDSDK.dst;
				FRAMEWORK_SEARCH_PATHS = (
					"$(inherited)",
					"\"$(SRCROOT)\"",
				);
				GCC_PRECOMPILE_PREFIX_HEADER = YES;
				GCC_PREFIX_HEADER = "SPiDSDK/SPiDSDK-Prefix.pch";
				OTHER_LDFLAGS = "";
				PRODUCT_NAME = "$(TARGET_NAME)";
				SKIP_INSTALL = YES;
			};
			name = Release;
		};
		537D221815FF224C000ABCA6 /* Debug */ = {
			isa = XCBuildConfiguration;
			buildSettings = {
				FRAMEWORK_SEARCH_PATHS = (
					"\"$(SDKROOT)/Developer/Library/Frameworks\"",
					"\"$(DEVELOPER_LIBRARY_DIR)/Frameworks\"",
				);
				GCC_PRECOMPILE_PREFIX_HEADER = YES;
				GCC_PREFIX_HEADER = "SPiDSDK/SPiDSDK-Prefix.pch";
				INFOPLIST_FILE = "SPiDSDKTests/SPiDSDKTests-Info.plist";
				PRODUCT_NAME = "$(TARGET_NAME)";
				WRAPPER_EXTENSION = octest;
			};
			name = Debug;
		};
		537D221915FF224C000ABCA6 /* Release */ = {
			isa = XCBuildConfiguration;
			buildSettings = {
				FRAMEWORK_SEARCH_PATHS = (
					"\"$(SDKROOT)/Developer/Library/Frameworks\"",
					"\"$(DEVELOPER_LIBRARY_DIR)/Frameworks\"",
				);
				GCC_PRECOMPILE_PREFIX_HEADER = YES;
				GCC_PREFIX_HEADER = "SPiDSDK/SPiDSDK-Prefix.pch";
				INFOPLIST_FILE = "SPiDSDKTests/SPiDSDKTests-Info.plist";
				PRODUCT_NAME = "$(TARGET_NAME)";
				WRAPPER_EXTENSION = octest;
			};
			name = Release;
		};
		537D224515FF2374000ABCA6 /* Debug */ = {
			isa = XCBuildConfiguration;
			buildSettings = {
				CODE_SIGN_IDENTITY = "iPhone Developer";
				"CODE_SIGN_IDENTITY[sdk=iphoneos*]" = "iPhone Developer";
				FRAMEWORK_SEARCH_PATHS = (
					"$(inherited)",
					"\"$(SYSTEM_APPS_DIR)/Xcode.app/Contents/Developer/Library/Frameworks\"",
				);
				GCC_PRECOMPILE_PREFIX_HEADER = YES;
				GCC_PREFIX_HEADER = "SPiDExampleApp/SPiDExampleApp-Prefix.pch";
				INFOPLIST_FILE = "SPiDExampleApp/SPiDExampleApp-Info.plist";
				IPHONEOS_DEPLOYMENT_TARGET = 6.0;
				OTHER_LDFLAGS = "-ObjC";
				PRODUCT_NAME = "$(TARGET_NAME)";
				PROVISIONING_PROFILE = "";
				"PROVISIONING_PROFILE[sdk=iphoneos*]" = "";
				TARGETED_DEVICE_FAMILY = 1;
				WRAPPER_EXTENSION = app;
			};
			name = Debug;
		};
		537D224615FF2374000ABCA6 /* Release */ = {
			isa = XCBuildConfiguration;
			buildSettings = {
				CODE_SIGN_IDENTITY = "iPhone Developer";
				"CODE_SIGN_IDENTITY[sdk=iphoneos*]" = "iPhone Developer";
				FRAMEWORK_SEARCH_PATHS = (
					"$(inherited)",
					"\"$(SYSTEM_APPS_DIR)/Xcode.app/Contents/Developer/Library/Frameworks\"",
				);
				GCC_PRECOMPILE_PREFIX_HEADER = YES;
				GCC_PREFIX_HEADER = "SPiDExampleApp/SPiDExampleApp-Prefix.pch";
				INFOPLIST_FILE = "SPiDExampleApp/SPiDExampleApp-Info.plist";
				IPHONEOS_DEPLOYMENT_TARGET = 6.0;
				OTHER_CFLAGS = "-DNS_BLOCK_ASSERTIONS=1";
				OTHER_LDFLAGS = "-ObjC";
				PRODUCT_NAME = "$(TARGET_NAME)";
				PROVISIONING_PROFILE = "";
				"PROVISIONING_PROFILE[sdk=iphoneos*]" = "";
				TARGETED_DEVICE_FAMILY = 1;
				WRAPPER_EXTENSION = app;
			};
			name = Release;
		};
		537D224815FF2374000ABCA6 /* Debug */ = {
			isa = XCBuildConfiguration;
			buildSettings = {
				BUNDLE_LOADER = "$(BUILT_PRODUCTS_DIR)/SPiDExampleApp.app/SPiDExampleApp";
				FRAMEWORK_SEARCH_PATHS = (
					"\"$(SDKROOT)/Developer/Library/Frameworks\"",
					"\"$(DEVELOPER_LIBRARY_DIR)/Frameworks\"",
				);
				GCC_PRECOMPILE_PREFIX_HEADER = YES;
				GCC_PREFIX_HEADER = "SPiDExampleApp/SPiDExampleApp-Prefix.pch";
				INFOPLIST_FILE = "SPiDExampleAppTests/SPiDExampleAppTests-Info.plist";
				PRODUCT_NAME = "$(TARGET_NAME)";
				TEST_HOST = "$(BUNDLE_LOADER)";
				WRAPPER_EXTENSION = octest;
			};
			name = Debug;
		};
		537D224915FF2374000ABCA6 /* Release */ = {
			isa = XCBuildConfiguration;
			buildSettings = {
				BUNDLE_LOADER = "$(BUILT_PRODUCTS_DIR)/SPiDExampleApp.app/SPiDExampleApp";
				FRAMEWORK_SEARCH_PATHS = (
					"\"$(SDKROOT)/Developer/Library/Frameworks\"",
					"\"$(DEVELOPER_LIBRARY_DIR)/Frameworks\"",
				);
				GCC_PRECOMPILE_PREFIX_HEADER = YES;
				GCC_PREFIX_HEADER = "SPiDExampleApp/SPiDExampleApp-Prefix.pch";
				INFOPLIST_FILE = "SPiDExampleAppTests/SPiDExampleAppTests-Info.plist";
				PRODUCT_NAME = "$(TARGET_NAME)";
				TEST_HOST = "$(BUNDLE_LOADER)";
				WRAPPER_EXTENSION = octest;
			};
			name = Release;
		};
/* End XCBuildConfiguration section */

/* Begin XCConfigurationList section */
		532B21DE16AD5737000DBA55 /* Build configuration list for PBXNativeTarget "SPiDFacebookApp" */ = {
			isa = XCConfigurationList;
			buildConfigurations = (
				532B21DF16AD5737000DBA55 /* Debug */,
				532B21E016AD5737000DBA55 /* Release */,
			);
			defaultConfigurationIsVisible = 0;
			defaultConfigurationName = Release;
		};
		532B21E116AD5737000DBA55 /* Build configuration list for PBXNativeTarget "SPiDFacebookAppTests" */ = {
			isa = XCConfigurationList;
			buildConfigurations = (
				532B21E216AD5737000DBA55 /* Debug */,
				532B21E316AD5737000DBA55 /* Release */,
			);
			defaultConfigurationIsVisible = 0;
			defaultConfigurationName = Release;
		};
		532B221316AD5787000DBA55 /* Build configuration list for PBXNativeTarget "SPiDNativeApp" */ = {
			isa = XCConfigurationList;
			buildConfigurations = (
				532B221416AD5787000DBA55 /* Debug */,
				532B221516AD5787000DBA55 /* Release */,
			);
			defaultConfigurationIsVisible = 0;
			defaultConfigurationName = Release;
		};
		532B221616AD5787000DBA55 /* Build configuration list for PBXNativeTarget "SPiDNativeAppTests" */ = {
			isa = XCConfigurationList;
			buildConfigurations = (
				532B221716AD5787000DBA55 /* Debug */,
				532B221816AD5787000DBA55 /* Release */,
			);
			defaultConfigurationIsVisible = 0;
			defaultConfigurationName = Release;
		};
		5365DB2F1615E9B1000AA6BB /* Build configuration list for PBXAggregateTarget "Documentation" */ = {
			isa = XCConfigurationList;
			buildConfigurations = (
				5365DB301615E9B1000AA6BB /* Debug */,
				5365DB311615E9B1000AA6BB /* Release */,
			);
			defaultConfigurationIsVisible = 0;
			defaultConfigurationName = Release;
		};
		537D21E915FF224C000ABCA6 /* Build configuration list for PBXProject "SPiDSDK" */ = {
			isa = XCConfigurationList;
			buildConfigurations = (
				537D221215FF224C000ABCA6 /* Debug */,
				537D221315FF224C000ABCA6 /* Release */,
			);
			defaultConfigurationIsVisible = 0;
			defaultConfigurationName = Release;
		};
		537D221415FF224C000ABCA6 /* Build configuration list for PBXNativeTarget "SPiDSDK" */ = {
			isa = XCConfigurationList;
			buildConfigurations = (
				537D221515FF224C000ABCA6 /* Debug */,
				537D221615FF224C000ABCA6 /* Release */,
			);
			defaultConfigurationIsVisible = 0;
			defaultConfigurationName = Release;
		};
		537D221715FF224C000ABCA6 /* Build configuration list for PBXNativeTarget "SPiDSDKTests" */ = {
			isa = XCConfigurationList;
			buildConfigurations = (
				537D221815FF224C000ABCA6 /* Debug */,
				537D221915FF224C000ABCA6 /* Release */,
			);
			defaultConfigurationIsVisible = 0;
			defaultConfigurationName = Release;
		};
		537D224415FF2374000ABCA6 /* Build configuration list for PBXNativeTarget "SPiDExampleApp" */ = {
			isa = XCConfigurationList;
			buildConfigurations = (
				537D224515FF2374000ABCA6 /* Debug */,
				537D224615FF2374000ABCA6 /* Release */,
			);
			defaultConfigurationIsVisible = 0;
			defaultConfigurationName = Release;
		};
		537D224715FF2374000ABCA6 /* Build configuration list for PBXNativeTarget "SPiDExampleAppTests" */ = {
			isa = XCConfigurationList;
			buildConfigurations = (
				537D224815FF2374000ABCA6 /* Debug */,
				537D224915FF2374000ABCA6 /* Release */,
			);
			defaultConfigurationIsVisible = 0;
			defaultConfigurationName = Release;
		};
/* End XCConfigurationList section */
	};
	rootObject = 537D21E615FF224C000ABCA6 /* Project object */;
}
