// !$*UTF8*$!
{
	archiveVersion = 1;
	classes = {
	};
	objectVersion = 48;
	objects = {

/* Begin PBXBuildFile section */
		14254E77202DD0C60056F5C3 /* SPiDSDK.h in Headers */ = {isa = PBXBuildFile; fileRef = 14254E75202DD0C60056F5C3 /* SPiDSDK.h */; settings = {ATTRIBUTES = (Public, ); }; };
		14254E84202DD0D00056F5C3 /* SPiDSDK.framework in Frameworks */ = {isa = PBXBuildFile; fileRef = 14254E73202DD0C60056F5C3 /* SPiDSDK.framework */; };
		14254EB3202DD10D0056F5C3 /* SPiDTokenStorage.h in Headers */ = {isa = PBXBuildFile; fileRef = 14254E8A202DD10A0056F5C3 /* SPiDTokenStorage.h */; };
		14254EB4202DD10D0056F5C3 /* SPiDUser.h in Headers */ = {isa = PBXBuildFile; fileRef = 14254E8B202DD10B0056F5C3 /* SPiDUser.h */; settings = {ATTRIBUTES = (Public, ); }; };
		14254EB5202DD10D0056F5C3 /* NSError+SPiD.h in Headers */ = {isa = PBXBuildFile; fileRef = 14254E8C202DD10B0056F5C3 /* NSError+SPiD.h */; settings = {ATTRIBUTES = (Public, ); }; };
		14254EB6202DD10D0056F5C3 /* SPiDAgreements.h in Headers */ = {isa = PBXBuildFile; fileRef = 14254E8D202DD10B0056F5C3 /* SPiDAgreements.h */; settings = {ATTRIBUTES = (Public, ); }; };
		14254EB7202DD10D0056F5C3 /* NSData+Base64.h in Headers */ = {isa = PBXBuildFile; fileRef = 14254E8E202DD10B0056F5C3 /* NSData+Base64.h */; };
		14254EB8202DD10D0056F5C3 /* SPiDAgreements.m in Sources */ = {isa = PBXBuildFile; fileRef = 14254E8F202DD10B0056F5C3 /* SPiDAgreements.m */; };
		14254EB9202DD10D0056F5C3 /* SPiDTokenStorage.m in Sources */ = {isa = PBXBuildFile; fileRef = 14254E90202DD10B0056F5C3 /* SPiDTokenStorage.m */; };
		14254EBA202DD10D0056F5C3 /* SPiDTokenStorageUserDefaultsBackend.m in Sources */ = {isa = PBXBuildFile; fileRef = 14254E91202DD10B0056F5C3 /* SPiDTokenStorageUserDefaultsBackend.m */; };
		14254EBB202DD10D0056F5C3 /* SPiDRequest.h in Headers */ = {isa = PBXBuildFile; fileRef = 14254E92202DD10B0056F5C3 /* SPiDRequest.h */; settings = {ATTRIBUTES = (Public, ); }; };
		14254EBC202DD10D0056F5C3 /* SPiDClient.h in Headers */ = {isa = PBXBuildFile; fileRef = 14254E93202DD10B0056F5C3 /* SPiDClient.h */; settings = {ATTRIBUTES = (Public, ); }; };
		14254EBD202DD10D0056F5C3 /* SPiDTokenRequest.h in Headers */ = {isa = PBXBuildFile; fileRef = 14254E94202DD10B0056F5C3 /* SPiDTokenRequest.h */; settings = {ATTRIBUTES = (Public, ); }; };
		14254EBE202DD10D0056F5C3 /* SPiDClient.m in Sources */ = {isa = PBXBuildFile; fileRef = 14254E95202DD10B0056F5C3 /* SPiDClient.m */; };
		14254EBF202DD10D0056F5C3 /* SPiDResponse.m in Sources */ = {isa = PBXBuildFile; fileRef = 14254E96202DD10B0056F5C3 /* SPiDResponse.m */; };
		14254EC0202DD10D0056F5C3 /* SPiDUser.m in Sources */ = {isa = PBXBuildFile; fileRef = 14254E97202DD10B0056F5C3 /* SPiDUser.m */; };
		14254EC1202DD10D0056F5C3 /* SPiDUtils.h in Headers */ = {isa = PBXBuildFile; fileRef = 14254E98202DD10B0056F5C3 /* SPiDUtils.h */; settings = {ATTRIBUTES = (Public, ); }; };
		14254EC2202DD10D0056F5C3 /* NSData+Base64.m in Sources */ = {isa = PBXBuildFile; fileRef = 14254E99202DD10B0056F5C3 /* NSData+Base64.m */; };
		14254EC3202DD10D0056F5C3 /* SPiDTokenRequest.m in Sources */ = {isa = PBXBuildFile; fileRef = 14254E9A202DD10B0056F5C3 /* SPiDTokenRequest.m */; };
		14254EC4202DD10D0056F5C3 /* NSString+Crypto.h in Headers */ = {isa = PBXBuildFile; fileRef = 14254E9B202DD10B0056F5C3 /* NSString+Crypto.h */; };
		14254EC5202DD10D0056F5C3 /* SPiDKeychainWrapper.m in Sources */ = {isa = PBXBuildFile; fileRef = 14254E9C202DD10B0056F5C3 /* SPiDKeychainWrapper.m */; };
		14254EC6202DD10D0056F5C3 /* SPiDWebView.h in Headers */ = {isa = PBXBuildFile; fileRef = 14254E9E202DD10B0056F5C3 /* SPiDWebView.h */; settings = {ATTRIBUTES = (Public, ); }; };
		14254EC7202DD10D0056F5C3 /* SPiDWebView.m in Sources */ = {isa = PBXBuildFile; fileRef = 14254E9F202DD10B0056F5C3 /* SPiDWebView.m */; };
		14254EC8202DD10D0056F5C3 /* SPiDRequest.m in Sources */ = {isa = PBXBuildFile; fileRef = 14254EA0202DD10C0056F5C3 /* SPiDRequest.m */; };
		14254EC9202DD10D0056F5C3 /* NSCharacterSet+SPiD.h in Headers */ = {isa = PBXBuildFile; fileRef = 14254EA1202DD10C0056F5C3 /* NSCharacterSet+SPiD.h */; };
		14254ECA202DD10D0056F5C3 /* SPiDAccessToken.m in Sources */ = {isa = PBXBuildFile; fileRef = 14254EA2202DD10C0056F5C3 /* SPiDAccessToken.m */; };
		14254ECB202DD10D0056F5C3 /* NSCharacterSet+SPiD.m in Sources */ = {isa = PBXBuildFile; fileRef = 14254EA3202DD10C0056F5C3 /* NSCharacterSet+SPiD.m */; };
		14254ECC202DD10D0056F5C3 /* SPiDJwt.h in Headers */ = {isa = PBXBuildFile; fileRef = 14254EA4202DD10C0056F5C3 /* SPiDJwt.h */; settings = {ATTRIBUTES = (Public, ); }; };
		14254ECD202DD10D0056F5C3 /* SPiDTokenStorageUserDefaultsBackend.h in Headers */ = {isa = PBXBuildFile; fileRef = 14254EA5202DD10C0056F5C3 /* SPiDTokenStorageUserDefaultsBackend.h */; };
		14254ECE202DD10D0056F5C3 /* SPiDJwt.m in Sources */ = {isa = PBXBuildFile; fileRef = 14254EA6202DD10C0056F5C3 /* SPiDJwt.m */; };
		14254ECF202DD10D0056F5C3 /* NSURLRequest+SPiD.m in Sources */ = {isa = PBXBuildFile; fileRef = 14254EA7202DD10C0056F5C3 /* NSURLRequest+SPiD.m */; };
		14254ED0202DD10D0056F5C3 /* SPiDKeychainWrapper.h in Headers */ = {isa = PBXBuildFile; fileRef = 14254EA8202DD10C0056F5C3 /* SPiDKeychainWrapper.h */; settings = {ATTRIBUTES = (Public, ); }; };
		14254ED1202DD10D0056F5C3 /* SPiDAccessToken.h in Headers */ = {isa = PBXBuildFile; fileRef = 14254EA9202DD10C0056F5C3 /* SPiDAccessToken.h */; settings = {ATTRIBUTES = (Public, ); }; };
		14254ED2202DD10D0056F5C3 /* SPiDStatus.m in Sources */ = {isa = PBXBuildFile; fileRef = 14254EAA202DD10C0056F5C3 /* SPiDStatus.m */; };
		14254ED3202DD10D0056F5C3 /* NSURLRequest+SPiD.h in Headers */ = {isa = PBXBuildFile; fileRef = 14254EAB202DD10C0056F5C3 /* NSURLRequest+SPiD.h */; };
		14254ED4202DD10D0056F5C3 /* SPiDTokenStorageKeychainBackend.h in Headers */ = {isa = PBXBuildFile; fileRef = 14254EAC202DD10C0056F5C3 /* SPiDTokenStorageKeychainBackend.h */; };
		14254ED5202DD10D0056F5C3 /* SPiDUtils.m in Sources */ = {isa = PBXBuildFile; fileRef = 14254EAD202DD10D0056F5C3 /* SPiDUtils.m */; };
		14254ED6202DD10D0056F5C3 /* SPiDResponse.h in Headers */ = {isa = PBXBuildFile; fileRef = 14254EAE202DD10D0056F5C3 /* SPiDResponse.h */; settings = {ATTRIBUTES = (Public, ); }; };
		14254ED7202DD10D0056F5C3 /* SPiDStatus.h in Headers */ = {isa = PBXBuildFile; fileRef = 14254EAF202DD10D0056F5C3 /* SPiDStatus.h */; settings = {ATTRIBUTES = (Public, ); }; };
		14254ED8202DD10D0056F5C3 /* NSError+SPiD.m in Sources */ = {isa = PBXBuildFile; fileRef = 14254EB0202DD10D0056F5C3 /* NSError+SPiD.m */; };
		14254ED9202DD10D0056F5C3 /* SPiDTokenStorageKeychainBackend.m in Sources */ = {isa = PBXBuildFile; fileRef = 14254EB1202DD10D0056F5C3 /* SPiDTokenStorageKeychainBackend.m */; };
		14254EDA202DD10D0056F5C3 /* NSString+Crypto.m in Sources */ = {isa = PBXBuildFile; fileRef = 14254EB2202DD10D0056F5C3 /* NSString+Crypto.m */; };
		14254EE5202DD14A0056F5C3 /* ValidClientToken.json in Resources */ = {isa = PBXBuildFile; fileRef = 14254EDB202DD14A0056F5C3 /* ValidClientToken.json */; };
		14254EE6202DD14A0056F5C3 /* SPiDTokenStorageTests.m in Sources */ = {isa = PBXBuildFile; fileRef = 14254EDC202DD14A0056F5C3 /* SPiDTokenStorageTests.m */; };
		14254EE7202DD14A0056F5C3 /* SPiDTokenStorageUserDefaultsBackendTests.m in Sources */ = {isa = PBXBuildFile; fileRef = 14254EDD202DD14A0056F5C3 /* SPiDTokenStorageUserDefaultsBackendTests.m */; };
		14254EE8202DD14A0056F5C3 /* NSDictionary+Test.m in Sources */ = {isa = PBXBuildFile; fileRef = 14254EDE202DD14A0056F5C3 /* NSDictionary+Test.m */; };
		14254EE9202DD14A0056F5C3 /* SPiDAccessTokenTests.m in Sources */ = {isa = PBXBuildFile; fileRef = 14254EDF202DD14A0056F5C3 /* SPiDAccessTokenTests.m */; };
		14254EEA202DD14A0056F5C3 /* ValidUserToken.json in Resources */ = {isa = PBXBuildFile; fileRef = 14254EE0202DD14A0056F5C3 /* ValidUserToken.json */; };
		14254EEB202DD14A0056F5C3 /* SPiDSDKTests.m in Sources */ = {isa = PBXBuildFile; fileRef = 14254EE1202DD14A0056F5C3 /* SPiDSDKTests.m */; };
		14254EEC202DD14A0056F5C3 /* SPiDAgreementsTests.m in Sources */ = {isa = PBXBuildFile; fileRef = 14254EE2202DD14A0056F5C3 /* SPiDAgreementsTests.m */; };
		14490FFB202DD6C4002DFE41 /* AppDelegate.m in Sources */ = {isa = PBXBuildFile; fileRef = 14490FFA202DD6C4002DFE41 /* AppDelegate.m */; };
		14491003202DD6C4002DFE41 /* Assets.xcassets in Resources */ = {isa = PBXBuildFile; fileRef = 14491002202DD6C4002DFE41 /* Assets.xcassets */; };
		14491006202DD6C4002DFE41 /* LaunchScreen.storyboard in Resources */ = {isa = PBXBuildFile; fileRef = 14491004202DD6C4002DFE41 /* LaunchScreen.storyboard */; };
		14491009202DD6C4002DFE41 /* main.m in Sources */ = {isa = PBXBuildFile; fileRef = 14491008202DD6C4002DFE41 /* main.m */; };
		1449101E202DD728002DFE41 /* SPiDSDK.framework in Frameworks */ = {isa = PBXBuildFile; fileRef = 14254E73202DD0C60056F5C3 /* SPiDSDK.framework */; };
		1449101F202DD728002DFE41 /* SPiDSDK.framework in Embed Frameworks */ = {isa = PBXBuildFile; fileRef = 14254E73202DD0C60056F5C3 /* SPiDSDK.framework */; settings = {ATTRIBUTES = (CodeSignOnCopy, RemoveHeadersOnCopy, ); }; };
		14491029202DD795002DFE41 /* LoadingAlertView.m in Sources */ = {isa = PBXBuildFile; fileRef = 14491024202DD795002DFE41 /* LoadingAlertView.m */; };
		1449102A202DD795002DFE41 /* MainViewController.m in Sources */ = {isa = PBXBuildFile; fileRef = 14491025202DD795002DFE41 /* MainViewController.m */; };
		1449102B202DD795002DFE41 /* ModalLoginView.m in Sources */ = {isa = PBXBuildFile; fileRef = 14491027202DD795002DFE41 /* ModalLoginView.m */; };
		14491034202DD822002DFE41 /* AppDelegate.m in Sources */ = {isa = PBXBuildFile; fileRef = 14491033202DD822002DFE41 /* AppDelegate.m */; };
		1449103C202DD822002DFE41 /* Assets.xcassets in Resources */ = {isa = PBXBuildFile; fileRef = 1449103B202DD822002DFE41 /* Assets.xcassets */; };
		1449103F202DD822002DFE41 /* LaunchScreen.storyboard in Resources */ = {isa = PBXBuildFile; fileRef = 1449103D202DD822002DFE41 /* LaunchScreen.storyboard */; };
		14491042202DD822002DFE41 /* main.m in Sources */ = {isa = PBXBuildFile; fileRef = 14491041202DD822002DFE41 /* main.m */; };
		144EB107202DD8B300E9A5FA /* SignUpViewController.m in Sources */ = {isa = PBXBuildFile; fileRef = 144EB0FF202DD8B200E9A5FA /* SignUpViewController.m */; };
		144EB108202DD8B300E9A5FA /* LoginViewController.m in Sources */ = {isa = PBXBuildFile; fileRef = 144EB100202DD8B200E9A5FA /* LoginViewController.m */; };
		144EB109202DD8B300E9A5FA /* TermsViewController.m in Sources */ = {isa = PBXBuildFile; fileRef = 144EB101202DD8B200E9A5FA /* TermsViewController.m */; };
		144EB10A202DD8B300E9A5FA /* MainViewController.m in Sources */ = {isa = PBXBuildFile; fileRef = 144EB102202DD8B200E9A5FA /* MainViewController.m */; };
		144EB10B202DD8D000E9A5FA /* SPiDSDK.framework in Frameworks */ = {isa = PBXBuildFile; fileRef = 14254E73202DD0C60056F5C3 /* SPiDSDK.framework */; };
		144EB10C202DD8D000E9A5FA /* SPiDSDK.framework in Embed Frameworks */ = {isa = PBXBuildFile; fileRef = 14254E73202DD0C60056F5C3 /* SPiDSDK.framework */; settings = {ATTRIBUTES = (CodeSignOnCopy, RemoveHeadersOnCopy, ); }; };
/* End PBXBuildFile section */

/* Begin PBXContainerItemProxy section */
		14254E85202DD0D00056F5C3 /* PBXContainerItemProxy */ = {
			isa = PBXContainerItemProxy;
			containerPortal = 14254E51202DD0AB0056F5C3 /* Project object */;
			proxyType = 1;
			remoteGlobalIDString = 14254E72202DD0C60056F5C3;
			remoteInfo = SPiDSDK;
		};
		14491020202DD728002DFE41 /* PBXContainerItemProxy */ = {
			isa = PBXContainerItemProxy;
			containerPortal = 14254E51202DD0AB0056F5C3 /* Project object */;
			proxyType = 1;
			remoteGlobalIDString = 14254E72202DD0C60056F5C3;
			remoteInfo = SPiDSDK;
		};
		144EB10D202DD8D000E9A5FA /* PBXContainerItemProxy */ = {
			isa = PBXContainerItemProxy;
			containerPortal = 14254E51202DD0AB0056F5C3 /* Project object */;
			proxyType = 1;
			remoteGlobalIDString = 14254E72202DD0C60056F5C3;
			remoteInfo = SPiDSDK;
		};
/* End PBXContainerItemProxy section */

/* Begin PBXCopyFilesBuildPhase section */
		14491022202DD728002DFE41 /* Embed Frameworks */ = {
			isa = PBXCopyFilesBuildPhase;
			buildActionMask = 2147483647;
			dstPath = "";
			dstSubfolderSpec = 10;
			files = (
				1449101F202DD728002DFE41 /* SPiDSDK.framework in Embed Frameworks */,
			);
			name = "Embed Frameworks";
			runOnlyForDeploymentPostprocessing = 0;
		};
		144EB10F202DD8D000E9A5FA /* Embed Frameworks */ = {
			isa = PBXCopyFilesBuildPhase;
			buildActionMask = 2147483647;
			dstPath = "";
			dstSubfolderSpec = 10;
			files = (
				144EB10C202DD8D000E9A5FA /* SPiDSDK.framework in Embed Frameworks */,
			);
			name = "Embed Frameworks";
			runOnlyForDeploymentPostprocessing = 0;
		};
/* End PBXCopyFilesBuildPhase section */

/* Begin PBXFileReference section */
		14254E73202DD0C60056F5C3 /* SPiDSDK.framework */ = {isa = PBXFileReference; explicitFileType = wrapper.framework; includeInIndex = 0; path = SPiDSDK.framework; sourceTree = BUILT_PRODUCTS_DIR; };
		14254E75202DD0C60056F5C3 /* SPiDSDK.h */ = {isa = PBXFileReference; lastKnownFileType = sourcecode.c.h; path = SPiDSDK.h; sourceTree = "<group>"; };
		14254E76202DD0C60056F5C3 /* Info.plist */ = {isa = PBXFileReference; lastKnownFileType = text.plist.xml; path = Info.plist; sourceTree = "<group>"; };
		14254E7F202DD0D00056F5C3 /* Tests.xctest */ = {isa = PBXFileReference; explicitFileType = wrapper.cfbundle; includeInIndex = 0; path = Tests.xctest; sourceTree = BUILT_PRODUCTS_DIR; };
		14254E83202DD0D00056F5C3 /* Info.plist */ = {isa = PBXFileReference; lastKnownFileType = text.plist.xml; path = Info.plist; sourceTree = "<group>"; };
		14254E8A202DD10A0056F5C3 /* SPiDTokenStorage.h */ = {isa = PBXFileReference; fileEncoding = 4; lastKnownFileType = sourcecode.c.h; path = SPiDTokenStorage.h; sourceTree = "<group>"; };
		14254E8B202DD10B0056F5C3 /* SPiDUser.h */ = {isa = PBXFileReference; fileEncoding = 4; lastKnownFileType = sourcecode.c.h; path = SPiDUser.h; sourceTree = "<group>"; };
		14254E8C202DD10B0056F5C3 /* NSError+SPiD.h */ = {isa = PBXFileReference; fileEncoding = 4; lastKnownFileType = sourcecode.c.h; path = "NSError+SPiD.h"; sourceTree = "<group>"; };
		14254E8D202DD10B0056F5C3 /* SPiDAgreements.h */ = {isa = PBXFileReference; fileEncoding = 4; lastKnownFileType = sourcecode.c.h; path = SPiDAgreements.h; sourceTree = "<group>"; };
		14254E8E202DD10B0056F5C3 /* NSData+Base64.h */ = {isa = PBXFileReference; fileEncoding = 4; lastKnownFileType = sourcecode.c.h; path = "NSData+Base64.h"; sourceTree = "<group>"; };
		14254E8F202DD10B0056F5C3 /* SPiDAgreements.m */ = {isa = PBXFileReference; fileEncoding = 4; lastKnownFileType = sourcecode.c.objc; path = SPiDAgreements.m; sourceTree = "<group>"; };
		14254E90202DD10B0056F5C3 /* SPiDTokenStorage.m */ = {isa = PBXFileReference; fileEncoding = 4; lastKnownFileType = sourcecode.c.objc; path = SPiDTokenStorage.m; sourceTree = "<group>"; };
		14254E91202DD10B0056F5C3 /* SPiDTokenStorageUserDefaultsBackend.m */ = {isa = PBXFileReference; fileEncoding = 4; lastKnownFileType = sourcecode.c.objc; path = SPiDTokenStorageUserDefaultsBackend.m; sourceTree = "<group>"; };
		14254E92202DD10B0056F5C3 /* SPiDRequest.h */ = {isa = PBXFileReference; fileEncoding = 4; lastKnownFileType = sourcecode.c.h; path = SPiDRequest.h; sourceTree = "<group>"; };
		14254E93202DD10B0056F5C3 /* SPiDClient.h */ = {isa = PBXFileReference; fileEncoding = 4; lastKnownFileType = sourcecode.c.h; path = SPiDClient.h; sourceTree = "<group>"; };
		14254E94202DD10B0056F5C3 /* SPiDTokenRequest.h */ = {isa = PBXFileReference; fileEncoding = 4; lastKnownFileType = sourcecode.c.h; path = SPiDTokenRequest.h; sourceTree = "<group>"; };
		14254E95202DD10B0056F5C3 /* SPiDClient.m */ = {isa = PBXFileReference; fileEncoding = 4; lastKnownFileType = sourcecode.c.objc; path = SPiDClient.m; sourceTree = "<group>"; };
		14254E96202DD10B0056F5C3 /* SPiDResponse.m */ = {isa = PBXFileReference; fileEncoding = 4; lastKnownFileType = sourcecode.c.objc; path = SPiDResponse.m; sourceTree = "<group>"; };
		14254E97202DD10B0056F5C3 /* SPiDUser.m */ = {isa = PBXFileReference; fileEncoding = 4; lastKnownFileType = sourcecode.c.objc; path = SPiDUser.m; sourceTree = "<group>"; };
		14254E98202DD10B0056F5C3 /* SPiDUtils.h */ = {isa = PBXFileReference; fileEncoding = 4; lastKnownFileType = sourcecode.c.h; path = SPiDUtils.h; sourceTree = "<group>"; };
		14254E99202DD10B0056F5C3 /* NSData+Base64.m */ = {isa = PBXFileReference; fileEncoding = 4; lastKnownFileType = sourcecode.c.objc; path = "NSData+Base64.m"; sourceTree = "<group>"; };
		14254E9A202DD10B0056F5C3 /* SPiDTokenRequest.m */ = {isa = PBXFileReference; fileEncoding = 4; lastKnownFileType = sourcecode.c.objc; path = SPiDTokenRequest.m; sourceTree = "<group>"; };
		14254E9B202DD10B0056F5C3 /* NSString+Crypto.h */ = {isa = PBXFileReference; fileEncoding = 4; lastKnownFileType = sourcecode.c.h; path = "NSString+Crypto.h"; sourceTree = "<group>"; };
		14254E9C202DD10B0056F5C3 /* SPiDKeychainWrapper.m */ = {isa = PBXFileReference; fileEncoding = 4; lastKnownFileType = sourcecode.c.objc; path = SPiDKeychainWrapper.m; sourceTree = "<group>"; };
		14254E9E202DD10B0056F5C3 /* SPiDWebView.h */ = {isa = PBXFileReference; fileEncoding = 4; lastKnownFileType = sourcecode.c.h; path = SPiDWebView.h; sourceTree = "<group>"; };
		14254E9F202DD10B0056F5C3 /* SPiDWebView.m */ = {isa = PBXFileReference; fileEncoding = 4; lastKnownFileType = sourcecode.c.objc; path = SPiDWebView.m; sourceTree = "<group>"; };
		14254EA0202DD10C0056F5C3 /* SPiDRequest.m */ = {isa = PBXFileReference; fileEncoding = 4; lastKnownFileType = sourcecode.c.objc; path = SPiDRequest.m; sourceTree = "<group>"; };
		14254EA1202DD10C0056F5C3 /* NSCharacterSet+SPiD.h */ = {isa = PBXFileReference; fileEncoding = 4; lastKnownFileType = sourcecode.c.h; path = "NSCharacterSet+SPiD.h"; sourceTree = "<group>"; };
		14254EA2202DD10C0056F5C3 /* SPiDAccessToken.m */ = {isa = PBXFileReference; fileEncoding = 4; lastKnownFileType = sourcecode.c.objc; path = SPiDAccessToken.m; sourceTree = "<group>"; };
		14254EA3202DD10C0056F5C3 /* NSCharacterSet+SPiD.m */ = {isa = PBXFileReference; fileEncoding = 4; lastKnownFileType = sourcecode.c.objc; path = "NSCharacterSet+SPiD.m"; sourceTree = "<group>"; };
		14254EA4202DD10C0056F5C3 /* SPiDJwt.h */ = {isa = PBXFileReference; fileEncoding = 4; lastKnownFileType = sourcecode.c.h; path = SPiDJwt.h; sourceTree = "<group>"; };
		14254EA5202DD10C0056F5C3 /* SPiDTokenStorageUserDefaultsBackend.h */ = {isa = PBXFileReference; fileEncoding = 4; lastKnownFileType = sourcecode.c.h; path = SPiDTokenStorageUserDefaultsBackend.h; sourceTree = "<group>"; };
		14254EA6202DD10C0056F5C3 /* SPiDJwt.m */ = {isa = PBXFileReference; fileEncoding = 4; lastKnownFileType = sourcecode.c.objc; path = SPiDJwt.m; sourceTree = "<group>"; };
		14254EA7202DD10C0056F5C3 /* NSURLRequest+SPiD.m */ = {isa = PBXFileReference; fileEncoding = 4; lastKnownFileType = sourcecode.c.objc; path = "NSURLRequest+SPiD.m"; sourceTree = "<group>"; };
		14254EA8202DD10C0056F5C3 /* SPiDKeychainWrapper.h */ = {isa = PBXFileReference; fileEncoding = 4; lastKnownFileType = sourcecode.c.h; path = SPiDKeychainWrapper.h; sourceTree = "<group>"; };
		14254EA9202DD10C0056F5C3 /* SPiDAccessToken.h */ = {isa = PBXFileReference; fileEncoding = 4; lastKnownFileType = sourcecode.c.h; path = SPiDAccessToken.h; sourceTree = "<group>"; };
		14254EAA202DD10C0056F5C3 /* SPiDStatus.m */ = {isa = PBXFileReference; fileEncoding = 4; lastKnownFileType = sourcecode.c.objc; path = SPiDStatus.m; sourceTree = "<group>"; };
		14254EAB202DD10C0056F5C3 /* NSURLRequest+SPiD.h */ = {isa = PBXFileReference; fileEncoding = 4; lastKnownFileType = sourcecode.c.h; path = "NSURLRequest+SPiD.h"; sourceTree = "<group>"; };
		14254EAC202DD10C0056F5C3 /* SPiDTokenStorageKeychainBackend.h */ = {isa = PBXFileReference; fileEncoding = 4; lastKnownFileType = sourcecode.c.h; path = SPiDTokenStorageKeychainBackend.h; sourceTree = "<group>"; };
		14254EAD202DD10D0056F5C3 /* SPiDUtils.m */ = {isa = PBXFileReference; fileEncoding = 4; lastKnownFileType = sourcecode.c.objc; path = SPiDUtils.m; sourceTree = "<group>"; };
		14254EAE202DD10D0056F5C3 /* SPiDResponse.h */ = {isa = PBXFileReference; fileEncoding = 4; lastKnownFileType = sourcecode.c.h; path = SPiDResponse.h; sourceTree = "<group>"; };
		14254EAF202DD10D0056F5C3 /* SPiDStatus.h */ = {isa = PBXFileReference; fileEncoding = 4; lastKnownFileType = sourcecode.c.h; path = SPiDStatus.h; sourceTree = "<group>"; };
		14254EB0202DD10D0056F5C3 /* NSError+SPiD.m */ = {isa = PBXFileReference; fileEncoding = 4; lastKnownFileType = sourcecode.c.objc; path = "NSError+SPiD.m"; sourceTree = "<group>"; };
		14254EB1202DD10D0056F5C3 /* SPiDTokenStorageKeychainBackend.m */ = {isa = PBXFileReference; fileEncoding = 4; lastKnownFileType = sourcecode.c.objc; path = SPiDTokenStorageKeychainBackend.m; sourceTree = "<group>"; };
		14254EB2202DD10D0056F5C3 /* NSString+Crypto.m */ = {isa = PBXFileReference; fileEncoding = 4; lastKnownFileType = sourcecode.c.objc; path = "NSString+Crypto.m"; sourceTree = "<group>"; };
		14254EDB202DD14A0056F5C3 /* ValidClientToken.json */ = {isa = PBXFileReference; fileEncoding = 4; lastKnownFileType = text.json; path = ValidClientToken.json; sourceTree = "<group>"; };
		14254EDC202DD14A0056F5C3 /* SPiDTokenStorageTests.m */ = {isa = PBXFileReference; fileEncoding = 4; lastKnownFileType = sourcecode.c.objc; path = SPiDTokenStorageTests.m; sourceTree = "<group>"; };
		14254EDD202DD14A0056F5C3 /* SPiDTokenStorageUserDefaultsBackendTests.m */ = {isa = PBXFileReference; fileEncoding = 4; lastKnownFileType = sourcecode.c.objc; path = SPiDTokenStorageUserDefaultsBackendTests.m; sourceTree = "<group>"; };
		14254EDE202DD14A0056F5C3 /* NSDictionary+Test.m */ = {isa = PBXFileReference; fileEncoding = 4; lastKnownFileType = sourcecode.c.objc; path = "NSDictionary+Test.m"; sourceTree = "<group>"; };
		14254EDF202DD14A0056F5C3 /* SPiDAccessTokenTests.m */ = {isa = PBXFileReference; fileEncoding = 4; lastKnownFileType = sourcecode.c.objc; path = SPiDAccessTokenTests.m; sourceTree = "<group>"; };
		14254EE0202DD14A0056F5C3 /* ValidUserToken.json */ = {isa = PBXFileReference; fileEncoding = 4; lastKnownFileType = text.json; path = ValidUserToken.json; sourceTree = "<group>"; };
		14254EE1202DD14A0056F5C3 /* SPiDSDKTests.m */ = {isa = PBXFileReference; fileEncoding = 4; lastKnownFileType = sourcecode.c.objc; path = SPiDSDKTests.m; sourceTree = "<group>"; };
		14254EE2202DD14A0056F5C3 /* SPiDAgreementsTests.m */ = {isa = PBXFileReference; fileEncoding = 4; lastKnownFileType = sourcecode.c.objc; path = SPiDAgreementsTests.m; sourceTree = "<group>"; };
		14254EE3202DD14A0056F5C3 /* NSDictionary+Test.h */ = {isa = PBXFileReference; fileEncoding = 4; lastKnownFileType = sourcecode.c.h; path = "NSDictionary+Test.h"; sourceTree = "<group>"; };
		14254EE4202DD14A0056F5C3 /* SPiDSDKTests.h */ = {isa = PBXFileReference; fileEncoding = 4; lastKnownFileType = sourcecode.c.h; path = SPiDSDKTests.h; sourceTree = "<group>"; };
		14490FF7202DD6C4002DFE41 /* HybridDemo.app */ = {isa = PBXFileReference; explicitFileType = wrapper.application; includeInIndex = 0; path = HybridDemo.app; sourceTree = BUILT_PRODUCTS_DIR; };
		14490FF9202DD6C4002DFE41 /* AppDelegate.h */ = {isa = PBXFileReference; lastKnownFileType = sourcecode.c.h; path = AppDelegate.h; sourceTree = "<group>"; };
		14490FFA202DD6C4002DFE41 /* AppDelegate.m */ = {isa = PBXFileReference; lastKnownFileType = sourcecode.c.objc; path = AppDelegate.m; sourceTree = "<group>"; };
		14491002202DD6C4002DFE41 /* Assets.xcassets */ = {isa = PBXFileReference; lastKnownFileType = folder.assetcatalog; path = Assets.xcassets; sourceTree = "<group>"; };
		14491005202DD6C4002DFE41 /* Base */ = {isa = PBXFileReference; lastKnownFileType = file.storyboard; name = Base; path = Base.lproj/LaunchScreen.storyboard; sourceTree = "<group>"; };
		14491007202DD6C4002DFE41 /* Info.plist */ = {isa = PBXFileReference; lastKnownFileType = text.plist.xml; path = Info.plist; sourceTree = "<group>"; };
		14491008202DD6C4002DFE41 /* main.m */ = {isa = PBXFileReference; lastKnownFileType = sourcecode.c.objc; path = main.m; sourceTree = "<group>"; };
		14491023202DD795002DFE41 /* MainViewController.h */ = {isa = PBXFileReference; fileEncoding = 4; lastKnownFileType = sourcecode.c.h; path = MainViewController.h; sourceTree = "<group>"; };
		14491024202DD795002DFE41 /* LoadingAlertView.m */ = {isa = PBXFileReference; fileEncoding = 4; lastKnownFileType = sourcecode.c.objc; path = LoadingAlertView.m; sourceTree = "<group>"; };
		14491025202DD795002DFE41 /* MainViewController.m */ = {isa = PBXFileReference; fileEncoding = 4; lastKnownFileType = sourcecode.c.objc; path = MainViewController.m; sourceTree = "<group>"; };
		14491026202DD795002DFE41 /* ModalLoginView.h */ = {isa = PBXFileReference; fileEncoding = 4; lastKnownFileType = sourcecode.c.h; path = ModalLoginView.h; sourceTree = "<group>"; };
		14491027202DD795002DFE41 /* ModalLoginView.m */ = {isa = PBXFileReference; fileEncoding = 4; lastKnownFileType = sourcecode.c.objc; path = ModalLoginView.m; sourceTree = "<group>"; };
		14491028202DD795002DFE41 /* LoadingAlertView.h */ = {isa = PBXFileReference; fileEncoding = 4; lastKnownFileType = sourcecode.c.h; path = LoadingAlertView.h; sourceTree = "<group>"; };
		14491030202DD822002DFE41 /* NativeDemo.app */ = {isa = PBXFileReference; explicitFileType = wrapper.application; includeInIndex = 0; path = NativeDemo.app; sourceTree = BUILT_PRODUCTS_DIR; };
		14491032202DD822002DFE41 /* AppDelegate.h */ = {isa = PBXFileReference; lastKnownFileType = sourcecode.c.h; path = AppDelegate.h; sourceTree = "<group>"; };
		14491033202DD822002DFE41 /* AppDelegate.m */ = {isa = PBXFileReference; lastKnownFileType = sourcecode.c.objc; path = AppDelegate.m; sourceTree = "<group>"; };
		1449103B202DD822002DFE41 /* Assets.xcassets */ = {isa = PBXFileReference; lastKnownFileType = folder.assetcatalog; path = Assets.xcassets; sourceTree = "<group>"; };
		1449103E202DD822002DFE41 /* Base */ = {isa = PBXFileReference; lastKnownFileType = file.storyboard; name = Base; path = Base.lproj/LaunchScreen.storyboard; sourceTree = "<group>"; };
		14491040202DD822002DFE41 /* Info.plist */ = {isa = PBXFileReference; lastKnownFileType = text.plist.xml; path = Info.plist; sourceTree = "<group>"; };
		14491041202DD822002DFE41 /* main.m */ = {isa = PBXFileReference; lastKnownFileType = sourcecode.c.objc; path = main.m; sourceTree = "<group>"; };
		144EB0FF202DD8B200E9A5FA /* SignUpViewController.m */ = {isa = PBXFileReference; fileEncoding = 4; lastKnownFileType = sourcecode.c.objc; path = SignUpViewController.m; sourceTree = "<group>"; };
		144EB100202DD8B200E9A5FA /* LoginViewController.m */ = {isa = PBXFileReference; fileEncoding = 4; lastKnownFileType = sourcecode.c.objc; path = LoginViewController.m; sourceTree = "<group>"; };
		144EB101202DD8B200E9A5FA /* TermsViewController.m */ = {isa = PBXFileReference; fileEncoding = 4; lastKnownFileType = sourcecode.c.objc; path = TermsViewController.m; sourceTree = "<group>"; };
		144EB102202DD8B200E9A5FA /* MainViewController.m */ = {isa = PBXFileReference; fileEncoding = 4; lastKnownFileType = sourcecode.c.objc; path = MainViewController.m; sourceTree = "<group>"; };
		144EB103202DD8B200E9A5FA /* TermsViewController.h */ = {isa = PBXFileReference; fileEncoding = 4; lastKnownFileType = sourcecode.c.h; path = TermsViewController.h; sourceTree = "<group>"; };
		144EB104202DD8B200E9A5FA /* SignUpViewController.h */ = {isa = PBXFileReference; fileEncoding = 4; lastKnownFileType = sourcecode.c.h; path = SignUpViewController.h; sourceTree = "<group>"; };
		144EB105202DD8B300E9A5FA /* MainViewController.h */ = {isa = PBXFileReference; fileEncoding = 4; lastKnownFileType = sourcecode.c.h; path = MainViewController.h; sourceTree = "<group>"; };
		144EB106202DD8B300E9A5FA /* LoginViewController.h */ = {isa = PBXFileReference; fileEncoding = 4; lastKnownFileType = sourcecode.c.h; path = LoginViewController.h; sourceTree = "<group>"; };
/* End PBXFileReference section */

/* Begin PBXFrameworksBuildPhase section */
		14254E6F202DD0C60056F5C3 /* Frameworks */ = {
			isa = PBXFrameworksBuildPhase;
			buildActionMask = 2147483647;
			files = (
			);
			runOnlyForDeploymentPostprocessing = 0;
		};
		14254E7C202DD0D00056F5C3 /* Frameworks */ = {
			isa = PBXFrameworksBuildPhase;
			buildActionMask = 2147483647;
			files = (
				14254E84202DD0D00056F5C3 /* SPiDSDK.framework in Frameworks */,
			);
			runOnlyForDeploymentPostprocessing = 0;
		};
		14490FF4202DD6C4002DFE41 /* Frameworks */ = {
			isa = PBXFrameworksBuildPhase;
			buildActionMask = 2147483647;
			files = (
				1449101E202DD728002DFE41 /* SPiDSDK.framework in Frameworks */,
			);
			runOnlyForDeploymentPostprocessing = 0;
		};
		1449102D202DD822002DFE41 /* Frameworks */ = {
			isa = PBXFrameworksBuildPhase;
			buildActionMask = 2147483647;
			files = (
				144EB10B202DD8D000E9A5FA /* SPiDSDK.framework in Frameworks */,
			);
			runOnlyForDeploymentPostprocessing = 0;
		};
/* End PBXFrameworksBuildPhase section */

/* Begin PBXGroup section */
		14254E50202DD0AB0056F5C3 = {
			isa = PBXGroup;
			children = (
				14254E74202DD0C60056F5C3 /* Sources */,
				14254E80202DD0D00056F5C3 /* Tests */,
				14490FF8202DD6C4002DFE41 /* HybridDemo */,
				14491031202DD822002DFE41 /* NativeDemo */,
				14254E5A202DD0AB0056F5C3 /* Products */,
			);
			sourceTree = "<group>";
		};
		14254E5A202DD0AB0056F5C3 /* Products */ = {
			isa = PBXGroup;
			children = (
				14254E73202DD0C60056F5C3 /* SPiDSDK.framework */,
				14254E7F202DD0D00056F5C3 /* Tests.xctest */,
				14490FF7202DD6C4002DFE41 /* HybridDemo.app */,
				14491030202DD822002DFE41 /* NativeDemo.app */,
			);
			name = Products;
			sourceTree = "<group>";
		};
		14254E74202DD0C60056F5C3 /* Sources */ = {
			isa = PBXGroup;
			children = (
				14254E75202DD0C60056F5C3 /* SPiDSDK.h */,
				14254E9D202DD10B0056F5C3 /* iOS */,
				14254EA1202DD10C0056F5C3 /* NSCharacterSet+SPiD.h */,
				14254EA3202DD10C0056F5C3 /* NSCharacterSet+SPiD.m */,
				14254E8E202DD10B0056F5C3 /* NSData+Base64.h */,
				14254E99202DD10B0056F5C3 /* NSData+Base64.m */,
				14254E8C202DD10B0056F5C3 /* NSError+SPiD.h */,
				14254EB0202DD10D0056F5C3 /* NSError+SPiD.m */,
				14254E9B202DD10B0056F5C3 /* NSString+Crypto.h */,
				14254EB2202DD10D0056F5C3 /* NSString+Crypto.m */,
				14254EAB202DD10C0056F5C3 /* NSURLRequest+SPiD.h */,
				14254EA7202DD10C0056F5C3 /* NSURLRequest+SPiD.m */,
				14254EA9202DD10C0056F5C3 /* SPiDAccessToken.h */,
				14254EA2202DD10C0056F5C3 /* SPiDAccessToken.m */,
				14254E8D202DD10B0056F5C3 /* SPiDAgreements.h */,
				14254E8F202DD10B0056F5C3 /* SPiDAgreements.m */,
				14254E93202DD10B0056F5C3 /* SPiDClient.h */,
				14254E95202DD10B0056F5C3 /* SPiDClient.m */,
				14254EA4202DD10C0056F5C3 /* SPiDJwt.h */,
				14254EA6202DD10C0056F5C3 /* SPiDJwt.m */,
				14254EA8202DD10C0056F5C3 /* SPiDKeychainWrapper.h */,
				14254E9C202DD10B0056F5C3 /* SPiDKeychainWrapper.m */,
				14254E92202DD10B0056F5C3 /* SPiDRequest.h */,
				14254EA0202DD10C0056F5C3 /* SPiDRequest.m */,
				14254EAE202DD10D0056F5C3 /* SPiDResponse.h */,
				14254E96202DD10B0056F5C3 /* SPiDResponse.m */,
				14254EAF202DD10D0056F5C3 /* SPiDStatus.h */,
				14254EAA202DD10C0056F5C3 /* SPiDStatus.m */,
				14254E94202DD10B0056F5C3 /* SPiDTokenRequest.h */,
				14254E9A202DD10B0056F5C3 /* SPiDTokenRequest.m */,
				14254E8A202DD10A0056F5C3 /* SPiDTokenStorage.h */,
				14254E90202DD10B0056F5C3 /* SPiDTokenStorage.m */,
				14254EAC202DD10C0056F5C3 /* SPiDTokenStorageKeychainBackend.h */,
				14254EB1202DD10D0056F5C3 /* SPiDTokenStorageKeychainBackend.m */,
				14254EA5202DD10C0056F5C3 /* SPiDTokenStorageUserDefaultsBackend.h */,
				14254E91202DD10B0056F5C3 /* SPiDTokenStorageUserDefaultsBackend.m */,
				14254E8B202DD10B0056F5C3 /* SPiDUser.h */,
				14254E97202DD10B0056F5C3 /* SPiDUser.m */,
				14254E98202DD10B0056F5C3 /* SPiDUtils.h */,
				14254EAD202DD10D0056F5C3 /* SPiDUtils.m */,
				14254E76202DD0C60056F5C3 /* Info.plist */,
			);
			path = Sources;
			sourceTree = "<group>";
		};
		14254E80202DD0D00056F5C3 /* Tests */ = {
			isa = PBXGroup;
			children = (
				14254EE3202DD14A0056F5C3 /* NSDictionary+Test.h */,
				14254EDE202DD14A0056F5C3 /* NSDictionary+Test.m */,
				14254EDF202DD14A0056F5C3 /* SPiDAccessTokenTests.m */,
				14254EE2202DD14A0056F5C3 /* SPiDAgreementsTests.m */,
				14254EE4202DD14A0056F5C3 /* SPiDSDKTests.h */,
				14254EE1202DD14A0056F5C3 /* SPiDSDKTests.m */,
				14254EDC202DD14A0056F5C3 /* SPiDTokenStorageTests.m */,
				14254EDD202DD14A0056F5C3 /* SPiDTokenStorageUserDefaultsBackendTests.m */,
				14254EDB202DD14A0056F5C3 /* ValidClientToken.json */,
				14254EE0202DD14A0056F5C3 /* ValidUserToken.json */,
				14254E83202DD0D00056F5C3 /* Info.plist */,
			);
			path = Tests;
			sourceTree = "<group>";
		};
		14254E9D202DD10B0056F5C3 /* iOS */ = {
			isa = PBXGroup;
			children = (
				14254E9E202DD10B0056F5C3 /* SPiDWebView.h */,
				14254E9F202DD10B0056F5C3 /* SPiDWebView.m */,
			);
			path = iOS;
			sourceTree = "<group>";
		};
		14490FF8202DD6C4002DFE41 /* HybridDemo */ = {
			isa = PBXGroup;
			children = (
				14490FF9202DD6C4002DFE41 /* AppDelegate.h */,
				14490FFA202DD6C4002DFE41 /* AppDelegate.m */,
				14491028202DD795002DFE41 /* LoadingAlertView.h */,
				14491024202DD795002DFE41 /* LoadingAlertView.m */,
				14491023202DD795002DFE41 /* MainViewController.h */,
				14491025202DD795002DFE41 /* MainViewController.m */,
				14491026202DD795002DFE41 /* ModalLoginView.h */,
				14491027202DD795002DFE41 /* ModalLoginView.m */,
				14491002202DD6C4002DFE41 /* Assets.xcassets */,
				14491004202DD6C4002DFE41 /* LaunchScreen.storyboard */,
				14491007202DD6C4002DFE41 /* Info.plist */,
				14491008202DD6C4002DFE41 /* main.m */,
			);
			path = HybridDemo;
			sourceTree = "<group>";
		};
		14491031202DD822002DFE41 /* NativeDemo */ = {
			isa = PBXGroup;
			children = (
				14491032202DD822002DFE41 /* AppDelegate.h */,
				14491033202DD822002DFE41 /* AppDelegate.m */,
				144EB106202DD8B300E9A5FA /* LoginViewController.h */,
				144EB100202DD8B200E9A5FA /* LoginViewController.m */,
				144EB105202DD8B300E9A5FA /* MainViewController.h */,
				144EB102202DD8B200E9A5FA /* MainViewController.m */,
				144EB104202DD8B200E9A5FA /* SignUpViewController.h */,
				144EB0FF202DD8B200E9A5FA /* SignUpViewController.m */,
				144EB103202DD8B200E9A5FA /* TermsViewController.h */,
				144EB101202DD8B200E9A5FA /* TermsViewController.m */,
				1449103B202DD822002DFE41 /* Assets.xcassets */,
				1449103D202DD822002DFE41 /* LaunchScreen.storyboard */,
				14491040202DD822002DFE41 /* Info.plist */,
				14491041202DD822002DFE41 /* main.m */,
			);
			path = NativeDemo;
			sourceTree = "<group>";
		};
/* End PBXGroup section */

/* Begin PBXHeadersBuildPhase section */
		14254E70202DD0C60056F5C3 /* Headers */ = {
			isa = PBXHeadersBuildPhase;
			buildActionMask = 2147483647;
			files = (
				14254EC1202DD10D0056F5C3 /* SPiDUtils.h in Headers */,
				14254ED7202DD10D0056F5C3 /* SPiDStatus.h in Headers */,
				14254EBC202DD10D0056F5C3 /* SPiDClient.h in Headers */,
				14254EBD202DD10D0056F5C3 /* SPiDTokenRequest.h in Headers */,
				14254EBB202DD10D0056F5C3 /* SPiDRequest.h in Headers */,
				14254EB4202DD10D0056F5C3 /* SPiDUser.h in Headers */,
				14254ED0202DD10D0056F5C3 /* SPiDKeychainWrapper.h in Headers */,
				14254EC6202DD10D0056F5C3 /* SPiDWebView.h in Headers */,
				14254EB5202DD10D0056F5C3 /* NSError+SPiD.h in Headers */,
				14254ED6202DD10D0056F5C3 /* SPiDResponse.h in Headers */,
				14254ECC202DD10D0056F5C3 /* SPiDJwt.h in Headers */,
				14254E77202DD0C60056F5C3 /* SPiDSDK.h in Headers */,
				14254ED1202DD10D0056F5C3 /* SPiDAccessToken.h in Headers */,
				14254EB6202DD10D0056F5C3 /* SPiDAgreements.h in Headers */,
				14254ECD202DD10D0056F5C3 /* SPiDTokenStorageUserDefaultsBackend.h in Headers */,
				14254ED4202DD10D0056F5C3 /* SPiDTokenStorageKeychainBackend.h in Headers */,
				14254ED3202DD10D0056F5C3 /* NSURLRequest+SPiD.h in Headers */,
				14254EC4202DD10D0056F5C3 /* NSString+Crypto.h in Headers */,
				14254EC9202DD10D0056F5C3 /* NSCharacterSet+SPiD.h in Headers */,
				14254EB3202DD10D0056F5C3 /* SPiDTokenStorage.h in Headers */,
				14254EB7202DD10D0056F5C3 /* NSData+Base64.h in Headers */,
			);
			runOnlyForDeploymentPostprocessing = 0;
		};
/* End PBXHeadersBuildPhase section */

/* Begin PBXNativeTarget section */
		14254E72202DD0C60056F5C3 /* SPiDSDK */ = {
			isa = PBXNativeTarget;
			buildConfigurationList = 14254E78202DD0C60056F5C3 /* Build configuration list for PBXNativeTarget "SPiDSDK" */;
			buildPhases = (
				14254E6E202DD0C60056F5C3 /* Sources */,
				14254E6F202DD0C60056F5C3 /* Frameworks */,
				14254E70202DD0C60056F5C3 /* Headers */,
				14254E71202DD0C60056F5C3 /* Resources */,
			);
			buildRules = (
			);
			dependencies = (
			);
			name = SPiDSDK;
			productName = SPiDSDK;
			productReference = 14254E73202DD0C60056F5C3 /* SPiDSDK.framework */;
			productType = "com.apple.product-type.framework";
		};
		14254E7E202DD0D00056F5C3 /* Tests */ = {
			isa = PBXNativeTarget;
			buildConfigurationList = 14254E87202DD0D00056F5C3 /* Build configuration list for PBXNativeTarget "Tests" */;
			buildPhases = (
				14254E7B202DD0D00056F5C3 /* Sources */,
				14254E7C202DD0D00056F5C3 /* Frameworks */,
				14254E7D202DD0D00056F5C3 /* Resources */,
			);
			buildRules = (
			);
			dependencies = (
				14254E86202DD0D00056F5C3 /* PBXTargetDependency */,
			);
			name = Tests;
			productName = Tests;
			productReference = 14254E7F202DD0D00056F5C3 /* Tests.xctest */;
			productType = "com.apple.product-type.bundle.unit-test";
		};
		14490FF6202DD6C4002DFE41 /* HybridDemo */ = {
			isa = PBXNativeTarget;
			buildConfigurationList = 1449100A202DD6C4002DFE41 /* Build configuration list for PBXNativeTarget "HybridDemo" */;
			buildPhases = (
				14490FF3202DD6C4002DFE41 /* Sources */,
				14490FF4202DD6C4002DFE41 /* Frameworks */,
				14490FF5202DD6C4002DFE41 /* Resources */,
				14491022202DD728002DFE41 /* Embed Frameworks */,
			);
			buildRules = (
			);
			dependencies = (
				14491021202DD728002DFE41 /* PBXTargetDependency */,
			);
			name = HybridDemo;
			productName = HybridDemo;
			productReference = 14490FF7202DD6C4002DFE41 /* HybridDemo.app */;
			productType = "com.apple.product-type.application";
		};
		1449102F202DD822002DFE41 /* NativeDemo */ = {
			isa = PBXNativeTarget;
			buildConfigurationList = 14491043202DD822002DFE41 /* Build configuration list for PBXNativeTarget "NativeDemo" */;
			buildPhases = (
				1449102C202DD822002DFE41 /* Sources */,
				1449102D202DD822002DFE41 /* Frameworks */,
				1449102E202DD822002DFE41 /* Resources */,
				144EB10F202DD8D000E9A5FA /* Embed Frameworks */,
			);
			buildRules = (
			);
			dependencies = (
				144EB10E202DD8D000E9A5FA /* PBXTargetDependency */,
			);
			name = NativeDemo;
			productName = NativeDemo;
			productReference = 14491030202DD822002DFE41 /* NativeDemo.app */;
			productType = "com.apple.product-type.application";
		};
/* End PBXNativeTarget section */

/* Begin PBXProject section */
		14254E51202DD0AB0056F5C3 /* Project object */ = {
			isa = PBXProject;
			attributes = {
				LastSwiftUpdateCheck = 0920;
				LastUpgradeCheck = 0920;
				ORGANIZATIONNAME = Schibsted;
				TargetAttributes = {
					14254E72202DD0C60056F5C3 = {
						CreatedOnToolsVersion = 9.2;
						ProvisioningStyle = Manual;
					};
					14254E7E202DD0D00056F5C3 = {
						CreatedOnToolsVersion = 9.2;
						LastSwiftMigration = 0920;
						ProvisioningStyle = Manual;
					};
					14490FF6202DD6C4002DFE41 = {
						CreatedOnToolsVersion = 9.2;
						ProvisioningStyle = Manual;
					};
					1449102F202DD822002DFE41 = {
						CreatedOnToolsVersion = 9.2;
						ProvisioningStyle = Manual;
					};
				};
			};
			buildConfigurationList = 14254E54202DD0AB0056F5C3 /* Build configuration list for PBXProject "SPiDSDK" */;
			compatibilityVersion = "Xcode 8.0";
			developmentRegion = en;
			hasScannedForEncodings = 0;
			knownRegions = (
				en,
				Base,
			);
			mainGroup = 14254E50202DD0AB0056F5C3;
			productRefGroup = 14254E5A202DD0AB0056F5C3 /* Products */;
			projectDirPath = "";
			projectRoot = "";
			targets = (
				14254E72202DD0C60056F5C3 /* SPiDSDK */,
				14254E7E202DD0D00056F5C3 /* Tests */,
				14490FF6202DD6C4002DFE41 /* HybridDemo */,
				1449102F202DD822002DFE41 /* NativeDemo */,
			);
		};
/* End PBXProject section */

/* Begin PBXResourcesBuildPhase section */
		14254E71202DD0C60056F5C3 /* Resources */ = {
			isa = PBXResourcesBuildPhase;
			buildActionMask = 2147483647;
			files = (
			);
			runOnlyForDeploymentPostprocessing = 0;
		};
		14254E7D202DD0D00056F5C3 /* Resources */ = {
			isa = PBXResourcesBuildPhase;
			buildActionMask = 2147483647;
			files = (
				14254EE5202DD14A0056F5C3 /* ValidClientToken.json in Resources */,
				14254EEA202DD14A0056F5C3 /* ValidUserToken.json in Resources */,
			);
			runOnlyForDeploymentPostprocessing = 0;
		};
		14490FF5202DD6C4002DFE41 /* Resources */ = {
			isa = PBXResourcesBuildPhase;
			buildActionMask = 2147483647;
			files = (
				14491006202DD6C4002DFE41 /* LaunchScreen.storyboard in Resources */,
				14491003202DD6C4002DFE41 /* Assets.xcassets in Resources */,
			);
			runOnlyForDeploymentPostprocessing = 0;
		};
		1449102E202DD822002DFE41 /* Resources */ = {
			isa = PBXResourcesBuildPhase;
			buildActionMask = 2147483647;
			files = (
				1449103F202DD822002DFE41 /* LaunchScreen.storyboard in Resources */,
				1449103C202DD822002DFE41 /* Assets.xcassets in Resources */,
			);
			runOnlyForDeploymentPostprocessing = 0;
		};
/* End PBXResourcesBuildPhase section */

/* Begin PBXSourcesBuildPhase section */
		14254E6E202DD0C60056F5C3 /* Sources */ = {
			isa = PBXSourcesBuildPhase;
			buildActionMask = 2147483647;
			files = (
				14254EDA202DD10D0056F5C3 /* NSString+Crypto.m in Sources */,
				14254ECF202DD10D0056F5C3 /* NSURLRequest+SPiD.m in Sources */,
				14254ED5202DD10D0056F5C3 /* SPiDUtils.m in Sources */,
				14254ED9202DD10D0056F5C3 /* SPiDTokenStorageKeychainBackend.m in Sources */,
				14254EBF202DD10D0056F5C3 /* SPiDResponse.m in Sources */,
				14254ED8202DD10D0056F5C3 /* NSError+SPiD.m in Sources */,
				14254ECE202DD10D0056F5C3 /* SPiDJwt.m in Sources */,
				14254EB8202DD10D0056F5C3 /* SPiDAgreements.m in Sources */,
				14254EC5202DD10D0056F5C3 /* SPiDKeychainWrapper.m in Sources */,
				14254EC7202DD10D0056F5C3 /* SPiDWebView.m in Sources */,
				14254EC0202DD10D0056F5C3 /* SPiDUser.m in Sources */,
				14254EC2202DD10D0056F5C3 /* NSData+Base64.m in Sources */,
				14254ECB202DD10D0056F5C3 /* NSCharacterSet+SPiD.m in Sources */,
				14254EC8202DD10D0056F5C3 /* SPiDRequest.m in Sources */,
				14254ECA202DD10D0056F5C3 /* SPiDAccessToken.m in Sources */,
				14254ED2202DD10D0056F5C3 /* SPiDStatus.m in Sources */,
				14254EBA202DD10D0056F5C3 /* SPiDTokenStorageUserDefaultsBackend.m in Sources */,
				14254EBE202DD10D0056F5C3 /* SPiDClient.m in Sources */,
				14254EB9202DD10D0056F5C3 /* SPiDTokenStorage.m in Sources */,
				14254EC3202DD10D0056F5C3 /* SPiDTokenRequest.m in Sources */,
			);
			runOnlyForDeploymentPostprocessing = 0;
		};
		14254E7B202DD0D00056F5C3 /* Sources */ = {
			isa = PBXSourcesBuildPhase;
			buildActionMask = 2147483647;
			files = (
				14254EE8202DD14A0056F5C3 /* NSDictionary+Test.m in Sources */,
				14254EE7202DD14A0056F5C3 /* SPiDTokenStorageUserDefaultsBackendTests.m in Sources */,
				14254EEC202DD14A0056F5C3 /* SPiDAgreementsTests.m in Sources */,
				14254EE6202DD14A0056F5C3 /* SPiDTokenStorageTests.m in Sources */,
				14254EEB202DD14A0056F5C3 /* SPiDSDKTests.m in Sources */,
				14254EE9202DD14A0056F5C3 /* SPiDAccessTokenTests.m in Sources */,
			);
			runOnlyForDeploymentPostprocessing = 0;
		};
		14490FF3202DD6C4002DFE41 /* Sources */ = {
			isa = PBXSourcesBuildPhase;
			buildActionMask = 2147483647;
			files = (
				14491029202DD795002DFE41 /* LoadingAlertView.m in Sources */,
				14491009202DD6C4002DFE41 /* main.m in Sources */,
				14490FFB202DD6C4002DFE41 /* AppDelegate.m in Sources */,
				1449102B202DD795002DFE41 /* ModalLoginView.m in Sources */,
				1449102A202DD795002DFE41 /* MainViewController.m in Sources */,
			);
			runOnlyForDeploymentPostprocessing = 0;
		};
		1449102C202DD822002DFE41 /* Sources */ = {
			isa = PBXSourcesBuildPhase;
			buildActionMask = 2147483647;
			files = (
				144EB109202DD8B300E9A5FA /* TermsViewController.m in Sources */,
				144EB10A202DD8B300E9A5FA /* MainViewController.m in Sources */,
				144EB108202DD8B300E9A5FA /* LoginViewController.m in Sources */,
				14491042202DD822002DFE41 /* main.m in Sources */,
				14491034202DD822002DFE41 /* AppDelegate.m in Sources */,
				144EB107202DD8B300E9A5FA /* SignUpViewController.m in Sources */,
			);
			runOnlyForDeploymentPostprocessing = 0;
		};
/* End PBXSourcesBuildPhase section */

/* Begin PBXTargetDependency section */
		14254E86202DD0D00056F5C3 /* PBXTargetDependency */ = {
			isa = PBXTargetDependency;
			target = 14254E72202DD0C60056F5C3 /* SPiDSDK */;
			targetProxy = 14254E85202DD0D00056F5C3 /* PBXContainerItemProxy */;
		};
		14491021202DD728002DFE41 /* PBXTargetDependency */ = {
			isa = PBXTargetDependency;
			target = 14254E72202DD0C60056F5C3 /* SPiDSDK */;
			targetProxy = 14491020202DD728002DFE41 /* PBXContainerItemProxy */;
		};
		144EB10E202DD8D000E9A5FA /* PBXTargetDependency */ = {
			isa = PBXTargetDependency;
			target = 14254E72202DD0C60056F5C3 /* SPiDSDK */;
			targetProxy = 144EB10D202DD8D000E9A5FA /* PBXContainerItemProxy */;
		};
/* End PBXTargetDependency section */

/* Begin PBXVariantGroup section */
		14491004202DD6C4002DFE41 /* LaunchScreen.storyboard */ = {
			isa = PBXVariantGroup;
			children = (
				14491005202DD6C4002DFE41 /* Base */,
			);
			name = LaunchScreen.storyboard;
			sourceTree = "<group>";
		};
		1449103D202DD822002DFE41 /* LaunchScreen.storyboard */ = {
			isa = PBXVariantGroup;
			children = (
				1449103E202DD822002DFE41 /* Base */,
			);
			name = LaunchScreen.storyboard;
			sourceTree = "<group>";
		};
/* End PBXVariantGroup section */

/* Begin XCBuildConfiguration section */
		14254E69202DD0AB0056F5C3 /* Debug */ = {
			isa = XCBuildConfiguration;
			buildSettings = {
				ALWAYS_SEARCH_USER_PATHS = NO;
				CLANG_ANALYZER_NONNULL = YES;
				CLANG_ANALYZER_NUMBER_OBJECT_CONVERSION = YES_AGGRESSIVE;
				CLANG_CXX_LANGUAGE_STANDARD = "gnu++14";
				CLANG_CXX_LIBRARY = "libc++";
				CLANG_ENABLE_MODULES = YES;
				CLANG_ENABLE_OBJC_ARC = YES;
				CLANG_WARN_BLOCK_CAPTURE_AUTORELEASING = YES;
				CLANG_WARN_BOOL_CONVERSION = YES;
				CLANG_WARN_COMMA = YES;
				CLANG_WARN_CONSTANT_CONVERSION = YES;
				CLANG_WARN_DIRECT_OBJC_ISA_USAGE = YES_ERROR;
				CLANG_WARN_DOCUMENTATION_COMMENTS = YES;
				CLANG_WARN_EMPTY_BODY = YES;
				CLANG_WARN_ENUM_CONVERSION = YES;
				CLANG_WARN_INFINITE_RECURSION = YES;
				CLANG_WARN_INT_CONVERSION = YES;
				CLANG_WARN_NON_LITERAL_NULL_CONVERSION = YES;
				CLANG_WARN_OBJC_LITERAL_CONVERSION = YES;
				CLANG_WARN_OBJC_ROOT_CLASS = YES_ERROR;
				CLANG_WARN_RANGE_LOOP_ANALYSIS = YES;
				CLANG_WARN_STRICT_PROTOTYPES = YES;
				CLANG_WARN_SUSPICIOUS_MOVE = YES;
				CLANG_WARN_UNGUARDED_AVAILABILITY = YES_AGGRESSIVE;
				CLANG_WARN_UNREACHABLE_CODE = YES;
				CLANG_WARN__DUPLICATE_METHOD_MATCH = YES;
				CODE_SIGN_IDENTITY = "iPhone Developer";
				COPY_PHASE_STRIP = NO;
				DEBUG_INFORMATION_FORMAT = dwarf;
				ENABLE_STRICT_OBJC_MSGSEND = YES;
				ENABLE_TESTABILITY = YES;
				GCC_C_LANGUAGE_STANDARD = gnu11;
				GCC_DYNAMIC_NO_PIC = NO;
				GCC_NO_COMMON_BLOCKS = YES;
				GCC_OPTIMIZATION_LEVEL = 0;
				GCC_PREPROCESSOR_DEFINITIONS = (
					"DEBUG=1",
					"$(inherited)",
				);
				GCC_WARN_64_TO_32_BIT_CONVERSION = YES;
				GCC_WARN_ABOUT_RETURN_TYPE = YES_ERROR;
				GCC_WARN_UNDECLARED_SELECTOR = YES;
				GCC_WARN_UNINITIALIZED_AUTOS = YES_AGGRESSIVE;
				GCC_WARN_UNUSED_FUNCTION = YES;
				GCC_WARN_UNUSED_VARIABLE = YES;
				IPHONEOS_DEPLOYMENT_TARGET = 11.2;
				MTL_ENABLE_DEBUG_INFO = YES;
				ONLY_ACTIVE_ARCH = YES;
				SDKROOT = iphoneos;
				SWIFT_ACTIVE_COMPILATION_CONDITIONS = DEBUG;
				SWIFT_OPTIMIZATION_LEVEL = "-Onone";
			};
			name = Debug;
		};
		14254E6A202DD0AB0056F5C3 /* Release */ = {
			isa = XCBuildConfiguration;
			buildSettings = {
				ALWAYS_SEARCH_USER_PATHS = NO;
				CLANG_ANALYZER_NONNULL = YES;
				CLANG_ANALYZER_NUMBER_OBJECT_CONVERSION = YES_AGGRESSIVE;
				CLANG_CXX_LANGUAGE_STANDARD = "gnu++14";
				CLANG_CXX_LIBRARY = "libc++";
				CLANG_ENABLE_MODULES = YES;
				CLANG_ENABLE_OBJC_ARC = YES;
				CLANG_WARN_BLOCK_CAPTURE_AUTORELEASING = YES;
				CLANG_WARN_BOOL_CONVERSION = YES;
				CLANG_WARN_COMMA = YES;
				CLANG_WARN_CONSTANT_CONVERSION = YES;
				CLANG_WARN_DIRECT_OBJC_ISA_USAGE = YES_ERROR;
				CLANG_WARN_DOCUMENTATION_COMMENTS = YES;
				CLANG_WARN_EMPTY_BODY = YES;
				CLANG_WARN_ENUM_CONVERSION = YES;
				CLANG_WARN_INFINITE_RECURSION = YES;
				CLANG_WARN_INT_CONVERSION = YES;
				CLANG_WARN_NON_LITERAL_NULL_CONVERSION = YES;
				CLANG_WARN_OBJC_LITERAL_CONVERSION = YES;
				CLANG_WARN_OBJC_ROOT_CLASS = YES_ERROR;
				CLANG_WARN_RANGE_LOOP_ANALYSIS = YES;
				CLANG_WARN_STRICT_PROTOTYPES = YES;
				CLANG_WARN_SUSPICIOUS_MOVE = YES;
				CLANG_WARN_UNGUARDED_AVAILABILITY = YES_AGGRESSIVE;
				CLANG_WARN_UNREACHABLE_CODE = YES;
				CLANG_WARN__DUPLICATE_METHOD_MATCH = YES;
				CODE_SIGN_IDENTITY = "iPhone Developer";
				COPY_PHASE_STRIP = NO;
				DEBUG_INFORMATION_FORMAT = "dwarf-with-dsym";
				ENABLE_NS_ASSERTIONS = NO;
				ENABLE_STRICT_OBJC_MSGSEND = YES;
				GCC_C_LANGUAGE_STANDARD = gnu11;
				GCC_NO_COMMON_BLOCKS = YES;
				GCC_WARN_64_TO_32_BIT_CONVERSION = YES;
				GCC_WARN_ABOUT_RETURN_TYPE = YES_ERROR;
				GCC_WARN_UNDECLARED_SELECTOR = YES;
				GCC_WARN_UNINITIALIZED_AUTOS = YES_AGGRESSIVE;
				GCC_WARN_UNUSED_FUNCTION = YES;
				GCC_WARN_UNUSED_VARIABLE = YES;
				IPHONEOS_DEPLOYMENT_TARGET = 11.2;
				MTL_ENABLE_DEBUG_INFO = NO;
				SDKROOT = iphoneos;
				SWIFT_OPTIMIZATION_LEVEL = "-Owholemodule";
				VALIDATE_PRODUCT = YES;
			};
			name = Release;
		};
		14254E79202DD0C60056F5C3 /* Debug */ = {
			isa = XCBuildConfiguration;
			buildSettings = {
				CODE_SIGN_IDENTITY = "";
				CODE_SIGN_STYLE = Manual;
				CURRENT_PROJECT_VERSION = 1;
				DEFINES_MODULE = YES;
				DEVELOPMENT_TEAM = "";
				DYLIB_COMPATIBILITY_VERSION = 1;
				DYLIB_CURRENT_VERSION = 1;
				DYLIB_INSTALL_NAME_BASE = "@rpath";
				INFOPLIST_FILE = "$(SRCROOT)/Sources/Info.plist";
				INSTALL_PATH = "$(LOCAL_LIBRARY_DIR)/Frameworks";
				IPHONEOS_DEPLOYMENT_TARGET = 8.0;
				LD_RUNPATH_SEARCH_PATHS = "$(inherited) @executable_path/Frameworks @loader_path/Frameworks";
				PRODUCT_BUNDLE_IDENTIFIER = com.schibsted.SPiDSDK;
				PRODUCT_NAME = "$(TARGET_NAME:c99extidentifier)";
				PROVISIONING_PROFILE_SPECIFIER = "";
				SKIP_INSTALL = YES;
				SWIFT_VERSION = 4.0;
				TARGETED_DEVICE_FAMILY = "1,2";
				VERSIONING_SYSTEM = "apple-generic";
				VERSION_INFO_PREFIX = "";
			};
			name = Debug;
		};
		14254E7A202DD0C60056F5C3 /* Release */ = {
			isa = XCBuildConfiguration;
			buildSettings = {
				CODE_SIGN_IDENTITY = "";
				CODE_SIGN_STYLE = Manual;
				CURRENT_PROJECT_VERSION = 1;
				DEFINES_MODULE = YES;
				DEVELOPMENT_TEAM = "";
				DYLIB_COMPATIBILITY_VERSION = 1;
				DYLIB_CURRENT_VERSION = 1;
				DYLIB_INSTALL_NAME_BASE = "@rpath";
				INFOPLIST_FILE = "$(SRCROOT)/Sources/Info.plist";
				INSTALL_PATH = "$(LOCAL_LIBRARY_DIR)/Frameworks";
				IPHONEOS_DEPLOYMENT_TARGET = 8.0;
				LD_RUNPATH_SEARCH_PATHS = "$(inherited) @executable_path/Frameworks @loader_path/Frameworks";
				PRODUCT_BUNDLE_IDENTIFIER = com.schibsted.SPiDSDK;
				PRODUCT_NAME = "$(TARGET_NAME:c99extidentifier)";
				PROVISIONING_PROFILE_SPECIFIER = "";
				SKIP_INSTALL = YES;
				SWIFT_VERSION = 4.0;
				TARGETED_DEVICE_FAMILY = "1,2";
				VERSIONING_SYSTEM = "apple-generic";
				VERSION_INFO_PREFIX = "";
			};
			name = Release;
		};
		14254E88202DD0D00056F5C3 /* Debug */ = {
			isa = XCBuildConfiguration;
			buildSettings = {
				CLANG_ENABLE_MODULES = YES;
				CODE_SIGN_STYLE = Manual;
				DEVELOPMENT_TEAM = "";
				INFOPLIST_FILE = Tests/Info.plist;
				LD_RUNPATH_SEARCH_PATHS = "$(inherited) @executable_path/Frameworks @loader_path/Frameworks";
				PRODUCT_BUNDLE_IDENTIFIER = com.schibsted.Tests;
				PRODUCT_NAME = "$(TARGET_NAME)";
				PROVISIONING_PROFILE_SPECIFIER = "";
				SWIFT_OPTIMIZATION_LEVEL = "-Onone";
				SWIFT_VERSION = 4.0;
				TARGETED_DEVICE_FAMILY = "1,2";
			};
			name = Debug;
		};
		14254E89202DD0D00056F5C3 /* Release */ = {
			isa = XCBuildConfiguration;
			buildSettings = {
				CLANG_ENABLE_MODULES = YES;
				CODE_SIGN_STYLE = Manual;
				DEVELOPMENT_TEAM = "";
				INFOPLIST_FILE = Tests/Info.plist;
				LD_RUNPATH_SEARCH_PATHS = "$(inherited) @executable_path/Frameworks @loader_path/Frameworks";
				PRODUCT_BUNDLE_IDENTIFIER = com.schibsted.Tests;
				PRODUCT_NAME = "$(TARGET_NAME)";
				PROVISIONING_PROFILE_SPECIFIER = "";
				SWIFT_VERSION = 4.0;
				TARGETED_DEVICE_FAMILY = "1,2";
			};
			name = Release;
		};
		1449100B202DD6C4002DFE41 /* Debug */ = {
			isa = XCBuildConfiguration;
			buildSettings = {
				ASSETCATALOG_COMPILER_APPICON_NAME = AppIcon;
				CODE_SIGN_STYLE = Manual;
				DEVELOPMENT_TEAM = "";
				INFOPLIST_FILE = HybridDemo/Info.plist;
				IPHONEOS_DEPLOYMENT_TARGET = 8.0;
				LD_RUNPATH_SEARCH_PATHS = "$(inherited) @executable_path/Frameworks";
				PRODUCT_BUNDLE_IDENTIFIER = com.schibsted.HybridDemo;
				PRODUCT_NAME = "$(TARGET_NAME)";
				PROVISIONING_PROFILE_SPECIFIER = "";
				TARGETED_DEVICE_FAMILY = "1,2";
			};
			name = Debug;
		};
		1449100C202DD6C4002DFE41 /* Release */ = {
			isa = XCBuildConfiguration;
			buildSettings = {
				ASSETCATALOG_COMPILER_APPICON_NAME = AppIcon;
				CODE_SIGN_STYLE = Manual;
				DEVELOPMENT_TEAM = "";
				INFOPLIST_FILE = HybridDemo/Info.plist;
				IPHONEOS_DEPLOYMENT_TARGET = 8.0;
				LD_RUNPATH_SEARCH_PATHS = "$(inherited) @executable_path/Frameworks";
				PRODUCT_BUNDLE_IDENTIFIER = com.schibsted.HybridDemo;
				PRODUCT_NAME = "$(TARGET_NAME)";
				PROVISIONING_PROFILE_SPECIFIER = "";
				TARGETED_DEVICE_FAMILY = "1,2";
			};
			name = Release;
		};
		14491044202DD822002DFE41 /* Debug */ = {
			isa = XCBuildConfiguration;
			buildSettings = {
				ASSETCATALOG_COMPILER_APPICON_NAME = AppIcon;
				CODE_SIGN_STYLE = Manual;
				DEVELOPMENT_TEAM = "";
				INFOPLIST_FILE = NativeDemo/Info.plist;
				IPHONEOS_DEPLOYMENT_TARGET = 8.0;
				LD_RUNPATH_SEARCH_PATHS = "$(inherited) @executable_path/Frameworks";
				PRODUCT_BUNDLE_IDENTIFIER = com.schibsted.NativeDemo;
				PRODUCT_NAME = "$(TARGET_NAME)";
				PROVISIONING_PROFILE_SPECIFIER = "";
				TARGETED_DEVICE_FAMILY = "1,2";
			};
			name = Debug;
		};
		14491045202DD822002DFE41 /* Release */ = {
			isa = XCBuildConfiguration;
			buildSettings = {
				ASSETCATALOG_COMPILER_APPICON_NAME = AppIcon;
				CODE_SIGN_STYLE = Manual;
				DEVELOPMENT_TEAM = "";
				INFOPLIST_FILE = NativeDemo/Info.plist;
				IPHONEOS_DEPLOYMENT_TARGET = 8.0;
				LD_RUNPATH_SEARCH_PATHS = "$(inherited) @executable_path/Frameworks";
				PRODUCT_BUNDLE_IDENTIFIER = com.schibsted.NativeDemo;
				PRODUCT_NAME = "$(TARGET_NAME)";
				PROVISIONING_PROFILE_SPECIFIER = "";
				TARGETED_DEVICE_FAMILY = "1,2";
			};
			name = Release;
		};
/* End XCBuildConfiguration section */

/* Begin XCConfigurationList section */
		14254E54202DD0AB0056F5C3 /* Build configuration list for PBXProject "SPiDSDK" */ = {
			isa = XCConfigurationList;
			buildConfigurations = (
				14254E69202DD0AB0056F5C3 /* Debug */,
				14254E6A202DD0AB0056F5C3 /* Release */,
			);
			defaultConfigurationIsVisible = 0;
			defaultConfigurationName = Release;
		};
		14254E78202DD0C60056F5C3 /* Build configuration list for PBXNativeTarget "SPiDSDK" */ = {
			isa = XCConfigurationList;
			buildConfigurations = (
				14254E79202DD0C60056F5C3 /* Debug */,
				14254E7A202DD0C60056F5C3 /* Release */,
			);
			defaultConfigurationIsVisible = 0;
			defaultConfigurationName = Release;
		};
		14254E87202DD0D00056F5C3 /* Build configuration list for PBXNativeTarget "Tests" */ = {
			isa = XCConfigurationList;
			buildConfigurations = (
				14254E88202DD0D00056F5C3 /* Debug */,
				14254E89202DD0D00056F5C3 /* Release */,
			);
			defaultConfigurationIsVisible = 0;
			defaultConfigurationName = Release;
		};
		1449100A202DD6C4002DFE41 /* Build configuration list for PBXNativeTarget "HybridDemo" */ = {
			isa = XCConfigurationList;
			buildConfigurations = (
				1449100B202DD6C4002DFE41 /* Debug */,
				1449100C202DD6C4002DFE41 /* Release */,
			);
			defaultConfigurationIsVisible = 0;
			defaultConfigurationName = Release;
		};
		14491043202DD822002DFE41 /* Build configuration list for PBXNativeTarget "NativeDemo" */ = {
			isa = XCConfigurationList;
			buildConfigurations = (
				14491044202DD822002DFE41 /* Debug */,
				14491045202DD822002DFE41 /* Release */,
			);
			defaultConfigurationIsVisible = 0;
			defaultConfigurationName = Release;
		};
/* End XCConfigurationList section */
	};
	rootObject = 14254E51202DD0AB0056F5C3 /* Project object */;
}
